// !$*UTF8*$!
{
	archiveVersion = 1;
	classes = {
	};
	objectVersion = 46;
	objects = {

/* Begin PBXBuildFile section */
		040CF9D0183E40F20094C0D8 /* findQRcodes.mm in Sources */ = {isa = PBXBuildFile; fileRef = 04B58F11183A3CF000360A61 /* findQRcodes.mm */; };
		044F3D7D183A46390008CBA3 /* AVFoundation.framework in Frameworks */ = {isa = PBXBuildFile; fileRef = 044F3D7C183A46390008CBA3 /* AVFoundation.framework */; };
		044F3D7F183A46540008CBA3 /* CoreMedia.framework in Frameworks */ = {isa = PBXBuildFile; fileRef = 044F3D7E183A46540008CBA3 /* CoreMedia.framework */; };
		044F3D81183A467F0008CBA3 /* libpython2.7.dylib in Frameworks */ = {isa = PBXBuildFile; fileRef = 044F3D80183A467F0008CBA3 /* libpython2.7.dylib */; };
		044F3D83183A469D0008CBA3 /* IOKit.framework in Frameworks */ = {isa = PBXBuildFile; fileRef = 044F3D82183A469D0008CBA3 /* IOKit.framework */; };
		044F3D85183A47170008CBA3 /* QuartzCore.framework in Frameworks */ = {isa = PBXBuildFile; fileRef = 044F3D84183A47170008CBA3 /* QuartzCore.framework */; };
		045397CE183AB23B00697348 /* NewMeasurement.xib in Resources */ = {isa = PBXBuildFile; fileRef = 045397CD183AB23B00697348 /* NewMeasurement.xib */; };
		045397D1183AC3D300697348 /* RunTypeView.m in Sources */ = {isa = PBXBuildFile; fileRef = 045397D0183AC3D300697348 /* RunTypeView.m */; };
		045397D4183AC3F300697348 /* VideoSelectionView.m in Sources */ = {isa = PBXBuildFile; fileRef = 045397D3183AC3F300697348 /* VideoSelectionView.m */; };
		045397D7183AC40C00697348 /* RunStatusView.m in Sources */ = {isa = PBXBuildFile; fileRef = 045397D6183AC40B00697348 /* RunStatusView.m */; };
		047DD1C2183A3B4C00A04F83 /* Cocoa.framework in Frameworks */ = {isa = PBXBuildFile; fileRef = 047DD1C1183A3B4C00A04F83 /* Cocoa.framework */; };
		047DD1CC183A3B4D00A04F83 /* InfoPlist.strings in Resources */ = {isa = PBXBuildFile; fileRef = 047DD1CA183A3B4D00A04F83 /* InfoPlist.strings */; };
		047DD1CE183A3B4D00A04F83 /* main.m in Sources */ = {isa = PBXBuildFile; fileRef = 047DD1CD183A3B4D00A04F83 /* main.m */; };
		047DD1D2183A3B4D00A04F83 /* Credits.rtf in Resources */ = {isa = PBXBuildFile; fileRef = 047DD1D0183A3B4D00A04F83 /* Credits.rtf */; };
		047DD1D5183A3B4D00A04F83 /* Document.m in Sources */ = {isa = PBXBuildFile; fileRef = 047DD1D4183A3B4D00A04F83 /* Document.m */; };
		047DD1D8183A3B4D00A04F83 /* Document.xib in Resources */ = {isa = PBXBuildFile; fileRef = 047DD1D6183A3B4D00A04F83 /* Document.xib */; };
		047DD1DB183A3B4D00A04F83 /* MainMenu.xib in Resources */ = {isa = PBXBuildFile; fileRef = 047DD1D9183A3B4D00A04F83 /* MainMenu.xib */; };
		04B58F2A183A3D3000360A61 /* appDelegate.m in Sources */ = {isa = PBXBuildFile; fileRef = 04B58F1E183A3D3000360A61 /* appDelegate.m */; };
		04B58F2B183A3D3000360A61 /* RunCollector.m in Sources */ = {isa = PBXBuildFile; fileRef = 04B58F1F183A3D3000360A61 /* RunCollector.m */; };
		04B58F2C183A3D3000360A61 /* DocumentView.m in Sources */ = {isa = PBXBuildFile; fileRef = 04B58F20183A3D3000360A61 /* DocumentView.m */; };
		04B58F2D183A3D3000360A61 /* genQRcodes.m in Sources */ = {isa = PBXBuildFile; fileRef = 04B58F21183A3D3000360A61 /* genQRcodes.m */; };
		04B58F2E183A3D3000360A61 /* GraphView.m in Sources */ = {isa = PBXBuildFile; fileRef = 04B58F22183A3D3000360A61 /* GraphView.m */; };
		04B58F2F183A3D3000360A61 /* VideoInput.m in Sources */ = {isa = PBXBuildFile; fileRef = 04B58F23183A3D3000360A61 /* VideoInput.m */; };
		04B58F30183A3D3000360A61 /* VideoRunManager.m in Sources */ = {isa = PBXBuildFile; fileRef = 04B58F24183A3D3000360A61 /* VideoRunManager.m */; };
		04B58F31183A3D3000360A61 /* MeasurementDataStore.m in Sources */ = {isa = PBXBuildFile; fileRef = 04B58F25183A3D3000360A61 /* MeasurementDataStore.m */; };
		04B58F32183A3D3000360A61 /* VideoOutputView.m in Sources */ = {isa = PBXBuildFile; fileRef = 04B58F26183A3D3000360A61 /* VideoOutputView.m */; };
		04B58F33183A3D3000360A61 /* PythonSwitcher.m in Sources */ = {isa = PBXBuildFile; fileRef = 04B58F27183A3D3000360A61 /* PythonSwitcher.m */; };
		04B58F35183A3D3000360A61 /* DocumentDescriptionView.m in Sources */ = {isa = PBXBuildFile; fileRef = 04B58F29183A3D3000360A61 /* DocumentDescriptionView.m */; };
		04B58F39183A3D5300360A61 /* libzbar.0.dylib in Frameworks */ = {isa = PBXBuildFile; fileRef = 04B58F37183A3D5300360A61 /* libzbar.0.dylib */; };
		04B58F3A183A3D5300360A61 /* libzint.dylib in Frameworks */ = {isa = PBXBuildFile; fileRef = 04B58F38183A3D5300360A61 /* libzint.dylib */; };
/* End PBXBuildFile section */

/* Begin PBXFileReference section */
		044F3D7C183A46390008CBA3 /* AVFoundation.framework */ = {isa = PBXFileReference; lastKnownFileType = wrapper.framework; name = AVFoundation.framework; path = /System/Library/Frameworks/AVFoundation.framework; sourceTree = "<absolute>"; };
		044F3D7E183A46540008CBA3 /* CoreMedia.framework */ = {isa = PBXFileReference; lastKnownFileType = wrapper.framework; name = CoreMedia.framework; path = ../../../../System/Library/Frameworks/CoreMedia.framework; sourceTree = "<group>"; };
		044F3D80183A467F0008CBA3 /* libpython2.7.dylib */ = {isa = PBXFileReference; lastKnownFileType = "compiled.mach-o.dylib"; name = libpython2.7.dylib; path = ../../../../System/Library/Frameworks/Python.framework/Versions/2.7/lib/python2.7/config/libpython2.7.dylib; sourceTree = "<group>"; };
		044F3D82183A469D0008CBA3 /* IOKit.framework */ = {isa = PBXFileReference; lastKnownFileType = wrapper.framework; name = IOKit.framework; path = ../../../../System/Library/Frameworks/IOKit.framework; sourceTree = "<group>"; };
		044F3D84183A47170008CBA3 /* QuartzCore.framework */ = {isa = PBXFileReference; lastKnownFileType = wrapper.framework; name = QuartzCore.framework; path = ../../../../System/Library/Frameworks/QuartzCore.framework; sourceTree = "<group>"; };
		045397CD183AB23B00697348 /* NewMeasurement.xib */ = {isa = PBXFileReference; fileEncoding = 4; lastKnownFileType = file.xib; path = NewMeasurement.xib; sourceTree = "<group>"; };
		045397CF183AC3D300697348 /* RunTypeView.h */ = {isa = PBXFileReference; fileEncoding = 4; lastKnownFileType = sourcecode.c.h; path = RunTypeView.h; sourceTree = "<group>"; };
		045397D0183AC3D300697348 /* RunTypeView.m */ = {isa = PBXFileReference; fileEncoding = 4; lastKnownFileType = sourcecode.c.objc; path = RunTypeView.m; sourceTree = "<group>"; };
		045397D2183AC3F300697348 /* VideoSelectionView.h */ = {isa = PBXFileReference; fileEncoding = 4; lastKnownFileType = sourcecode.c.h; path = VideoSelectionView.h; sourceTree = "<group>"; };
		045397D3183AC3F300697348 /* VideoSelectionView.m */ = {isa = PBXFileReference; fileEncoding = 4; lastKnownFileType = sourcecode.c.objc; path = VideoSelectionView.m; sourceTree = "<group>"; };
		045397D5183AC40B00697348 /* RunStatusView.h */ = {isa = PBXFileReference; fileEncoding = 4; lastKnownFileType = sourcecode.c.h; path = RunStatusView.h; sourceTree = "<group>"; };
		045397D6183AC40B00697348 /* RunStatusView.m */ = {isa = PBXFileReference; fileEncoding = 4; lastKnownFileType = sourcecode.c.objc; path = RunStatusView.m; sourceTree = "<group>"; };
		047DD1BD183A3B4C00A04F83 /* videoLat.app */ = {isa = PBXFileReference; explicitFileType = wrapper.application; includeInIndex = 0; path = videoLat.app; sourceTree = BUILT_PRODUCTS_DIR; };
		047DD1C1183A3B4C00A04F83 /* Cocoa.framework */ = {isa = PBXFileReference; lastKnownFileType = wrapper.framework; name = Cocoa.framework; path = System/Library/Frameworks/Cocoa.framework; sourceTree = SDKROOT; };
		047DD1C4183A3B4C00A04F83 /* AppKit.framework */ = {isa = PBXFileReference; lastKnownFileType = wrapper.framework; name = AppKit.framework; path = System/Library/Frameworks/AppKit.framework; sourceTree = SDKROOT; };
		047DD1C5183A3B4C00A04F83 /* CoreData.framework */ = {isa = PBXFileReference; lastKnownFileType = wrapper.framework; name = CoreData.framework; path = System/Library/Frameworks/CoreData.framework; sourceTree = SDKROOT; };
		047DD1C6183A3B4C00A04F83 /* Foundation.framework */ = {isa = PBXFileReference; lastKnownFileType = wrapper.framework; name = Foundation.framework; path = System/Library/Frameworks/Foundation.framework; sourceTree = SDKROOT; };
		047DD1C9183A3B4D00A04F83 /* videoLat-Info.plist */ = {isa = PBXFileReference; lastKnownFileType = text.plist.xml; path = "videoLat-Info.plist"; sourceTree = "<group>"; };
		047DD1CB183A3B4D00A04F83 /* en */ = {isa = PBXFileReference; lastKnownFileType = text.plist.strings; name = en; path = en.lproj/InfoPlist.strings; sourceTree = "<group>"; };
		047DD1CD183A3B4D00A04F83 /* main.m */ = {isa = PBXFileReference; lastKnownFileType = sourcecode.c.objc; path = main.m; sourceTree = "<group>"; };
		047DD1CF183A3B4D00A04F83 /* videoLat-Prefix.pch */ = {isa = PBXFileReference; lastKnownFileType = sourcecode.c.h; path = "videoLat-Prefix.pch"; sourceTree = "<group>"; };
		047DD1D1183A3B4D00A04F83 /* en */ = {isa = PBXFileReference; lastKnownFileType = text.rtf; name = en; path = en.lproj/Credits.rtf; sourceTree = "<group>"; };
		047DD1D3183A3B4D00A04F83 /* Document.h */ = {isa = PBXFileReference; lastKnownFileType = sourcecode.c.h; path = Document.h; sourceTree = "<group>"; };
		047DD1D4183A3B4D00A04F83 /* Document.m */ = {isa = PBXFileReference; lastKnownFileType = sourcecode.c.objc; path = Document.m; sourceTree = "<group>"; };
		047DD1D7183A3B4D00A04F83 /* en */ = {isa = PBXFileReference; lastKnownFileType = file.xib; name = en; path = en.lproj/Document.xib; sourceTree = "<group>"; };
		047DD1DA183A3B4D00A04F83 /* en */ = {isa = PBXFileReference; lastKnownFileType = file.xib; name = en; path = en.lproj/MainMenu.xib; sourceTree = "<group>"; };
		04B58F0D183A3CF000360A61 /* appDelegate.h */ = {isa = PBXFileReference; fileEncoding = 4; lastKnownFileType = sourcecode.c.h; path = appDelegate.h; sourceTree = "<group>"; };
		04B58F0E183A3CF000360A61 /* RunCollector.h */ = {isa = PBXFileReference; fileEncoding = 4; lastKnownFileType = sourcecode.c.h; path = RunCollector.h; sourceTree = "<group>"; };
		04B58F0F183A3CF000360A61 /* DocumentView.h */ = {isa = PBXFileReference; fileEncoding = 4; lastKnownFileType = sourcecode.c.h; path = DocumentView.h; sourceTree = "<group>"; };
		04B58F10183A3CF000360A61 /* findQRcodes.h */ = {isa = PBXFileReference; fileEncoding = 4; lastKnownFileType = sourcecode.c.h; path = findQRcodes.h; sourceTree = "<group>"; };
		04B58F11183A3CF000360A61 /* findQRcodes.mm */ = {isa = PBXFileReference; fileEncoding = 4; lastKnownFileType = sourcecode.cpp.objcpp; path = findQRcodes.mm; sourceTree = "<group>"; };
		04B58F12183A3CF000360A61 /* genQRcodes.h */ = {isa = PBXFileReference; fileEncoding = 4; lastKnownFileType = sourcecode.c.h; path = genQRcodes.h; sourceTree = "<group>"; };
		04B58F13183A3CF000360A61 /* GraphView.h */ = {isa = PBXFileReference; fileEncoding = 4; lastKnownFileType = sourcecode.c.h; path = GraphView.h; sourceTree = "<group>"; };
		04B58F14183A3CF000360A61 /* VideoInput.h */ = {isa = PBXFileReference; fileEncoding = 4; lastKnownFileType = sourcecode.c.h; path = VideoInput.h; sourceTree = "<group>"; };
		04B58F15183A3CF000360A61 /* VideoRunManager.h */ = {isa = PBXFileReference; fileEncoding = 4; lastKnownFileType = sourcecode.c.h; path = VideoRunManager.h; sourceTree = "<group>"; };
		04B58F16183A3CF000360A61 /* MeasurementDataStore.h */ = {isa = PBXFileReference; fileEncoding = 4; lastKnownFileType = sourcecode.c.h; path = MeasurementDataStore.h; sourceTree = "<group>"; };
		04B58F17183A3CF000360A61 /* VideoOutputView.h */ = {isa = PBXFileReference; fileEncoding = 4; lastKnownFileType = sourcecode.c.h; path = VideoOutputView.h; sourceTree = "<group>"; };
		04B58F18183A3CF000360A61 /* protocols.h */ = {isa = PBXFileReference; fileEncoding = 4; lastKnownFileType = sourcecode.c.h; path = protocols.h; sourceTree = "<group>"; };
		04B58F19183A3CF000360A61 /* PythonSwitcher.h */ = {isa = PBXFileReference; fileEncoding = 4; lastKnownFileType = sourcecode.c.h; path = PythonSwitcher.h; sourceTree = "<group>"; };
		04B58F1A183A3CF000360A61 /* SettingsView.h */ = {isa = PBXFileReference; fileEncoding = 4; lastKnownFileType = sourcecode.c.h; path = SettingsView.h; sourceTree = "<group>"; };
		04B58F1B183A3CF000360A61 /* DocumentDescriptionView.h */ = {isa = PBXFileReference; fileEncoding = 4; lastKnownFileType = sourcecode.c.h; path = DocumentDescriptionView.h; sourceTree = "<group>"; };
		04B58F1E183A3D3000360A61 /* appDelegate.m */ = {isa = PBXFileReference; fileEncoding = 4; lastKnownFileType = sourcecode.c.objc; path = appDelegate.m; sourceTree = "<group>"; };
		04B58F1F183A3D3000360A61 /* RunCollector.m */ = {isa = PBXFileReference; fileEncoding = 4; lastKnownFileType = sourcecode.c.objc; path = RunCollector.m; sourceTree = "<group>"; };
		04B58F20183A3D3000360A61 /* DocumentView.m */ = {isa = PBXFileReference; fileEncoding = 4; lastKnownFileType = sourcecode.c.objc; path = DocumentView.m; sourceTree = "<group>"; };
		04B58F21183A3D3000360A61 /* genQRcodes.m */ = {isa = PBXFileReference; fileEncoding = 4; lastKnownFileType = sourcecode.c.objc; path = genQRcodes.m; sourceTree = "<group>"; };
		04B58F22183A3D3000360A61 /* GraphView.m */ = {isa = PBXFileReference; fileEncoding = 4; lastKnownFileType = sourcecode.c.objc; path = GraphView.m; sourceTree = "<group>"; };
		04B58F23183A3D3000360A61 /* VideoInput.m */ = {isa = PBXFileReference; fileEncoding = 4; lastKnownFileType = sourcecode.c.objc; path = VideoInput.m; sourceTree = "<group>"; };
		04B58F24183A3D3000360A61 /* VideoRunManager.m */ = {isa = PBXFileReference; fileEncoding = 4; lastKnownFileType = sourcecode.c.objc; path = VideoRunManager.m; sourceTree = "<group>"; };
		04B58F25183A3D3000360A61 /* MeasurementDataStore.m */ = {isa = PBXFileReference; fileEncoding = 4; lastKnownFileType = sourcecode.c.objc; path = MeasurementDataStore.m; sourceTree = "<group>"; };
		04B58F26183A3D3000360A61 /* VideoOutputView.m */ = {isa = PBXFileReference; fileEncoding = 4; lastKnownFileType = sourcecode.c.objc; path = VideoOutputView.m; sourceTree = "<group>"; };
		04B58F27183A3D3000360A61 /* PythonSwitcher.m */ = {isa = PBXFileReference; fileEncoding = 4; lastKnownFileType = sourcecode.c.objc; path = PythonSwitcher.m; sourceTree = "<group>"; };
		04B58F28183A3D3000360A61 /* SettingsView.m */ = {isa = PBXFileReference; fileEncoding = 4; lastKnownFileType = sourcecode.c.objc; path = SettingsView.m; sourceTree = "<group>"; };
		04B58F29183A3D3000360A61 /* DocumentDescriptionView.m */ = {isa = PBXFileReference; fileEncoding = 4; lastKnownFileType = sourcecode.c.objc; path = DocumentDescriptionView.m; sourceTree = "<group>"; };
		04B58F37183A3D5300360A61 /* libzbar.0.dylib */ = {isa = PBXFileReference; lastKnownFileType = "compiled.mach-o.dylib"; name = libzbar.0.dylib; path = thirdParty/installed/lib/libzbar.0.dylib; sourceTree = "<group>"; };
		04B58F38183A3D5300360A61 /* libzint.dylib */ = {isa = PBXFileReference; lastKnownFileType = "compiled.mach-o.dylib"; name = libzint.dylib; path = thirdParty/installed/lib/libzint.dylib; sourceTree = "<group>"; };
/* End PBXFileReference section */

/* Begin PBXFrameworksBuildPhase section */
		047DD1BA183A3B4C00A04F83 /* Frameworks */ = {
			isa = PBXFrameworksBuildPhase;
			buildActionMask = 2147483647;
			files = (
				047DD1C2183A3B4C00A04F83 /* Cocoa.framework in Frameworks */,
				04B58F39183A3D5300360A61 /* libzbar.0.dylib in Frameworks */,
				04B58F3A183A3D5300360A61 /* libzint.dylib in Frameworks */,
				044F3D7D183A46390008CBA3 /* AVFoundation.framework in Frameworks */,
				044F3D7F183A46540008CBA3 /* CoreMedia.framework in Frameworks */,
				044F3D81183A467F0008CBA3 /* libpython2.7.dylib in Frameworks */,
				044F3D83183A469D0008CBA3 /* IOKit.framework in Frameworks */,
				044F3D85183A47170008CBA3 /* QuartzCore.framework in Frameworks */,
			);
			runOnlyForDeploymentPostprocessing = 0;
		};
/* End PBXFrameworksBuildPhase section */

/* Begin PBXGroup section */
		040CF9CF183E31800094C0D8 /* old */ = {
			isa = PBXGroup;
			children = (
				04B58F19183A3CF000360A61 /* PythonSwitcher.h */,
				04B58F27183A3D3000360A61 /* PythonSwitcher.m */,
				04B58F1A183A3CF000360A61 /* SettingsView.h */,
				04B58F28183A3D3000360A61 /* SettingsView.m */,
			);
			name = old;
			sourceTree = "<group>";
		};
		040CF9D4183E4B1F0094C0D8 /* Document */ = {
			isa = PBXGroup;
			children = (
				047DD1D3183A3B4D00A04F83 /* Document.h */,
				047DD1D4183A3B4D00A04F83 /* Document.m */,
				04B58F0F183A3CF000360A61 /* DocumentView.h */,
				04B58F20183A3D3000360A61 /* DocumentView.m */,
				04B58F1B183A3CF000360A61 /* DocumentDescriptionView.h */,
				04B58F29183A3D3000360A61 /* DocumentDescriptionView.m */,
				04B58F16183A3CF000360A61 /* MeasurementDataStore.h */,
				04B58F25183A3D3000360A61 /* MeasurementDataStore.m */,
				04B58F13183A3CF000360A61 /* GraphView.h */,
				04B58F22183A3D3000360A61 /* GraphView.m */,
				047DD1D6183A3B4D00A04F83 /* Document.xib */,
			);
			name = Document;
			sourceTree = "<group>";
		};
		040CF9D5183E4B4B0094C0D8 /* MeasurementRun */ = {
			isa = PBXGroup;
			children = (
				04B58F0E183A3CF000360A61 /* RunCollector.h */,
				04B58F1F183A3D3000360A61 /* RunCollector.m */,
				045397D5183AC40B00697348 /* RunStatusView.h */,
				045397D6183AC40B00697348 /* RunStatusView.m */,
				045397CF183AC3D300697348 /* RunTypeView.h */,
				045397D0183AC3D300697348 /* RunTypeView.m */,
				045397CD183AB23B00697348 /* NewMeasurement.xib */,
				040CF9D6183E4B570094C0D8 /* VideoRun */,
			);
			name = MeasurementRun;
			sourceTree = "<group>";
		};
		040CF9D6183E4B570094C0D8 /* VideoRun */ = {
			isa = PBXGroup;
			children = (
				04B58F10183A3CF000360A61 /* findQRcodes.h */,
				04B58F11183A3CF000360A61 /* findQRcodes.mm */,
				04B58F12183A3CF000360A61 /* genQRcodes.h */,
				04B58F21183A3D3000360A61 /* genQRcodes.m */,
				04B58F14183A3CF000360A61 /* VideoInput.h */,
				04B58F23183A3D3000360A61 /* VideoInput.m */,
				04B58F17183A3CF000360A61 /* VideoOutputView.h */,
				04B58F26183A3D3000360A61 /* VideoOutputView.m */,
				04B58F15183A3CF000360A61 /* VideoRunManager.h */,
				04B58F24183A3D3000360A61 /* VideoRunManager.m */,
				045397D2183AC3F300697348 /* VideoSelectionView.h */,
				045397D3183AC3F300697348 /* VideoSelectionView.m */,
			);
			name = VideoRun;
			sourceTree = "<group>";
		};
		047DD1B2183A3B4C00A04F83 = {
			isa = PBXGroup;
			children = (
				047DD1C7183A3B4D00A04F83 /* videoLat */,
				047DD1C0183A3B4C00A04F83 /* Frameworks */,
				047DD1BE183A3B4C00A04F83 /* Products */,
			);
			sourceTree = "<group>";
		};
		047DD1BE183A3B4C00A04F83 /* Products */ = {
			isa = PBXGroup;
			children = (
				047DD1BD183A3B4C00A04F83 /* videoLat.app */,
			);
			name = Products;
			sourceTree = "<group>";
		};
		047DD1C0183A3B4C00A04F83 /* Frameworks */ = {
			isa = PBXGroup;
			children = (
				04B58F36183A3D3800360A61 /* thirdParty */,
				044F3D7C183A46390008CBA3 /* AVFoundation.framework */,
				044F3D7E183A46540008CBA3 /* CoreMedia.framework */,
				044F3D84183A47170008CBA3 /* QuartzCore.framework */,
				044F3D82183A469D0008CBA3 /* IOKit.framework */,
				047DD1C1183A3B4C00A04F83 /* Cocoa.framework */,
				044F3D80183A467F0008CBA3 /* libpython2.7.dylib */,
				047DD1C3183A3B4C00A04F83 /* Other Frameworks */,
			);
			name = Frameworks;
			sourceTree = "<group>";
		};
		047DD1C3183A3B4C00A04F83 /* Other Frameworks */ = {
			isa = PBXGroup;
			children = (
				047DD1C4183A3B4C00A04F83 /* AppKit.framework */,
				047DD1C5183A3B4C00A04F83 /* CoreData.framework */,
				047DD1C6183A3B4C00A04F83 /* Foundation.framework */,
			);
			name = "Other Frameworks";
			sourceTree = "<group>";
		};
		047DD1C7183A3B4D00A04F83 /* videoLat */ = {
			isa = PBXGroup;
			children = (
				04B58F0D183A3CF000360A61 /* appDelegate.h */,
				04B58F1E183A3D3000360A61 /* appDelegate.m */,
				04B58F18183A3CF000360A61 /* protocols.h */,
				047DD1D9183A3B4D00A04F83 /* MainMenu.xib */,
				040CF9D5183E4B4B0094C0D8 /* MeasurementRun */,
				040CF9D4183E4B1F0094C0D8 /* Document */,
				040CF9CF183E31800094C0D8 /* old */,
				047DD1C8183A3B4D00A04F83 /* Supporting Files */,
			);
			path = videoLat;
			sourceTree = "<group>";
		};
		047DD1C8183A3B4D00A04F83 /* Supporting Files */ = {
			isa = PBXGroup;
			children = (
				047DD1C9183A3B4D00A04F83 /* videoLat-Info.plist */,
				047DD1CA183A3B4D00A04F83 /* InfoPlist.strings */,
				047DD1CD183A3B4D00A04F83 /* main.m */,
				047DD1CF183A3B4D00A04F83 /* videoLat-Prefix.pch */,
				047DD1D0183A3B4D00A04F83 /* Credits.rtf */,
			);
			name = "Supporting Files";
			sourceTree = "<group>";
		};
		04B58F36183A3D3800360A61 /* thirdParty */ = {
			isa = PBXGroup;
			children = (
				04B58F37183A3D5300360A61 /* libzbar.0.dylib */,
				04B58F38183A3D5300360A61 /* libzint.dylib */,
			);
			name = thirdParty;
			sourceTree = "<group>";
		};
/* End PBXGroup section */

/* Begin PBXNativeTarget section */
		047DD1BC183A3B4C00A04F83 /* videoLat */ = {
			isa = PBXNativeTarget;
			buildConfigurationList = 047DD1DE183A3B4D00A04F83 /* Build configuration list for PBXNativeTarget "videoLat" */;
			buildPhases = (
				047DD1B9183A3B4C00A04F83 /* Sources */,
				047DD1BA183A3B4C00A04F83 /* Frameworks */,
				047DD1BB183A3B4C00A04F83 /* Resources */,
			);
			buildRules = (
			);
			dependencies = (
			);
			name = videoLat;
			productName = videoLat;
			productReference = 047DD1BD183A3B4C00A04F83 /* videoLat.app */;
			productType = "com.apple.product-type.application";
		};
/* End PBXNativeTarget section */

/* Begin PBXProject section */
		047DD1B4183A3B4C00A04F83 /* Project object */ = {
			isa = PBXProject;
			attributes = {
				LastUpgradeCheck = 0450;
				ORGANIZATIONNAME = CWI;
			};
			buildConfigurationList = 047DD1B7183A3B4C00A04F83 /* Build configuration list for PBXProject "videoLat" */;
			compatibilityVersion = "Xcode 3.2";
			developmentRegion = English;
			hasScannedForEncodings = 0;
			knownRegions = (
				en,
			);
			mainGroup = 047DD1B2183A3B4C00A04F83;
			productRefGroup = 047DD1BE183A3B4C00A04F83 /* Products */;
			projectDirPath = "";
			projectRoot = "";
			targets = (
				047DD1BC183A3B4C00A04F83 /* videoLat */,
			);
		};
/* End PBXProject section */

/* Begin PBXResourcesBuildPhase section */
		047DD1BB183A3B4C00A04F83 /* Resources */ = {
			isa = PBXResourcesBuildPhase;
			buildActionMask = 2147483647;
			files = (
				047DD1CC183A3B4D00A04F83 /* InfoPlist.strings in Resources */,
				047DD1D2183A3B4D00A04F83 /* Credits.rtf in Resources */,
				047DD1D8183A3B4D00A04F83 /* Document.xib in Resources */,
				045397CE183AB23B00697348 /* NewMeasurement.xib in Resources */,
				047DD1DB183A3B4D00A04F83 /* MainMenu.xib in Resources */,
			);
			runOnlyForDeploymentPostprocessing = 0;
		};
/* End PBXResourcesBuildPhase section */

/* Begin PBXSourcesBuildPhase section */
		047DD1B9183A3B4C00A04F83 /* Sources */ = {
			isa = PBXSourcesBuildPhase;
			buildActionMask = 2147483647;
			files = (
				047DD1CE183A3B4D00A04F83 /* main.m in Sources */,
				047DD1D5183A3B4D00A04F83 /* Document.m in Sources */,
				045397D1183AC3D300697348 /* RunTypeView.m in Sources */,
				04B58F2A183A3D3000360A61 /* appDelegate.m in Sources */,
				04B58F2B183A3D3000360A61 /* RunCollector.m in Sources */,
				04B58F2C183A3D3000360A61 /* DocumentView.m in Sources */,
				04B58F2D183A3D3000360A61 /* genQRcodes.m in Sources */,
				04B58F2E183A3D3000360A61 /* GraphView.m in Sources */,
				045397D4183AC3F300697348 /* VideoSelectionView.m in Sources */,
				04B58F2F183A3D3000360A61 /* VideoInput.m in Sources */,
				04B58F30183A3D3000360A61 /* VideoRunManager.m in Sources */,
				04B58F31183A3D3000360A61 /* MeasurementDataStore.m in Sources */,
				04B58F32183A3D3000360A61 /* VideoOutputView.m in Sources */,
				04B58F33183A3D3000360A61 /* PythonSwitcher.m in Sources */,
				045397D7183AC40C00697348 /* RunStatusView.m in Sources */,
				04B58F35183A3D3000360A61 /* DocumentDescriptionView.m in Sources */,
				040CF9D0183E40F20094C0D8 /* findQRcodes.mm in Sources */,
			);
			runOnlyForDeploymentPostprocessing = 0;
		};
/* End PBXSourcesBuildPhase section */

/* Begin PBXVariantGroup section */
		047DD1CA183A3B4D00A04F83 /* InfoPlist.strings */ = {
			isa = PBXVariantGroup;
			children = (
				047DD1CB183A3B4D00A04F83 /* en */,
			);
			name = InfoPlist.strings;
			sourceTree = "<group>";
		};
		047DD1D0183A3B4D00A04F83 /* Credits.rtf */ = {
			isa = PBXVariantGroup;
			children = (
				047DD1D1183A3B4D00A04F83 /* en */,
			);
			name = Credits.rtf;
			sourceTree = "<group>";
		};
		047DD1D6183A3B4D00A04F83 /* Document.xib */ = {
			isa = PBXVariantGroup;
			children = (
				047DD1D7183A3B4D00A04F83 /* en */,
			);
			name = Document.xib;
			sourceTree = "<group>";
		};
		047DD1D9183A3B4D00A04F83 /* MainMenu.xib */ = {
			isa = PBXVariantGroup;
			children = (
				047DD1DA183A3B4D00A04F83 /* en */,
			);
			name = MainMenu.xib;
			sourceTree = "<group>";
		};
/* End PBXVariantGroup section */

/* Begin XCBuildConfiguration section */
		047DD1DC183A3B4D00A04F83 /* Debug */ = {
			isa = XCBuildConfiguration;
			buildSettings = {
				ALWAYS_SEARCH_USER_PATHS = NO;
				ARCHS = "$(ARCHS_STANDARD_64_BIT)";
				CLANG_CXX_LANGUAGE_STANDARD = "gnu++0x";
				CLANG_CXX_LIBRARY = "libc++";
				CLANG_ENABLE_OBJC_ARC = YES;
				CLANG_WARN_EMPTY_BODY = YES;
				CLANG_WARN__DUPLICATE_METHOD_MATCH = YES;
				COPY_PHASE_STRIP = NO;
				GCC_C_LANGUAGE_STANDARD = gnu99;
				GCC_DYNAMIC_NO_PIC = NO;
				GCC_ENABLE_OBJC_EXCEPTIONS = YES;
				GCC_OPTIMIZATION_LEVEL = 0;
				GCC_PREPROCESSOR_DEFINITIONS = (
					"DEBUG=1",
					"$(inherited)",
				);
				GCC_SYMBOLS_PRIVATE_EXTERN = NO;
				GCC_WARN_64_TO_32_BIT_CONVERSION = YES;
				GCC_WARN_ABOUT_RETURN_TYPE = YES;
				GCC_WARN_UNINITIALIZED_AUTOS = YES;
				GCC_WARN_UNUSED_VARIABLE = YES;
				HEADER_SEARCH_PATHS = /System/Library/Frameworks/Python.framework/Versions/2.7/include/python2.7;
				MACOSX_DEPLOYMENT_TARGET = 10.7;
				ONLY_ACTIVE_ARCH = YES;
				SDKROOT = macosx;
				USER_HEADER_SEARCH_PATHS = thirdParty/installed/include;
			};
			name = Debug;
		};
		047DD1DD183A3B4D00A04F83 /* Release */ = {
			isa = XCBuildConfiguration;
			buildSettings = {
				ALWAYS_SEARCH_USER_PATHS = NO;
				ARCHS = "$(ARCHS_STANDARD_64_BIT)";
				CLANG_CXX_LANGUAGE_STANDARD = "gnu++0x";
				CLANG_CXX_LIBRARY = "libc++";
				CLANG_ENABLE_OBJC_ARC = YES;
				CLANG_WARN_EMPTY_BODY = YES;
				CLANG_WARN__DUPLICATE_METHOD_MATCH = YES;
				COPY_PHASE_STRIP = YES;
				DEBUG_INFORMATION_FORMAT = "dwarf-with-dsym";
				GCC_C_LANGUAGE_STANDARD = gnu99;
				GCC_ENABLE_OBJC_EXCEPTIONS = YES;
				GCC_WARN_64_TO_32_BIT_CONVERSION = YES;
				GCC_WARN_ABOUT_RETURN_TYPE = YES;
				GCC_WARN_UNINITIALIZED_AUTOS = YES;
				GCC_WARN_UNUSED_VARIABLE = YES;
				HEADER_SEARCH_PATHS = /System/Library/Frameworks/Python.framework/Versions/2.7/include/python2.7;
				MACOSX_DEPLOYMENT_TARGET = 10.7;
				SDKROOT = macosx;
				USER_HEADER_SEARCH_PATHS = thirdParty/installed/include;
			};
			name = Release;
		};
		047DD1DF183A3B4D00A04F83 /* Debug */ = {
			isa = XCBuildConfiguration;
			buildSettings = {
				COMBINE_HIDPI_IMAGES = YES;
				GCC_PRECOMPILE_PREFIX_HEADER = YES;
				GCC_PREFIX_HEADER = "videoLat/videoLat-Prefix.pch";
				INFOPLIST_FILE = "videoLat/videoLat-Info.plist";
				LIBRARY_SEARCH_PATHS = (
					"$(inherited)",
					"\"$(SRCROOT)/thirdParty/installed/lib\"",
					"\"$(SYSTEM_LIBRARY_DIR)/Frameworks/Python.framework/Versions/2.7/lib/python2.7/config\"",
				);
				PRODUCT_NAME = "$(TARGET_NAME)";
				WRAPPER_EXTENSION = app;
			};
			name = Debug;
		};
		047DD1E0183A3B4D00A04F83 /* Release */ = {
			isa = XCBuildConfiguration;
			buildSettings = {
				COMBINE_HIDPI_IMAGES = YES;
				GCC_PRECOMPILE_PREFIX_HEADER = YES;
				GCC_PREFIX_HEADER = "videoLat/videoLat-Prefix.pch";
				INFOPLIST_FILE = "videoLat/videoLat-Info.plist";
				LIBRARY_SEARCH_PATHS = (
					"$(inherited)",
					"\"$(SRCROOT)/thirdParty/installed/lib\"",
					"\"$(SYSTEM_LIBRARY_DIR)/Frameworks/Python.framework/Versions/2.7/lib/python2.7/config\"",
				);
				PRODUCT_NAME = "$(TARGET_NAME)";
				WRAPPER_EXTENSION = app;
			};
			name = Release;
		};
/* End XCBuildConfiguration section */

/* Begin XCConfigurationList section */
		047DD1B7183A3B4C00A04F83 /* Build configuration list for PBXProject "videoLat" */ = {
			isa = XCConfigurationList;
			buildConfigurations = (
				047DD1DC183A3B4D00A04F83 /* Debug */,
				047DD1DD183A3B4D00A04F83 /* Release */,
			);
			defaultConfigurationIsVisible = 0;
			defaultConfigurationName = Release;
		};
		047DD1DE183A3B4D00A04F83 /* Build configuration list for PBXNativeTarget "videoLat" */ = {
			isa = XCConfigurationList;
			buildConfigurations = (
				047DD1DF183A3B4D00A04F83 /* Debug */,
				047DD1E0183A3B4D00A04F83 /* Release */,
			);
			defaultConfigurationIsVisible = 0;
			defaultConfigurationName = Release;
		};
/* End XCConfigurationList section */
	};
	rootObject = 047DD1B4183A3B4C00A04F83 /* Project object */;
}
