// !$*UTF8*$!
{
	archiveVersion = 1;
	classes = {
	};
	objectVersion = 46;
	objects = {

/* Begin PBXBuildFile section */
		04068ECE1AA476E3004EF502 /* MachineDescription.m in Sources */ = {isa = PBXBuildFile; fileRef = 04068ECD1AA476E3004EF502 /* MachineDescription.m */; };
		04068ED11AA47CD5004EF502 /* DeviceDescription.m in Sources */ = {isa = PBXBuildFile; fileRef = 04068ED01AA47CD5004EF502 /* DeviceDescription.m */; };
		040E771C1AB6E0D6001A7918 /* compat.m in Sources */ = {isa = PBXBuildFile; fileRef = 040E771B1AB6E0D6001A7918 /* compat.m */; };
		04138C761AB31ABA003D8167 /* CommonAppDelegate.m in Sources */ = {isa = PBXBuildFile; fileRef = 04138C751AB31ABA003D8167 /* CommonAppDelegate.m */; };
		041714DD19DDEF340019FA45 /* NetworkProtocol.m in Sources */ = {isa = PBXBuildFile; fileRef = 041714DC19DDEF340019FA45 /* NetworkProtocol.m */; };
		041E097F1A9DDAAC006A241C /* TemplateRunManager.xib in Resources */ = {isa = PBXBuildFile; fileRef = 041E097E1A9DDAAC006A241C /* TemplateRunManager.xib */; };
		042574921AA8F28800CFD180 /* CalibrationSharing.m in Sources */ = {isa = PBXBuildFile; fileRef = 042574911AA8F28800CFD180 /* CalibrationSharing.m */; };
		044F3D7D183A46390008CBA3 /* AVFoundation.framework in Frameworks */ = {isa = PBXBuildFile; fileRef = 044F3D7C183A46390008CBA3 /* AVFoundation.framework */; };
		044F3D7F183A46540008CBA3 /* CoreMedia.framework in Frameworks */ = {isa = PBXBuildFile; fileRef = 044F3D7E183A46540008CBA3 /* CoreMedia.framework */; settings = {ATTRIBUTES = (Required, ); }; };
		044F3D81183A467F0008CBA3 /* libpython2.7.dylib in Frameworks */ = {isa = PBXBuildFile; fileRef = 044F3D80183A467F0008CBA3 /* libpython2.7.dylib */; };
		044F3D83183A469D0008CBA3 /* IOKit.framework in Frameworks */ = {isa = PBXBuildFile; fileRef = 044F3D82183A469D0008CBA3 /* IOKit.framework */; };
		044F3D85183A47170008CBA3 /* QuartzCore.framework in Frameworks */ = {isa = PBXBuildFile; fileRef = 044F3D84183A47170008CBA3 /* QuartzCore.framework */; };
		045AA71619E71BA400E28AED /* MasterSenderRun.xib in Resources */ = {isa = PBXBuildFile; fileRef = 045AA71519E71BA300E28AED /* MasterSenderRun.xib */; };
		0461ED201A9FCD1F00439749 /* MasterSenderScreenCalibrationRun.xib in Resources */ = {isa = PBXBuildFile; fileRef = 0461ED1F1A9FCD1F00439749 /* MasterSenderScreenCalibrationRun.xib */; };
		0461ED221A9FCD9600439749 /* SlaveReceiverRun.xib in Resources */ = {isa = PBXBuildFile; fileRef = 0461ED211A9FCD9600439749 /* SlaveReceiverRun.xib */; };
		047DD1C2183A3B4C00A04F83 /* Cocoa.framework in Frameworks */ = {isa = PBXBuildFile; fileRef = 047DD1C1183A3B4C00A04F83 /* Cocoa.framework */; };
		047F65E01A9620B400D86391 /* SystemConfiguration.framework in Frameworks */ = {isa = PBXBuildFile; fileRef = 047F65DF1A9620B400D86391 /* SystemConfiguration.framework */; };
		048FB6F519FD21040023D29C /* HardwareDevices in Resources */ = {isa = PBXBuildFile; fileRef = 048FB6F419FD21040023D29C /* HardwareDevices */; };
		049725DD18FD563E00625326 /* BaseRunManager.m in Sources */ = {isa = PBXBuildFile; fileRef = 049725D518FD563E00625326 /* BaseRunManager.m */; };
		049725DE18FD563E00625326 /* NewMeasurementView.xib in Resources */ = {isa = PBXBuildFile; fileRef = 049725D618FD563E00625326 /* NewMeasurementView.xib */; };
		049725DF18FD563E00625326 /* RunCollector.m in Sources */ = {isa = PBXBuildFile; fileRef = 049725D818FD563E00625326 /* RunCollector.m */; };
		049725E018FD563E00625326 /* RunStatusView.m in Sources */ = {isa = PBXBuildFile; fileRef = 049725DA18FD563E00625326 /* RunStatusView.m */; };
		049725E118FD563E00625326 /* RunManagerView.m in Sources */ = {isa = PBXBuildFile; fileRef = 049725DC18FD563E00625326 /* RunManagerView.m */; };
		049725E718FD568A00625326 /* HardwareOutputView.m in Sources */ = {isa = PBXBuildFile; fileRef = 049725E318FD568A00625326 /* HardwareOutputView.m */; };
		049725E818FD568A00625326 /* HardwareRunManager.m in Sources */ = {isa = PBXBuildFile; fileRef = 049725E518FD568A00625326 /* HardwareRunManager.m */; };
		049725E918FD568A00625326 /* HardwareRunManager.xib in Resources */ = {isa = PBXBuildFile; fileRef = 049725E618FD568A00625326 /* HardwareRunManager.xib */; };
		0497260918FD580300625326 /* findQRcodes.mm in Sources */ = {isa = PBXBuildFile; fileRef = 049725FD18FD580300625326 /* findQRcodes.mm */; };
		0497260A18FD580300625326 /* genQRcodes.m in Sources */ = {isa = PBXBuildFile; fileRef = 049725FF18FD580300625326 /* genQRcodes.m */; };
		0497260B18FD580300625326 /* VideoInput.m in Sources */ = {isa = PBXBuildFile; fileRef = 0497260118FD580300625326 /* VideoInput.m */; };
		0497260C18FD580300625326 /* VideoOutputView.m in Sources */ = {isa = PBXBuildFile; fileRef = 0497260318FD580300625326 /* VideoOutputView.m */; };
		0497260D18FD580300625326 /* VideoRunManager.m in Sources */ = {isa = PBXBuildFile; fileRef = 0497260518FD580300625326 /* VideoRunManager.m */; };
		0497260E18FD580300625326 /* VideoRunManager.xib in Resources */ = {isa = PBXBuildFile; fileRef = 0497260618FD580300625326 /* VideoRunManager.xib */; };
		0497260F18FD580300625326 /* VideoSelectionView.m in Sources */ = {isa = PBXBuildFile; fileRef = 0497260818FD580300625326 /* VideoSelectionView.m */; };
		0497261318FD581700625326 /* VideoMonoRunManager.m in Sources */ = {isa = PBXBuildFile; fileRef = 0497261118FD581700625326 /* VideoMonoRunManager.m */; };
		0497261418FD581700625326 /* VideoMonoRunManager.xib in Resources */ = {isa = PBXBuildFile; fileRef = 0497261218FD581700625326 /* VideoMonoRunManager.xib */; };
		0497261818FD582600625326 /* VideoCalibrationRunManager.m in Sources */ = {isa = PBXBuildFile; fileRef = 0497261618FD582600625326 /* VideoCalibrationRunManager.m */; };
		0497261918FD582600625326 /* VideoCalibrationRunManager.xib in Resources */ = {isa = PBXBuildFile; fileRef = 0497261718FD582600625326 /* VideoCalibrationRunManager.xib */; };
		0497261B18FD585600625326 /* HardwareToCameraRunManager.xib in Resources */ = {isa = PBXBuildFile; fileRef = 0497261A18FD585600625326 /* HardwareToCameraRunManager.xib */; };
		0497262518FD589300625326 /* AudioInput.m in Sources */ = {isa = PBXBuildFile; fileRef = 0497261D18FD589300625326 /* AudioInput.m */; };
		0497262618FD589300625326 /* AudioOutputView.m in Sources */ = {isa = PBXBuildFile; fileRef = 0497261F18FD589300625326 /* AudioOutputView.m */; };
		0497262718FD589300625326 /* AudioRunManager.m in Sources */ = {isa = PBXBuildFile; fileRef = 0497262118FD589300625326 /* AudioRunManager.m */; };
		0497262818FD589300625326 /* AudioRunManager.xib in Resources */ = {isa = PBXBuildFile; fileRef = 0497262218FD589300625326 /* AudioRunManager.xib */; };
		0497262918FD589300625326 /* AudioSelectionView.m in Sources */ = {isa = PBXBuildFile; fileRef = 0497262418FD589300625326 /* AudioSelectionView.m */; };
		0497263618FD592C00625326 /* Document.m in Sources */ = {isa = PBXBuildFile; fileRef = 0497262B18FD592C00625326 /* Document.m */; };
		0497263718FD592C00625326 /* DocumentDescriptionView.m in Sources */ = {isa = PBXBuildFile; fileRef = 0497262D18FD592C00625326 /* DocumentDescriptionView.m */; };
		0497263818FD592C00625326 /* DocumentView.m in Sources */ = {isa = PBXBuildFile; fileRef = 0497262F18FD592C00625326 /* DocumentView.m */; };
		0497263918FD592C00625326 /* GraphView.m in Sources */ = {isa = PBXBuildFile; fileRef = 0497263118FD592C00625326 /* GraphView.m */; };
		0497263A18FD592C00625326 /* MeasurementDataStore.m in Sources */ = {isa = PBXBuildFile; fileRef = 0497263318FD592C00625326 /* MeasurementDataStore.m */; };
		0497263B18FD592C00625326 /* MeasurementDistribution.m in Sources */ = {isa = PBXBuildFile; fileRef = 0497263518FD592C00625326 /* MeasurementDistribution.m */; };
		0497263E18FD596F00625326 /* MeasurementType.m in Sources */ = {isa = PBXBuildFile; fileRef = 0497263D18FD596F00625326 /* MeasurementType.m */; };
		0497264118FD5BDA00625326 /* docicon.icns in Resources */ = {isa = PBXBuildFile; fileRef = 0497263F18FD5BDA00625326 /* docicon.icns */; };
		0497264218FD5BDA00625326 /* icon.icns in Resources */ = {isa = PBXBuildFile; fileRef = 0497264018FD5BDA00625326 /* icon.icns */; };
		0497264418FD5E5F00625326 /* sounds in Resources */ = {isa = PBXBuildFile; fileRef = 0497264318FD5E5F00625326 /* sounds */; };
		04A6D93B1AB7820A0065FEA5 /* DeviceDescriptionView.m in Sources */ = {isa = PBXBuildFile; fileRef = 04A6D93A1AB7820A0065FEA5 /* DeviceDescriptionView.m */; };
		04A9C14819216EB70016E6C0 /* AudioCalibrationRunManager.xib in Resources */ = {isa = PBXBuildFile; fileRef = 04A9C14719216EB70016E6C0 /* AudioCalibrationRunManager.xib */; };
		04A9C14B19216F320016E6C0 /* AudioCalibrationRunManager.m in Sources */ = {isa = PBXBuildFile; fileRef = 04A9C14A19216F320016E6C0 /* AudioCalibrationRunManager.m */; };
		04B1915119D2ECBC001ABA66 /* Doxyfile in Resources */ = {isa = PBXBuildFile; fileRef = 04B1915019D2ECBC001ABA66 /* Doxyfile */; };
		04B58F39183A3D5300360A61 /* libzbar.0.dylib in Frameworks */ = {isa = PBXBuildFile; fileRef = 04B58F37183A3D5300360A61 /* libzbar.0.dylib */; };
		04B58F3A183A3D5300360A61 /* libzint.dylib in Frameworks */ = {isa = PBXBuildFile; fileRef = 04B58F38183A3D5300360A61 /* libzint.dylib */; };
		04B6A69E19ED63C300E1E3B6 /* ScreenToHardwareRunManager.xib in Resources */ = {isa = PBXBuildFile; fileRef = 04B6A69D19ED63C300E1E3B6 /* ScreenToHardwareRunManager.xib */; };
		04D411121A02CABC009AFEED /* CalibrateScreenFromCameraRunManager.xib in Resources */ = {isa = PBXBuildFile; fileRef = 04D411101A02CABC009AFEED /* CalibrateScreenFromCameraRunManager.xib */; };
		04D411131A02CABC009AFEED /* CalibrateCameraFromScreenRunManager.xib in Resources */ = {isa = PBXBuildFile; fileRef = 04D411111A02CABC009AFEED /* CalibrateCameraFromScreenRunManager.xib */; };
		04DC70C8185B57EB005110A5 /* CoreLocation.framework in Frameworks */ = {isa = PBXBuildFile; fileRef = 04DC70C7185B57EB005110A5 /* CoreLocation.framework */; };
		04DE78C81A11759A002BA654 /* HardwareSelectionView.m in Sources */ = {isa = PBXBuildFile; fileRef = 04DE78C71A11759A002BA654 /* HardwareSelectionView.m */; };
		04E4586B18FEB39C005712F6 /* AudioProcess.m in Sources */ = {isa = PBXBuildFile; fileRef = 04E4586A18FEB39C005712F6 /* AudioProcess.m */; };
		04ED2A181A9D23E2001FA0AC /* NewMeasurementView.m in Sources */ = {isa = PBXBuildFile; fileRef = 04ED2A171A9D23E2001FA0AC /* NewMeasurementView.m */; };
		04EEC1CC19DC4C5E0056899C /* SlaveReceiverCameraCalibrationRun.xib in Resources */ = {isa = PBXBuildFile; fileRef = 04EEC1CB19DC4C5E0056899C /* SlaveReceiverCameraCalibrationRun.xib */; };
		04EEC1D019DC4D9E0056899C /* NetworkOutputView.m in Sources */ = {isa = PBXBuildFile; fileRef = 04EEC1CF19DC4D9E0056899C /* NetworkOutputView.m */; };
		04EEC1D719DC8E2E0056899C /* NetworkInput.m in Sources */ = {isa = PBXBuildFile; fileRef = 04EEC1D219DC8E2E0056899C /* NetworkInput.m */; };
		04EEC1D919DC8E2E0056899C /* NetworkSelectionView.m in Sources */ = {isa = PBXBuildFile; fileRef = 04EEC1D619DC8E2E0056899C /* NetworkSelectionView.m */; };
		04EEC1DC19DC93A70056899C /* NetworkRunManager.m in Sources */ = {isa = PBXBuildFile; fileRef = 04EEC1DB19DC93A70056899C /* NetworkRunManager.m */; };
		04F9AA9B1AACF95D00AE5413 /* DownloadCalibrationViewController.m in Sources */ = {isa = PBXBuildFile; fileRef = 04F9AA991AACF95D00AE5413 /* DownloadCalibrationViewController.m */; };
		04FFDF94185A6FAE00B1CCCC /* videoLat.help in Resources */ = {isa = PBXBuildFile; fileRef = 04FFDF93185A6FAE00B1CCCC /* videoLat.help */; };
		04FFFC5A1AB2F0150023ED13 /* AppDelegate.m in Sources */ = {isa = PBXBuildFile; fileRef = 04FFFC591AB2F0150023ED13 /* AppDelegate.m */; };
		04FFFC5D1AB2F02B0023ED13 /* PythonLoader.m in Sources */ = {isa = PBXBuildFile; fileRef = 04FFFC5C1AB2F02B0023ED13 /* PythonLoader.m */; };
		04FFFC5F1AB2F03B0023ED13 /* videoLat.entitlements in Resources */ = {isa = PBXBuildFile; fileRef = 04FFFC5E1AB2F03B0023ED13 /* videoLat.entitlements */; };
		04FFFC611AB2F0770023ED13 /* main.m in Sources */ = {isa = PBXBuildFile; fileRef = 04FFFC601AB2F0770023ED13 /* main.m */; };
		04FFFC6C1AB2F0F20023ED13 /* Credits.rtf in Resources */ = {isa = PBXBuildFile; fileRef = 04FFFC641AB2F0F20023ED13 /* Credits.rtf */; };
		04FFFC6D1AB2F0F20023ED13 /* Document.xib in Resources */ = {isa = PBXBuildFile; fileRef = 04FFFC661AB2F0F20023ED13 /* Document.xib */; };
		04FFFC6E1AB2F0F20023ED13 /* InfoPlist.strings in Resources */ = {isa = PBXBuildFile; fileRef = 04FFFC681AB2F0F20023ED13 /* InfoPlist.strings */; };
		04FFFC6F1AB2F0F20023ED13 /* MainMenu.xib in Resources */ = {isa = PBXBuildFile; fileRef = 04FFFC6A1AB2F0F20023ED13 /* MainMenu.xib */; };
		04FFFC751AB2F2840023ED13 /* mac/videoLat-Info.plist in Resources */ = {isa = PBXBuildFile; fileRef = 04FFFC741AB2F2840023ED13 /* mac/videoLat-Info.plist */; };
/* End PBXBuildFile section */

/* Begin PBXFileReference section */
		04068ECC1AA476E3004EF502 /* MachineDescription.h */ = {isa = PBXFileReference; fileEncoding = 4; lastKnownFileType = sourcecode.c.h; name = MachineDescription.h; path = Document/MachineDescription.h; sourceTree = "<group>"; };
		04068ECD1AA476E3004EF502 /* MachineDescription.m */ = {isa = PBXFileReference; fileEncoding = 4; lastKnownFileType = sourcecode.c.objc; name = MachineDescription.m; path = Document/MachineDescription.m; sourceTree = "<group>"; };
		04068ECF1AA47CD5004EF502 /* DeviceDescription.h */ = {isa = PBXFileReference; fileEncoding = 4; lastKnownFileType = sourcecode.c.h; name = DeviceDescription.h; path = Document/DeviceDescription.h; sourceTree = "<group>"; };
		04068ED01AA47CD5004EF502 /* DeviceDescription.m */ = {isa = PBXFileReference; fileEncoding = 4; lastKnownFileType = sourcecode.c.objc; name = DeviceDescription.m; path = Document/DeviceDescription.m; sourceTree = "<group>"; };
		040E771A1AB6E0D6001A7918 /* compat.h */ = {isa = PBXFileReference; fileEncoding = 4; lastKnownFileType = sourcecode.c.h; path = compat.h; sourceTree = SOURCE_ROOT; };
		040E771B1AB6E0D6001A7918 /* compat.m */ = {isa = PBXFileReference; fileEncoding = 4; lastKnownFileType = sourcecode.c.objc; path = compat.m; sourceTree = "<group>"; };
		04138C741AB31ABA003D8167 /* CommonAppDelegate.h */ = {isa = PBXFileReference; fileEncoding = 4; indentWidth = 4; lastKnownFileType = sourcecode.c.h; name = CommonAppDelegate.h; path = mac/CommonAppDelegate.h; sourceTree = "<group>"; tabWidth = 4; usesTabs = 1; wrapsLines = 0; };
		04138C751AB31ABA003D8167 /* CommonAppDelegate.m */ = {isa = PBXFileReference; fileEncoding = 4; indentWidth = 4; lastKnownFileType = sourcecode.c.objc; name = CommonAppDelegate.m; path = mac/CommonAppDelegate.m; sourceTree = "<group>"; tabWidth = 4; usesTabs = 1; wrapsLines = 0; };
		041714DB19DDECBE0019FA45 /* NetworkProtocol.h */ = {isa = PBXFileReference; fileEncoding = 4; lastKnownFileType = sourcecode.c.h; name = NetworkProtocol.h; path = Networking/NetworkProtocol.h; sourceTree = "<group>"; };
		041714DC19DDEF340019FA45 /* NetworkProtocol.m */ = {isa = PBXFileReference; fileEncoding = 4; lastKnownFileType = sourcecode.c.objc; name = NetworkProtocol.m; path = Networking/NetworkProtocol.m; sourceTree = "<group>"; };
		041E097E1A9DDAAC006A241C /* TemplateRunManager.xib */ = {isa = PBXFileReference; fileEncoding = 4; lastKnownFileType = file.xib; name = TemplateRunManager.xib; path = MeasurementRun/TemplateRunManager.xib; sourceTree = "<group>"; };
		042574901AA8F28800CFD180 /* CalibrationSharing.h */ = {isa = PBXFileReference; fileEncoding = 4; lastKnownFileType = sourcecode.c.h; name = CalibrationSharing.h; path = Sharing/CalibrationSharing.h; sourceTree = "<group>"; };
		042574911AA8F28800CFD180 /* CalibrationSharing.m */ = {isa = PBXFileReference; fileEncoding = 4; lastKnownFileType = sourcecode.c.objc; name = CalibrationSharing.m; path = Sharing/CalibrationSharing.m; sourceTree = "<group>"; };
		044F3D7C183A46390008CBA3 /* AVFoundation.framework */ = {isa = PBXFileReference; lastKnownFileType = wrapper.framework; name = AVFoundation.framework; path = /System/Library/Frameworks/AVFoundation.framework; sourceTree = "<absolute>"; };
		044F3D7E183A46540008CBA3 /* CoreMedia.framework */ = {isa = PBXFileReference; lastKnownFileType = wrapper.framework; name = CoreMedia.framework; path = ../../../../System/Library/Frameworks/CoreMedia.framework; sourceTree = "<group>"; };
		044F3D80183A467F0008CBA3 /* libpython2.7.dylib */ = {isa = PBXFileReference; lastKnownFileType = "compiled.mach-o.dylib"; name = libpython2.7.dylib; path = ../../../../System/Library/Frameworks/Python.framework/Versions/2.7/lib/python2.7/config/libpython2.7.dylib; sourceTree = "<group>"; };
		044F3D82183A469D0008CBA3 /* IOKit.framework */ = {isa = PBXFileReference; lastKnownFileType = wrapper.framework; name = IOKit.framework; path = ../../../../System/Library/Frameworks/IOKit.framework; sourceTree = "<group>"; };
		044F3D84183A47170008CBA3 /* QuartzCore.framework */ = {isa = PBXFileReference; lastKnownFileType = wrapper.framework; name = QuartzCore.framework; path = ../../../../System/Library/Frameworks/QuartzCore.framework; sourceTree = "<group>"; };
		045AA71519E71BA300E28AED /* MasterSenderRun.xib */ = {isa = PBXFileReference; fileEncoding = 4; lastKnownFileType = file.xib; name = MasterSenderRun.xib; path = MasterSenderRun/MasterSenderRun.xib; sourceTree = "<group>"; };
		0461ED1F1A9FCD1F00439749 /* MasterSenderScreenCalibrationRun.xib */ = {isa = PBXFileReference; fileEncoding = 4; lastKnownFileType = file.xib; name = MasterSenderScreenCalibrationRun.xib; path = MasterSenderRun/MasterSenderScreenCalibrationRun.xib; sourceTree = "<group>"; };
		0461ED211A9FCD9600439749 /* SlaveReceiverRun.xib */ = {isa = PBXFileReference; fileEncoding = 4; lastKnownFileType = file.xib; name = SlaveReceiverRun.xib; path = SlaveReceiverRun/SlaveReceiverRun.xib; sourceTree = "<group>"; };
		047DD1BD183A3B4C00A04F83 /* videoLat.app */ = {isa = PBXFileReference; explicitFileType = wrapper.application; includeInIndex = 0; path = videoLat.app; sourceTree = BUILT_PRODUCTS_DIR; };
		047DD1C1183A3B4C00A04F83 /* Cocoa.framework */ = {isa = PBXFileReference; lastKnownFileType = wrapper.framework; name = Cocoa.framework; path = System/Library/Frameworks/Cocoa.framework; sourceTree = SDKROOT; };
		047DD1C4183A3B4C00A04F83 /* AppKit.framework */ = {isa = PBXFileReference; lastKnownFileType = wrapper.framework; name = AppKit.framework; path = System/Library/Frameworks/AppKit.framework; sourceTree = SDKROOT; };
		047DD1C5183A3B4C00A04F83 /* CoreData.framework */ = {isa = PBXFileReference; lastKnownFileType = wrapper.framework; name = CoreData.framework; path = System/Library/Frameworks/CoreData.framework; sourceTree = SDKROOT; };
		047DD1C6183A3B4C00A04F83 /* Foundation.framework */ = {isa = PBXFileReference; lastKnownFileType = wrapper.framework; name = Foundation.framework; path = System/Library/Frameworks/Foundation.framework; sourceTree = SDKROOT; };
		047F65DF1A9620B400D86391 /* SystemConfiguration.framework */ = {isa = PBXFileReference; lastKnownFileType = wrapper.framework; name = SystemConfiguration.framework; path = System/Library/Frameworks/SystemConfiguration.framework; sourceTree = SDKROOT; };
		048FB6F419FD21040023D29C /* HardwareDevices */ = {isa = PBXFileReference; lastKnownFileType = folder; path = HardwareDevices; sourceTree = "<group>"; };
		049725D418FD563E00625326 /* BaseRunManager.h */ = {isa = PBXFileReference; fileEncoding = 4; lastKnownFileType = sourcecode.c.h; name = BaseRunManager.h; path = MeasurementRun/BaseRunManager.h; sourceTree = "<group>"; };
		049725D518FD563E00625326 /* BaseRunManager.m */ = {isa = PBXFileReference; fileEncoding = 4; lastKnownFileType = sourcecode.c.objc; name = BaseRunManager.m; path = MeasurementRun/BaseRunManager.m; sourceTree = "<group>"; };
		049725D618FD563E00625326 /* NewMeasurementView.xib */ = {isa = PBXFileReference; fileEncoding = 4; lastKnownFileType = file.xib; name = NewMeasurementView.xib; path = MeasurementRun/NewMeasurementView.xib; sourceTree = "<group>"; };
		049725D718FD563E00625326 /* RunCollector.h */ = {isa = PBXFileReference; fileEncoding = 4; lastKnownFileType = sourcecode.c.h; name = RunCollector.h; path = MeasurementRun/RunCollector.h; sourceTree = "<group>"; };
		049725D818FD563E00625326 /* RunCollector.m */ = {isa = PBXFileReference; fileEncoding = 4; lastKnownFileType = sourcecode.c.objc; name = RunCollector.m; path = MeasurementRun/RunCollector.m; sourceTree = "<group>"; };
		049725D918FD563E00625326 /* RunStatusView.h */ = {isa = PBXFileReference; fileEncoding = 4; lastKnownFileType = sourcecode.c.h; name = RunStatusView.h; path = MeasurementRun/RunStatusView.h; sourceTree = "<group>"; };
		049725DA18FD563E00625326 /* RunStatusView.m */ = {isa = PBXFileReference; fileEncoding = 4; lastKnownFileType = sourcecode.c.objc; name = RunStatusView.m; path = MeasurementRun/RunStatusView.m; sourceTree = "<group>"; };
		049725DB18FD563E00625326 /* RunManagerView.h */ = {isa = PBXFileReference; fileEncoding = 4; lastKnownFileType = sourcecode.c.h; name = RunManagerView.h; path = MeasurementRun/RunManagerView.h; sourceTree = "<group>"; };
		049725DC18FD563E00625326 /* RunManagerView.m */ = {isa = PBXFileReference; fileEncoding = 4; lastKnownFileType = sourcecode.c.objc; name = RunManagerView.m; path = MeasurementRun/RunManagerView.m; sourceTree = "<group>"; };
		049725E218FD568A00625326 /* HardwareOutputView.h */ = {isa = PBXFileReference; fileEncoding = 4; lastKnownFileType = sourcecode.c.h; name = HardwareOutputView.h; path = HardwareRun/HardwareOutputView.h; sourceTree = "<group>"; };
		049725E318FD568A00625326 /* HardwareOutputView.m */ = {isa = PBXFileReference; fileEncoding = 4; lastKnownFileType = sourcecode.c.objc; name = HardwareOutputView.m; path = HardwareRun/HardwareOutputView.m; sourceTree = "<group>"; };
		049725E418FD568A00625326 /* HardwareRunManager.h */ = {isa = PBXFileReference; fileEncoding = 4; lastKnownFileType = sourcecode.c.h; name = HardwareRunManager.h; path = HardwareRun/HardwareRunManager.h; sourceTree = "<group>"; };
		049725E518FD568A00625326 /* HardwareRunManager.m */ = {isa = PBXFileReference; fileEncoding = 4; lastKnownFileType = sourcecode.c.objc; name = HardwareRunManager.m; path = HardwareRun/HardwareRunManager.m; sourceTree = "<group>"; };
		049725E618FD568A00625326 /* HardwareRunManager.xib */ = {isa = PBXFileReference; fileEncoding = 4; lastKnownFileType = file.xib; name = HardwareRunManager.xib; path = HardwareRun/HardwareRunManager.xib; sourceTree = "<group>"; };
		049725FC18FD580300625326 /* findQRcodes.h */ = {isa = PBXFileReference; fileEncoding = 4; lastKnownFileType = sourcecode.c.h; name = findQRcodes.h; path = VideoRun/findQRcodes.h; sourceTree = "<group>"; };
		049725FD18FD580300625326 /* findQRcodes.mm */ = {isa = PBXFileReference; fileEncoding = 4; lastKnownFileType = sourcecode.cpp.objcpp; name = findQRcodes.mm; path = VideoRun/findQRcodes.mm; sourceTree = "<group>"; };
		049725FE18FD580300625326 /* genQRcodes.h */ = {isa = PBXFileReference; fileEncoding = 4; lastKnownFileType = sourcecode.c.h; name = genQRcodes.h; path = VideoRun/genQRcodes.h; sourceTree = "<group>"; };
		049725FF18FD580300625326 /* genQRcodes.m */ = {isa = PBXFileReference; fileEncoding = 4; lastKnownFileType = sourcecode.c.objc; name = genQRcodes.m; path = VideoRun/genQRcodes.m; sourceTree = "<group>"; };
		0497260018FD580300625326 /* VideoInput.h */ = {isa = PBXFileReference; fileEncoding = 4; lastKnownFileType = sourcecode.c.h; name = VideoInput.h; path = VideoRun/VideoInput.h; sourceTree = "<group>"; };
		0497260118FD580300625326 /* VideoInput.m */ = {isa = PBXFileReference; fileEncoding = 4; lastKnownFileType = sourcecode.c.objc; name = VideoInput.m; path = VideoRun/VideoInput.m; sourceTree = "<group>"; };
		0497260218FD580300625326 /* VideoOutputView.h */ = {isa = PBXFileReference; fileEncoding = 4; lastKnownFileType = sourcecode.c.h; name = VideoOutputView.h; path = VideoRun/VideoOutputView.h; sourceTree = "<group>"; };
		0497260318FD580300625326 /* VideoOutputView.m */ = {isa = PBXFileReference; fileEncoding = 4; lastKnownFileType = sourcecode.c.objc; name = VideoOutputView.m; path = VideoRun/VideoOutputView.m; sourceTree = "<group>"; };
		0497260418FD580300625326 /* VideoRunManager.h */ = {isa = PBXFileReference; fileEncoding = 4; lastKnownFileType = sourcecode.c.h; name = VideoRunManager.h; path = VideoRun/VideoRunManager.h; sourceTree = "<group>"; };
		0497260518FD580300625326 /* VideoRunManager.m */ = {isa = PBXFileReference; fileEncoding = 4; lastKnownFileType = sourcecode.c.objc; name = VideoRunManager.m; path = VideoRun/VideoRunManager.m; sourceTree = "<group>"; };
		0497260618FD580300625326 /* VideoRunManager.xib */ = {isa = PBXFileReference; fileEncoding = 4; lastKnownFileType = file.xib; name = VideoRunManager.xib; path = VideoRun/VideoRunManager.xib; sourceTree = "<group>"; };
		0497260718FD580300625326 /* VideoSelectionView.h */ = {isa = PBXFileReference; fileEncoding = 4; lastKnownFileType = sourcecode.c.h; name = VideoSelectionView.h; path = VideoRun/VideoSelectionView.h; sourceTree = "<group>"; };
		0497260818FD580300625326 /* VideoSelectionView.m */ = {isa = PBXFileReference; fileEncoding = 4; lastKnownFileType = sourcecode.c.objc; name = VideoSelectionView.m; path = VideoRun/VideoSelectionView.m; sourceTree = "<group>"; };
		0497261018FD581700625326 /* VideoMonoRunManager.h */ = {isa = PBXFileReference; fileEncoding = 4; lastKnownFileType = sourcecode.c.h; name = VideoMonoRunManager.h; path = VideoMonoRun/VideoMonoRunManager.h; sourceTree = "<group>"; };
		0497261118FD581700625326 /* VideoMonoRunManager.m */ = {isa = PBXFileReference; fileEncoding = 4; lastKnownFileType = sourcecode.c.objc; name = VideoMonoRunManager.m; path = VideoMonoRun/VideoMonoRunManager.m; sourceTree = "<group>"; };
		0497261218FD581700625326 /* VideoMonoRunManager.xib */ = {isa = PBXFileReference; fileEncoding = 4; lastKnownFileType = file.xib; name = VideoMonoRunManager.xib; path = VideoMonoRun/VideoMonoRunManager.xib; sourceTree = "<group>"; };
		0497261518FD582600625326 /* VideoCalibrationRunManager.h */ = {isa = PBXFileReference; fileEncoding = 4; lastKnownFileType = sourcecode.c.h; name = VideoCalibrationRunManager.h; path = VideoCalibrationRun/VideoCalibrationRunManager.h; sourceTree = "<group>"; };
		0497261618FD582600625326 /* VideoCalibrationRunManager.m */ = {isa = PBXFileReference; fileEncoding = 4; lastKnownFileType = sourcecode.c.objc; name = VideoCalibrationRunManager.m; path = VideoCalibrationRun/VideoCalibrationRunManager.m; sourceTree = "<group>"; };
		0497261718FD582600625326 /* VideoCalibrationRunManager.xib */ = {isa = PBXFileReference; fileEncoding = 4; lastKnownFileType = file.xib; name = VideoCalibrationRunManager.xib; path = VideoCalibrationRun/VideoCalibrationRunManager.xib; sourceTree = "<group>"; };
		0497261A18FD585600625326 /* HardwareToCameraRunManager.xib */ = {isa = PBXFileReference; fileEncoding = 4; lastKnownFileType = file.xib; name = HardwareToCameraRunManager.xib; path = MixedRun/HardwareToCameraRunManager.xib; sourceTree = "<group>"; };
		0497261C18FD589300625326 /* AudioInput.h */ = {isa = PBXFileReference; fileEncoding = 4; lastKnownFileType = sourcecode.c.h; name = AudioInput.h; path = AudioRun/AudioInput.h; sourceTree = "<group>"; };
		0497261D18FD589300625326 /* AudioInput.m */ = {isa = PBXFileReference; fileEncoding = 4; lastKnownFileType = sourcecode.c.objc; name = AudioInput.m; path = AudioRun/AudioInput.m; sourceTree = "<group>"; };
		0497261E18FD589300625326 /* AudioOutputView.h */ = {isa = PBXFileReference; fileEncoding = 4; lastKnownFileType = sourcecode.c.h; name = AudioOutputView.h; path = AudioRun/AudioOutputView.h; sourceTree = "<group>"; };
		0497261F18FD589300625326 /* AudioOutputView.m */ = {isa = PBXFileReference; fileEncoding = 4; lastKnownFileType = sourcecode.c.objc; name = AudioOutputView.m; path = AudioRun/AudioOutputView.m; sourceTree = "<group>"; };
		0497262018FD589300625326 /* AudioRunManager.h */ = {isa = PBXFileReference; fileEncoding = 4; lastKnownFileType = sourcecode.c.h; name = AudioRunManager.h; path = AudioRun/AudioRunManager.h; sourceTree = "<group>"; };
		0497262118FD589300625326 /* AudioRunManager.m */ = {isa = PBXFileReference; fileEncoding = 4; lastKnownFileType = sourcecode.c.objc; name = AudioRunManager.m; path = AudioRun/AudioRunManager.m; sourceTree = "<group>"; };
		0497262218FD589300625326 /* AudioRunManager.xib */ = {isa = PBXFileReference; fileEncoding = 4; lastKnownFileType = file.xib; name = AudioRunManager.xib; path = AudioRun/AudioRunManager.xib; sourceTree = "<group>"; };
		0497262318FD589300625326 /* AudioSelectionView.h */ = {isa = PBXFileReference; fileEncoding = 4; lastKnownFileType = sourcecode.c.h; name = AudioSelectionView.h; path = AudioRun/AudioSelectionView.h; sourceTree = "<group>"; };
		0497262418FD589300625326 /* AudioSelectionView.m */ = {isa = PBXFileReference; fileEncoding = 4; lastKnownFileType = sourcecode.c.objc; name = AudioSelectionView.m; path = AudioRun/AudioSelectionView.m; sourceTree = "<group>"; };
		0497262A18FD592C00625326 /* Document.h */ = {isa = PBXFileReference; fileEncoding = 4; lastKnownFileType = sourcecode.c.h; name = Document.h; path = Document/Document.h; sourceTree = "<group>"; };
		0497262B18FD592C00625326 /* Document.m */ = {isa = PBXFileReference; fileEncoding = 4; lastKnownFileType = sourcecode.c.objc; name = Document.m; path = Document/Document.m; sourceTree = "<group>"; };
		0497262C18FD592C00625326 /* DocumentDescriptionView.h */ = {isa = PBXFileReference; fileEncoding = 4; lastKnownFileType = sourcecode.c.h; name = DocumentDescriptionView.h; path = Document/DocumentDescriptionView.h; sourceTree = "<group>"; };
		0497262D18FD592C00625326 /* DocumentDescriptionView.m */ = {isa = PBXFileReference; fileEncoding = 4; lastKnownFileType = sourcecode.c.objc; name = DocumentDescriptionView.m; path = Document/DocumentDescriptionView.m; sourceTree = "<group>"; };
		0497262E18FD592C00625326 /* DocumentView.h */ = {isa = PBXFileReference; fileEncoding = 4; lastKnownFileType = sourcecode.c.h; name = DocumentView.h; path = Document/DocumentView.h; sourceTree = "<group>"; };
		0497262F18FD592C00625326 /* DocumentView.m */ = {isa = PBXFileReference; fileEncoding = 4; lastKnownFileType = sourcecode.c.objc; name = DocumentView.m; path = Document/DocumentView.m; sourceTree = "<group>"; };
		0497263018FD592C00625326 /* GraphView.h */ = {isa = PBXFileReference; fileEncoding = 4; lastKnownFileType = sourcecode.c.h; name = GraphView.h; path = Document/GraphView.h; sourceTree = "<group>"; };
		0497263118FD592C00625326 /* GraphView.m */ = {isa = PBXFileReference; fileEncoding = 4; lastKnownFileType = sourcecode.c.objc; name = GraphView.m; path = Document/GraphView.m; sourceTree = "<group>"; };
		0497263218FD592C00625326 /* MeasurementDataStore.h */ = {isa = PBXFileReference; fileEncoding = 4; lastKnownFileType = sourcecode.c.h; name = MeasurementDataStore.h; path = Document/MeasurementDataStore.h; sourceTree = "<group>"; };
		0497263318FD592C00625326 /* MeasurementDataStore.m */ = {isa = PBXFileReference; fileEncoding = 4; lastKnownFileType = sourcecode.c.objc; name = MeasurementDataStore.m; path = Document/MeasurementDataStore.m; sourceTree = "<group>"; };
		0497263418FD592C00625326 /* MeasurementDistribution.h */ = {isa = PBXFileReference; fileEncoding = 4; lastKnownFileType = sourcecode.c.h; name = MeasurementDistribution.h; path = Document/MeasurementDistribution.h; sourceTree = "<group>"; };
		0497263518FD592C00625326 /* MeasurementDistribution.m */ = {isa = PBXFileReference; fileEncoding = 4; lastKnownFileType = sourcecode.c.objc; name = MeasurementDistribution.m; path = Document/MeasurementDistribution.m; sourceTree = "<group>"; };
		0497263C18FD596F00625326 /* MeasurementType.h */ = {isa = PBXFileReference; fileEncoding = 4; lastKnownFileType = sourcecode.c.h; path = MeasurementType.h; sourceTree = "<group>"; };
		0497263D18FD596F00625326 /* MeasurementType.m */ = {isa = PBXFileReference; fileEncoding = 4; lastKnownFileType = sourcecode.c.objc; path = MeasurementType.m; sourceTree = "<group>"; };
		0497263F18FD5BDA00625326 /* docicon.icns */ = {isa = PBXFileReference; lastKnownFileType = image.icns; name = docicon.icns; path = icons/docicon.icns; sourceTree = SOURCE_ROOT; };
		0497264018FD5BDA00625326 /* icon.icns */ = {isa = PBXFileReference; lastKnownFileType = image.icns; name = icon.icns; path = icons/icon.icns; sourceTree = SOURCE_ROOT; };
		0497264318FD5E5F00625326 /* sounds */ = {isa = PBXFileReference; lastKnownFileType = folder; path = sounds; sourceTree = SOURCE_ROOT; };
		04A6D9391AB7820A0065FEA5 /* DeviceDescriptionView.h */ = {isa = PBXFileReference; fileEncoding = 4; lastKnownFileType = sourcecode.c.h; name = DeviceDescriptionView.h; path = Document/DeviceDescriptionView.h; sourceTree = "<group>"; };
		04A6D93A1AB7820A0065FEA5 /* DeviceDescriptionView.m */ = {isa = PBXFileReference; fileEncoding = 4; lastKnownFileType = sourcecode.c.objc; name = DeviceDescriptionView.m; path = Document/DeviceDescriptionView.m; sourceTree = "<group>"; };
		04A9C14719216EB70016E6C0 /* AudioCalibrationRunManager.xib */ = {isa = PBXFileReference; fileEncoding = 4; lastKnownFileType = file.xib; name = AudioCalibrationRunManager.xib; path = AudioCalibrationRun/AudioCalibrationRunManager.xib; sourceTree = "<group>"; };
		04A9C14919216F320016E6C0 /* AudioCalibrationRunManager.h */ = {isa = PBXFileReference; fileEncoding = 4; lastKnownFileType = sourcecode.c.h; name = AudioCalibrationRunManager.h; path = AudioCalibrationRun/AudioCalibrationRunManager.h; sourceTree = "<group>"; };
		04A9C14A19216F320016E6C0 /* AudioCalibrationRunManager.m */ = {isa = PBXFileReference; fileEncoding = 4; lastKnownFileType = sourcecode.c.objc; name = AudioCalibrationRunManager.m; path = AudioCalibrationRun/AudioCalibrationRunManager.m; sourceTree = "<group>"; };
		04AD00EF19D3097200DDFDE6 /* xibfiles.h */ = {isa = PBXFileReference; fileEncoding = 4; lastKnownFileType = sourcecode.c.h; path = xibfiles.h; sourceTree = "<group>"; };
		04B1915019D2ECBC001ABA66 /* Doxyfile */ = {isa = PBXFileReference; fileEncoding = 4; lastKnownFileType = text; path = Doxyfile; sourceTree = "<group>"; };
		04B58F18183A3CF000360A61 /* protocols.h */ = {isa = PBXFileReference; fileEncoding = 4; lastKnownFileType = sourcecode.c.h; path = protocols.h; sourceTree = "<group>"; };
		04B58F37183A3D5300360A61 /* libzbar.0.dylib */ = {isa = PBXFileReference; lastKnownFileType = "compiled.mach-o.dylib"; name = libzbar.0.dylib; path = thirdParty/installed/lib/libzbar.0.dylib; sourceTree = "<group>"; };
		04B58F38183A3D5300360A61 /* libzint.dylib */ = {isa = PBXFileReference; lastKnownFileType = "compiled.mach-o.dylib"; name = libzint.dylib; path = thirdParty/installed/lib/libzint.dylib; sourceTree = "<group>"; };
		04B6A69D19ED63C300E1E3B6 /* ScreenToHardwareRunManager.xib */ = {isa = PBXFileReference; fileEncoding = 4; lastKnownFileType = file.xib; name = ScreenToHardwareRunManager.xib; path = MixedRun/ScreenToHardwareRunManager.xib; sourceTree = "<group>"; };
		04D411101A02CABC009AFEED /* CalibrateScreenFromCameraRunManager.xib */ = {isa = PBXFileReference; fileEncoding = 4; lastKnownFileType = file.xib; name = CalibrateScreenFromCameraRunManager.xib; path = VideoMonoRun/CalibrateScreenFromCameraRunManager.xib; sourceTree = "<group>"; };
		04D411111A02CABC009AFEED /* CalibrateCameraFromScreenRunManager.xib */ = {isa = PBXFileReference; fileEncoding = 4; lastKnownFileType = file.xib; name = CalibrateCameraFromScreenRunManager.xib; path = VideoMonoRun/CalibrateCameraFromScreenRunManager.xib; sourceTree = "<group>"; };
		04DC70C7185B57EB005110A5 /* CoreLocation.framework */ = {isa = PBXFileReference; lastKnownFileType = wrapper.framework; name = CoreLocation.framework; path = ../../../../System/Library/Frameworks/CoreLocation.framework; sourceTree = "<group>"; };
		04DE78C61A11759A002BA654 /* HardwareSelectionView.h */ = {isa = PBXFileReference; fileEncoding = 4; lastKnownFileType = sourcecode.c.h; name = HardwareSelectionView.h; path = HardwareRun/HardwareSelectionView.h; sourceTree = "<group>"; };
		04DE78C71A11759A002BA654 /* HardwareSelectionView.m */ = {isa = PBXFileReference; fileEncoding = 4; lastKnownFileType = sourcecode.c.objc; name = HardwareSelectionView.m; path = HardwareRun/HardwareSelectionView.m; sourceTree = "<group>"; };
		04E4586818FEAEAD005712F6 /* AudioProcess.h */ = {isa = PBXFileReference; fileEncoding = 4; lastKnownFileType = sourcecode.c.h; name = AudioProcess.h; path = AudioRun/AudioProcess.h; sourceTree = "<group>"; };
		04E4586A18FEB39C005712F6 /* AudioProcess.m */ = {isa = PBXFileReference; fileEncoding = 4; lastKnownFileType = sourcecode.c.objc; name = AudioProcess.m; path = AudioRun/AudioProcess.m; sourceTree = "<group>"; };
		04ED2A161A9D23E2001FA0AC /* NewMeasurementView.h */ = {isa = PBXFileReference; fileEncoding = 4; lastKnownFileType = sourcecode.c.h; name = NewMeasurementView.h; path = MeasurementRun/NewMeasurementView.h; sourceTree = "<group>"; };
		04ED2A171A9D23E2001FA0AC /* NewMeasurementView.m */ = {isa = PBXFileReference; fileEncoding = 4; lastKnownFileType = sourcecode.c.objc; name = NewMeasurementView.m; path = MeasurementRun/NewMeasurementView.m; sourceTree = "<group>"; };
		04EEC1CB19DC4C5E0056899C /* SlaveReceiverCameraCalibrationRun.xib */ = {isa = PBXFileReference; fileEncoding = 4; lastKnownFileType = file.xib; name = SlaveReceiverCameraCalibrationRun.xib; path = SlaveReceiverRun/SlaveReceiverCameraCalibrationRun.xib; sourceTree = "<group>"; };
		04EEC1CE19DC4D9E0056899C /* NetworkOutputView.h */ = {isa = PBXFileReference; fileEncoding = 4; lastKnownFileType = sourcecode.c.h; name = NetworkOutputView.h; path = Networking/NetworkOutputView.h; sourceTree = "<group>"; };
		04EEC1CF19DC4D9E0056899C /* NetworkOutputView.m */ = {isa = PBXFileReference; fileEncoding = 4; lastKnownFileType = sourcecode.c.objc; name = NetworkOutputView.m; path = Networking/NetworkOutputView.m; sourceTree = "<group>"; };
		04EEC1D119DC8E2E0056899C /* NetworkInput.h */ = {isa = PBXFileReference; fileEncoding = 4; lastKnownFileType = sourcecode.c.h; name = NetworkInput.h; path = Networking/NetworkInput.h; sourceTree = "<group>"; };
		04EEC1D219DC8E2E0056899C /* NetworkInput.m */ = {isa = PBXFileReference; fileEncoding = 4; lastKnownFileType = sourcecode.c.objc; name = NetworkInput.m; path = Networking/NetworkInput.m; sourceTree = "<group>"; };
		04EEC1D519DC8E2E0056899C /* NetworkSelectionView.h */ = {isa = PBXFileReference; fileEncoding = 4; lastKnownFileType = sourcecode.c.h; name = NetworkSelectionView.h; path = Networking/NetworkSelectionView.h; sourceTree = "<group>"; };
		04EEC1D619DC8E2E0056899C /* NetworkSelectionView.m */ = {isa = PBXFileReference; fileEncoding = 4; lastKnownFileType = sourcecode.c.objc; name = NetworkSelectionView.m; path = Networking/NetworkSelectionView.m; sourceTree = "<group>"; };
		04EEC1DA19DC93A70056899C /* NetworkRunManager.h */ = {isa = PBXFileReference; fileEncoding = 4; lastKnownFileType = sourcecode.c.h; name = NetworkRunManager.h; path = Networking/NetworkRunManager.h; sourceTree = "<group>"; };
		04EEC1DB19DC93A70056899C /* NetworkRunManager.m */ = {isa = PBXFileReference; fileEncoding = 4; lastKnownFileType = sourcecode.c.objc; name = NetworkRunManager.m; path = Networking/NetworkRunManager.m; sourceTree = "<group>"; };
		04F9AA981AACF95D00AE5413 /* DownloadCalibrationViewController.h */ = {isa = PBXFileReference; fileEncoding = 4; lastKnownFileType = sourcecode.c.h; name = DownloadCalibrationViewController.h; path = Sharing/DownloadCalibrationViewController.h; sourceTree = "<group>"; };
		04F9AA991AACF95D00AE5413 /* DownloadCalibrationViewController.m */ = {isa = PBXFileReference; fileEncoding = 4; lastKnownFileType = sourcecode.c.objc; name = DownloadCalibrationViewController.m; path = Sharing/DownloadCalibrationViewController.m; sourceTree = "<group>"; };
		04FFDF93185A6FAE00B1CCCC /* videoLat.help */ = {isa = PBXFileReference; lastKnownFileType = folder; path = videoLat.help; sourceTree = SOURCE_ROOT; };
		04FFFC581AB2F0150023ED13 /* AppDelegate.h */ = {isa = PBXFileReference; fileEncoding = 4; lastKnownFileType = sourcecode.c.h; name = AppDelegate.h; path = mac/AppDelegate.h; sourceTree = "<group>"; };
		04FFFC591AB2F0150023ED13 /* AppDelegate.m */ = {isa = PBXFileReference; fileEncoding = 4; lastKnownFileType = sourcecode.c.objc; name = AppDelegate.m; path = mac/AppDelegate.m; sourceTree = "<group>"; };
		04FFFC5B1AB2F02B0023ED13 /* PythonLoader.h */ = {isa = PBXFileReference; fileEncoding = 4; lastKnownFileType = sourcecode.c.h; name = PythonLoader.h; path = mac/PythonLoader.h; sourceTree = "<group>"; };
		04FFFC5C1AB2F02B0023ED13 /* PythonLoader.m */ = {isa = PBXFileReference; fileEncoding = 4; lastKnownFileType = sourcecode.c.objc; name = PythonLoader.m; path = mac/PythonLoader.m; sourceTree = "<group>"; };
		04FFFC5E1AB2F03B0023ED13 /* videoLat.entitlements */ = {isa = PBXFileReference; fileEncoding = 4; lastKnownFileType = text.xml; name = videoLat.entitlements; path = src/mac/videoLat.entitlements; sourceTree = "<group>"; };
		04FFFC601AB2F0770023ED13 /* main.m */ = {isa = PBXFileReference; fileEncoding = 4; lastKnownFileType = sourcecode.c.objc; name = main.m; path = mac/main.m; sourceTree = "<group>"; };
		04FFFC651AB2F0F20023ED13 /* en */ = {isa = PBXFileReference; lastKnownFileType = text.rtf; name = en; path = mac/en.lproj/Credits.rtf; sourceTree = "<group>"; };
		04FFFC671AB2F0F20023ED13 /* en */ = {isa = PBXFileReference; lastKnownFileType = file.xib; name = en; path = mac/en.lproj/Document.xib; sourceTree = "<group>"; };
		04FFFC691AB2F0F20023ED13 /* en */ = {isa = PBXFileReference; lastKnownFileType = text.plist.strings; name = en; path = mac/en.lproj/InfoPlist.strings; sourceTree = "<group>"; };
		04FFFC6B1AB2F0F20023ED13 /* en */ = {isa = PBXFileReference; lastKnownFileType = file.xib; name = en; path = mac/en.lproj/MainMenu.xib; sourceTree = "<group>"; };
		04FFFC731AB2F1FE0023ED13 /* mac/videoLat-Prefix.pch */ = {isa = PBXFileReference; lastKnownFileType = sourcecode.c.h; path = "mac/videoLat-Prefix.pch"; sourceTree = "<group>"; };
		04FFFC741AB2F2840023ED13 /* mac/videoLat-Info.plist */ = {isa = PBXFileReference; fileEncoding = 4; lastKnownFileType = text.plist.xml; path = "mac/videoLat-Info.plist"; sourceTree = "<group>"; };
/* End PBXFileReference section */

/* Begin PBXFrameworksBuildPhase section */
		047DD1BA183A3B4C00A04F83 /* Frameworks */ = {
			isa = PBXFrameworksBuildPhase;
			buildActionMask = 2147483647;
			files = (
				047F65E01A9620B400D86391 /* SystemConfiguration.framework in Frameworks */,
				047DD1C2183A3B4C00A04F83 /* Cocoa.framework in Frameworks */,
				04B58F39183A3D5300360A61 /* libzbar.0.dylib in Frameworks */,
				04B58F3A183A3D5300360A61 /* libzint.dylib in Frameworks */,
				044F3D7D183A46390008CBA3 /* AVFoundation.framework in Frameworks */,
				044F3D7F183A46540008CBA3 /* CoreMedia.framework in Frameworks */,
				044F3D81183A467F0008CBA3 /* libpython2.7.dylib in Frameworks */,
				044F3D83183A469D0008CBA3 /* IOKit.framework in Frameworks */,
				044F3D85183A47170008CBA3 /* QuartzCore.framework in Frameworks */,
				04DC70C8185B57EB005110A5 /* CoreLocation.framework in Frameworks */,
			);
			runOnlyForDeploymentPostprocessing = 0;
		};
/* End PBXFrameworksBuildPhase section */

/* Begin PBXGroup section */
		040CF9D4183E4B1F0094C0D8 /* Document */ = {
			isa = PBXGroup;
			children = (
				04068ECF1AA47CD5004EF502 /* DeviceDescription.h */,
				04068ED01AA47CD5004EF502 /* DeviceDescription.m */,
				04A6D9391AB7820A0065FEA5 /* DeviceDescriptionView.h */,
				04A6D93A1AB7820A0065FEA5 /* DeviceDescriptionView.m */,
				0497262A18FD592C00625326 /* Document.h */,
				0497262B18FD592C00625326 /* Document.m */,
				0497262C18FD592C00625326 /* DocumentDescriptionView.h */,
				0497262D18FD592C00625326 /* DocumentDescriptionView.m */,
				0497262E18FD592C00625326 /* DocumentView.h */,
				0497262F18FD592C00625326 /* DocumentView.m */,
				0497263018FD592C00625326 /* GraphView.h */,
				0497263118FD592C00625326 /* GraphView.m */,
				04068ECC1AA476E3004EF502 /* MachineDescription.h */,
				04068ECD1AA476E3004EF502 /* MachineDescription.m */,
				0497263218FD592C00625326 /* MeasurementDataStore.h */,
				0497263318FD592C00625326 /* MeasurementDataStore.m */,
				0497263418FD592C00625326 /* MeasurementDistribution.h */,
				0497263518FD592C00625326 /* MeasurementDistribution.m */,
			);
			name = Document;
			sourceTree = "<group>";
		};
		040CF9D5183E4B4B0094C0D8 /* MeasurementRun */ = {
			isa = PBXGroup;
			children = (
				049725D418FD563E00625326 /* BaseRunManager.h */,
				049725D518FD563E00625326 /* BaseRunManager.m */,
				041E097E1A9DDAAC006A241C /* TemplateRunManager.xib */,
				049725D718FD563E00625326 /* RunCollector.h */,
				049725D818FD563E00625326 /* RunCollector.m */,
				049725D918FD563E00625326 /* RunStatusView.h */,
				049725DA18FD563E00625326 /* RunStatusView.m */,
				049725DB18FD563E00625326 /* RunManagerView.h */,
				049725DC18FD563E00625326 /* RunManagerView.m */,
				04DCC18C1867913800592A1F /* HardwareRun */,
				040CF9D6183E4B570094C0D8 /* VideoRun */,
				049725FB18FD57E200625326 /* VideoCalibrationRun */,
				049725FA18FD57D200625326 /* VideoMonoRun */,
				0412725618731D4B00CB014F /* MixedRun */,
				049903E718F94BD600085C91 /* AudioRun */,
				04A9C14619216E300016E6C0 /* AudioCalibrationRun */,
				04EEC1C919DC4B8F0056899C /* MasterSenderRun */,
				04EEC1CA19DC4BCE0056899C /* SlaveReceiverRun */,
				04EEC1CD19DC4D1A0056899C /* Networking */,
			);
			name = MeasurementRun;
			sourceTree = "<group>";
		};
		040CF9D6183E4B570094C0D8 /* VideoRun */ = {
			isa = PBXGroup;
			children = (
				049725FC18FD580300625326 /* findQRcodes.h */,
				049725FD18FD580300625326 /* findQRcodes.mm */,
				049725FE18FD580300625326 /* genQRcodes.h */,
				049725FF18FD580300625326 /* genQRcodes.m */,
				0497260018FD580300625326 /* VideoInput.h */,
				0497260118FD580300625326 /* VideoInput.m */,
				0497260218FD580300625326 /* VideoOutputView.h */,
				0497260318FD580300625326 /* VideoOutputView.m */,
				0497260418FD580300625326 /* VideoRunManager.h */,
				0497260518FD580300625326 /* VideoRunManager.m */,
				0497260618FD580300625326 /* VideoRunManager.xib */,
				0497260718FD580300625326 /* VideoSelectionView.h */,
				0497260818FD580300625326 /* VideoSelectionView.m */,
			);
			name = VideoRun;
			sourceTree = "<group>";
		};
		0412725618731D4B00CB014F /* MixedRun */ = {
			isa = PBXGroup;
			children = (
				0497261A18FD585600625326 /* HardwareToCameraRunManager.xib */,
				04B6A69D19ED63C300E1E3B6 /* ScreenToHardwareRunManager.xib */,
			);
			name = MixedRun;
			sourceTree = "<group>";
		};
		0425748F1AA8F1B000CFD180 /* Sharing */ = {
			isa = PBXGroup;
			children = (
				042574901AA8F28800CFD180 /* CalibrationSharing.h */,
				042574911AA8F28800CFD180 /* CalibrationSharing.m */,
			);
			name = Sharing;
			sourceTree = "<group>";
		};
		047DD1B2183A3B4C00A04F83 = {
			isa = PBXGroup;
			children = (
				04FFFC5E1AB2F03B0023ED13 /* videoLat.entitlements */,
				047DD1C7183A3B4D00A04F83 /* src */,
				04B1914F19D2ECA4001ABA66 /* Documentation */,
				047DD1C0183A3B4C00A04F83 /* Frameworks */,
				047DD1BE183A3B4C00A04F83 /* Products */,
			);
			sourceTree = "<group>";
		};
		047DD1BE183A3B4C00A04F83 /* Products */ = {
			isa = PBXGroup;
			children = (
				047DD1BD183A3B4C00A04F83 /* videoLat.app */,
			);
			name = Products;
			sourceTree = "<group>";
		};
		047DD1C0183A3B4C00A04F83 /* Frameworks */ = {
			isa = PBXGroup;
			children = (
				047F65DF1A9620B400D86391 /* SystemConfiguration.framework */,
				04B58F36183A3D3800360A61 /* thirdParty */,
				044F3D7C183A46390008CBA3 /* AVFoundation.framework */,
				044F3D7E183A46540008CBA3 /* CoreMedia.framework */,
				04DC70C7185B57EB005110A5 /* CoreLocation.framework */,
				044F3D84183A47170008CBA3 /* QuartzCore.framework */,
				044F3D82183A469D0008CBA3 /* IOKit.framework */,
				047DD1C1183A3B4C00A04F83 /* Cocoa.framework */,
				044F3D80183A467F0008CBA3 /* libpython2.7.dylib */,
				047DD1C3183A3B4C00A04F83 /* Other Frameworks */,
			);
			name = Frameworks;
			sourceTree = "<group>";
		};
		047DD1C3183A3B4C00A04F83 /* Other Frameworks */ = {
			isa = PBXGroup;
			children = (
				047DD1C4183A3B4C00A04F83 /* AppKit.framework */,
				047DD1C5183A3B4C00A04F83 /* CoreData.framework */,
				047DD1C6183A3B4C00A04F83 /* Foundation.framework */,
			);
			name = "Other Frameworks";
			sourceTree = "<group>";
		};
		047DD1C7183A3B4D00A04F83 /* src */ = {
			isa = PBXGroup;
			children = (
				04AD00EF19D3097200DDFDE6 /* xibfiles.h */,
				04B58F18183A3CF000360A61 /* protocols.h */,
				040E771A1AB6E0D6001A7918 /* compat.h */,
				040E771B1AB6E0D6001A7918 /* compat.m */,
				04138C741AB31ABA003D8167 /* CommonAppDelegate.h */,
				04138C751AB31ABA003D8167 /* CommonAppDelegate.m */,
				04FFFC581AB2F0150023ED13 /* AppDelegate.h */,
				04FFFC591AB2F0150023ED13 /* AppDelegate.m */,
				0497263C18FD596F00625326 /* MeasurementType.h */,
				0497263D18FD596F00625326 /* MeasurementType.m */,
				04FFFC5B1AB2F02B0023ED13 /* PythonLoader.h */,
				04FFFC5C1AB2F02B0023ED13 /* PythonLoader.m */,
				040CF9D5183E4B4B0094C0D8 /* MeasurementRun */,
				040CF9D4183E4B1F0094C0D8 /* Document */,
				04BCE78D1AADDAD40048F4EB /* NewDocument */,
				0425748F1AA8F1B000CFD180 /* Sharing */,
				047DD1C8183A3B4D00A04F83 /* Supporting Files */,
			);
			path = src;
			sourceTree = "<group>";
		};
		047DD1C8183A3B4D00A04F83 /* Supporting Files */ = {
			isa = PBXGroup;
			children = (
				04FFFC601AB2F0770023ED13 /* main.m */,
				04FFFC6A1AB2F0F20023ED13 /* MainMenu.xib */,
				04FFFC661AB2F0F20023ED13 /* Document.xib */,
				04FFFC741AB2F2840023ED13 /* mac/videoLat-Info.plist */,
				04FFFC731AB2F1FE0023ED13 /* mac/videoLat-Prefix.pch */,
				04FFFC681AB2F0F20023ED13 /* InfoPlist.strings */,
				04FFFC641AB2F0F20023ED13 /* Credits.rtf */,
				0497264018FD5BDA00625326 /* icon.icns */,
				0497263F18FD5BDA00625326 /* docicon.icns */,
				04FFDF93185A6FAE00B1CCCC /* videoLat.help */,
			);
			name = "Supporting Files";
			sourceTree = "<group>";
		};
		049725FA18FD57D200625326 /* VideoMonoRun */ = {
			isa = PBXGroup;
			children = (
				0497261018FD581700625326 /* VideoMonoRunManager.h */,
				0497261118FD581700625326 /* VideoMonoRunManager.m */,
				0497261218FD581700625326 /* VideoMonoRunManager.xib */,
				04D411101A02CABC009AFEED /* CalibrateScreenFromCameraRunManager.xib */,
				04D411111A02CABC009AFEED /* CalibrateCameraFromScreenRunManager.xib */,
			);
			name = VideoMonoRun;
			sourceTree = "<group>";
		};
		049725FB18FD57E200625326 /* VideoCalibrationRun */ = {
			isa = PBXGroup;
			children = (
				0497261518FD582600625326 /* VideoCalibrationRunManager.h */,
				0497261618FD582600625326 /* VideoCalibrationRunManager.m */,
				0497261718FD582600625326 /* VideoCalibrationRunManager.xib */,
			);
			name = VideoCalibrationRun;
			sourceTree = "<group>";
		};
		049903E718F94BD600085C91 /* AudioRun */ = {
			isa = PBXGroup;
			children = (
				0497264318FD5E5F00625326 /* sounds */,
				0497261C18FD589300625326 /* AudioInput.h */,
				0497261D18FD589300625326 /* AudioInput.m */,
				0497261E18FD589300625326 /* AudioOutputView.h */,
				0497261F18FD589300625326 /* AudioOutputView.m */,
				0497262018FD589300625326 /* AudioRunManager.h */,
				0497262118FD589300625326 /* AudioRunManager.m */,
				0497262218FD589300625326 /* AudioRunManager.xib */,
				0497262318FD589300625326 /* AudioSelectionView.h */,
				0497262418FD589300625326 /* AudioSelectionView.m */,
				04E4586818FEAEAD005712F6 /* AudioProcess.h */,
				04E4586A18FEB39C005712F6 /* AudioProcess.m */,
			);
			name = AudioRun;
			sourceTree = "<group>";
		};
		04A9C14619216E300016E6C0 /* AudioCalibrationRun */ = {
			isa = PBXGroup;
			children = (
				04A9C14719216EB70016E6C0 /* AudioCalibrationRunManager.xib */,
				04A9C14919216F320016E6C0 /* AudioCalibrationRunManager.h */,
				04A9C14A19216F320016E6C0 /* AudioCalibrationRunManager.m */,
			);
			name = AudioCalibrationRun;
			sourceTree = "<group>";
		};
		04B1914F19D2ECA4001ABA66 /* Documentation */ = {
			isa = PBXGroup;
			children = (
				04B1915019D2ECBC001ABA66 /* Doxyfile */,
			);
			name = Documentation;
			sourceTree = "<group>";
		};
		04B58F36183A3D3800360A61 /* thirdParty */ = {
			isa = PBXGroup;
			children = (
				04B58F37183A3D5300360A61 /* libzbar.0.dylib */,
				04B58F38183A3D5300360A61 /* libzint.dylib */,
			);
			name = thirdParty;
			sourceTree = "<group>";
		};
		04BCE78D1AADDAD40048F4EB /* NewDocument */ = {
			isa = PBXGroup;
			children = (
				04ED2A161A9D23E2001FA0AC /* NewMeasurementView.h */,
				04ED2A171A9D23E2001FA0AC /* NewMeasurementView.m */,
				049725D618FD563E00625326 /* NewMeasurementView.xib */,
				04F9AA981AACF95D00AE5413 /* DownloadCalibrationViewController.h */,
				04F9AA991AACF95D00AE5413 /* DownloadCalibrationViewController.m */,
			);
			name = NewDocument;
			sourceTree = "<group>";
		};
		04DCC18C1867913800592A1F /* HardwareRun */ = {
			isa = PBXGroup;
			children = (
				048FB6F419FD21040023D29C /* HardwareDevices */,
				049725E218FD568A00625326 /* HardwareOutputView.h */,
				049725E318FD568A00625326 /* HardwareOutputView.m */,
				049725E418FD568A00625326 /* HardwareRunManager.h */,
				049725E518FD568A00625326 /* HardwareRunManager.m */,
				049725E618FD568A00625326 /* HardwareRunManager.xib */,
				04DE78C61A11759A002BA654 /* HardwareSelectionView.h */,
				04DE78C71A11759A002BA654 /* HardwareSelectionView.m */,
			);
			name = HardwareRun;
			sourceTree = "<group>";
		};
		04EEC1C919DC4B8F0056899C /* MasterSenderRun */ = {
			isa = PBXGroup;
			children = (
				045AA71519E71BA300E28AED /* MasterSenderRun.xib */,
				0461ED1F1A9FCD1F00439749 /* MasterSenderScreenCalibrationRun.xib */,
			);
			name = MasterSenderRun;
			sourceTree = "<group>";
		};
		04EEC1CA19DC4BCE0056899C /* SlaveReceiverRun */ = {
			isa = PBXGroup;
			children = (
				0461ED211A9FCD9600439749 /* SlaveReceiverRun.xib */,
				04EEC1CB19DC4C5E0056899C /* SlaveReceiverCameraCalibrationRun.xib */,
			);
			name = SlaveReceiverRun;
			sourceTree = "<group>";
		};
		04EEC1CD19DC4D1A0056899C /* Networking */ = {
			isa = PBXGroup;
			children = (
				04EEC1D119DC8E2E0056899C /* NetworkInput.h */,
				04EEC1D219DC8E2E0056899C /* NetworkInput.m */,
				04EEC1CE19DC4D9E0056899C /* NetworkOutputView.h */,
				04EEC1CF19DC4D9E0056899C /* NetworkOutputView.m */,
				041714DB19DDECBE0019FA45 /* NetworkProtocol.h */,
				041714DC19DDEF340019FA45 /* NetworkProtocol.m */,
				04EEC1DA19DC93A70056899C /* NetworkRunManager.h */,
				04EEC1DB19DC93A70056899C /* NetworkRunManager.m */,
				04EEC1D519DC8E2E0056899C /* NetworkSelectionView.h */,
				04EEC1D619DC8E2E0056899C /* NetworkSelectionView.m */,
			);
			name = Networking;
			sourceTree = "<group>";
		};
/* End PBXGroup section */

/* Begin PBXLegacyTarget section */
		04B1914A19D0B84E001ABA66 /* videoLat.doxygen */ = {
			isa = PBXLegacyTarget;
			buildArgumentsString = "$(ACTION)";
			buildConfigurationList = 04B1914E19D0B84F001ABA66 /* Build configuration list for PBXLegacyTarget "videoLat.doxygen" */;
			buildPhases = (
			);
			buildToolPath = /Applications/Doxygen.app/Contents/Resources/doxygen;
			dependencies = (
			);
			name = videoLat.doxygen;
			passBuildSettingsInEnvironment = 1;
			productName = videoLat.doxygen;
		};
/* End PBXLegacyTarget section */

/* Begin PBXNativeTarget section */
		047DD1BC183A3B4C00A04F83 /* videoLat */ = {
			isa = PBXNativeTarget;
			buildConfigurationList = 047DD1DE183A3B4D00A04F83 /* Build configuration list for PBXNativeTarget "videoLat" */;
			buildPhases = (
				047DD1B9183A3B4C00A04F83 /* Sources */,
				047DD1BA183A3B4C00A04F83 /* Frameworks */,
				047DD1BB183A3B4C00A04F83 /* Resources */,
				049B52B2185A5B79004B0866 /* Run "internalize dylibs" script */,
			);
			buildRules = (
			);
			dependencies = (
			);
			name = videoLat;
			productName = videoLat;
			productReference = 047DD1BD183A3B4C00A04F83 /* videoLat.app */;
			productType = "com.apple.product-type.application";
		};
/* End PBXNativeTarget section */

/* Begin PBXProject section */
		047DD1B4183A3B4C00A04F83 /* Project object */ = {
			isa = PBXProject;
			attributes = {
				LastUpgradeCheck = 0450;
				ORGANIZATIONNAME = CWI;
				TargetAttributes = {
					047DD1BC183A3B4C00A04F83 = {
						DevelopmentTeam = W5J7983J99;
						SystemCapabilities = {
							com.apple.Sandbox = {
								enabled = 1;
							};
						};
					};
					04B1914A19D0B84E001ABA66 = {
						CreatedOnToolsVersion = 6.0.1;
					};
				};
			};
			buildConfigurationList = 047DD1B7183A3B4C00A04F83 /* Build configuration list for PBXProject "videoLat" */;
			compatibilityVersion = "Xcode 3.2";
			developmentRegion = English;
			hasScannedForEncodings = 0;
			knownRegions = (
				en,
			);
			mainGroup = 047DD1B2183A3B4C00A04F83;
			productRefGroup = 047DD1BE183A3B4C00A04F83 /* Products */;
			projectDirPath = "";
			projectRoot = "";
			targets = (
				047DD1BC183A3B4C00A04F83 /* videoLat */,
				04B1914A19D0B84E001ABA66 /* videoLat.doxygen */,
			);
		};
/* End PBXProject section */

/* Begin PBXResourcesBuildPhase section */
		047DD1BB183A3B4C00A04F83 /* Resources */ = {
			isa = PBXResourcesBuildPhase;
			buildActionMask = 2147483647;
			files = (
				04EEC1CC19DC4C5E0056899C /* SlaveReceiverCameraCalibrationRun.xib in Resources */,
				0497264418FD5E5F00625326 /* sounds in Resources */,
				049725DE18FD563E00625326 /* NewMeasurementView.xib in Resources */,
				045AA71619E71BA400E28AED /* MasterSenderRun.xib in Resources */,
				0497260E18FD580300625326 /* VideoRunManager.xib in Resources */,
				04B6A69E19ED63C300E1E3B6 /* ScreenToHardwareRunManager.xib in Resources */,
				04D411121A02CABC009AFEED /* CalibrateScreenFromCameraRunManager.xib in Resources */,
				0497264218FD5BDA00625326 /* icon.icns in Resources */,
				049725E918FD568A00625326 /* HardwareRunManager.xib in Resources */,
				0497264118FD5BDA00625326 /* docicon.icns in Resources */,
				0461ED201A9FCD1F00439749 /* MasterSenderScreenCalibrationRun.xib in Resources */,
				0497262818FD589300625326 /* AudioRunManager.xib in Resources */,
				0497261418FD581700625326 /* VideoMonoRunManager.xib in Resources */,
				0497261B18FD585600625326 /* HardwareToCameraRunManager.xib in Resources */,
				04B1915119D2ECBC001ABA66 /* Doxyfile in Resources */,
				04FFFC6E1AB2F0F20023ED13 /* InfoPlist.strings in Resources */,
				0497261918FD582600625326 /* VideoCalibrationRunManager.xib in Resources */,
				04FFFC751AB2F2840023ED13 /* mac/videoLat-Info.plist in Resources */,
				04D411131A02CABC009AFEED /* CalibrateCameraFromScreenRunManager.xib in Resources */,
				04FFFC6F1AB2F0F20023ED13 /* MainMenu.xib in Resources */,
				041E097F1A9DDAAC006A241C /* TemplateRunManager.xib in Resources */,
				04A9C14819216EB70016E6C0 /* AudioCalibrationRunManager.xib in Resources */,
				04FFFC6D1AB2F0F20023ED13 /* Document.xib in Resources */,
				04FFFC6C1AB2F0F20023ED13 /* Credits.rtf in Resources */,
				048FB6F519FD21040023D29C /* HardwareDevices in Resources */,
				04FFDF94185A6FAE00B1CCCC /* videoLat.help in Resources */,
				0461ED221A9FCD9600439749 /* SlaveReceiverRun.xib in Resources */,
				04FFFC5F1AB2F03B0023ED13 /* videoLat.entitlements in Resources */,
			);
			runOnlyForDeploymentPostprocessing = 0;
		};
/* End PBXResourcesBuildPhase section */

/* Begin PBXShellScriptBuildPhase section */
		049B52B2185A5B79004B0866 /* Run "internalize dylibs" script */ = {
			isa = PBXShellScriptBuildPhase;
			buildActionMask = 2147483647;
			files = (
			);
			inputPaths = (
			);
			name = "Run \"internalize dylibs\" script";
			outputPaths = (
			);
			runOnlyForDeploymentPostprocessing = 0;
			shellPath = /bin/sh;
			shellScript = "set -x\nif [ $BUILD_VARIANTS == normal ]; then\npython scripts/internalize_dylibs.py -v -s /usr/local/lib:thirdParty/installed/lib $TARGET_BUILD_DIR/$FULL_PRODUCT_NAME\nif [ \"$?\" != \"0\" ]; then\nexit 1\nfi\npython scripts/internalize_dylibs.py -c $TARGET_BUILD_DIR/$FULL_PRODUCT_NAME\nif [ \"$?\" != \"0\" ]; then\nexit 1\nfi\n\nfi";
		};
/* End PBXShellScriptBuildPhase section */

/* Begin PBXSourcesBuildPhase section */
		047DD1B9183A3B4C00A04F83 /* Sources */ = {
			isa = PBXSourcesBuildPhase;
			buildActionMask = 2147483647;
			files = (
				0497262518FD589300625326 /* AudioInput.m in Sources */,
				0497263B18FD592C00625326 /* MeasurementDistribution.m in Sources */,
				04EEC1D719DC8E2E0056899C /* NetworkInput.m in Sources */,
				0497262918FD589300625326 /* AudioSelectionView.m in Sources */,
				04DE78C81A11759A002BA654 /* HardwareSelectionView.m in Sources */,
				0497262718FD589300625326 /* AudioRunManager.m in Sources */,
				0497263818FD592C00625326 /* DocumentView.m in Sources */,
				049725E018FD563E00625326 /* RunStatusView.m in Sources */,
				0497260A18FD580300625326 /* genQRcodes.m in Sources */,
				04EEC1D019DC4D9E0056899C /* NetworkOutputView.m in Sources */,
				04F9AA9B1AACF95D00AE5413 /* DownloadCalibrationViewController.m in Sources */,
				049725E818FD568A00625326 /* HardwareRunManager.m in Sources */,
				0497260918FD580300625326 /* findQRcodes.mm in Sources */,
				049725DD18FD563E00625326 /* BaseRunManager.m in Sources */,
				041714DD19DDEF340019FA45 /* NetworkProtocol.m in Sources */,
				0497261318FD581700625326 /* VideoMonoRunManager.m in Sources */,
				042574921AA8F28800CFD180 /* CalibrationSharing.m in Sources */,
				049725E718FD568A00625326 /* HardwareOutputView.m in Sources */,
				0497263718FD592C00625326 /* DocumentDescriptionView.m in Sources */,
				04FFFC5A1AB2F0150023ED13 /* AppDelegate.m in Sources */,
				0497260C18FD580300625326 /* VideoOutputView.m in Sources */,
				04A6D93B1AB7820A0065FEA5 /* DeviceDescriptionView.m in Sources */,
				0497263918FD592C00625326 /* GraphView.m in Sources */,
				0497263E18FD596F00625326 /* MeasurementType.m in Sources */,
				04EEC1DC19DC93A70056899C /* NetworkRunManager.m in Sources */,
				040E771C1AB6E0D6001A7918 /* compat.m in Sources */,
				04ED2A181A9D23E2001FA0AC /* NewMeasurementView.m in Sources */,
				04068ECE1AA476E3004EF502 /* MachineDescription.m in Sources */,
				04068ED11AA47CD5004EF502 /* DeviceDescription.m in Sources */,
				049725DF18FD563E00625326 /* RunCollector.m in Sources */,
				0497260B18FD580300625326 /* VideoInput.m in Sources */,
				0497263618FD592C00625326 /* Document.m in Sources */,
				04FFFC5D1AB2F02B0023ED13 /* PythonLoader.m in Sources */,
				0497260F18FD580300625326 /* VideoSelectionView.m in Sources */,
				0497263A18FD592C00625326 /* MeasurementDataStore.m in Sources */,
				0497261818FD582600625326 /* VideoCalibrationRunManager.m in Sources */,
				04EEC1D919DC8E2E0056899C /* NetworkSelectionView.m in Sources */,
				0497260D18FD580300625326 /* VideoRunManager.m in Sources */,
				049725E118FD563E00625326 /* RunManagerView.m in Sources */,
				0497262618FD589300625326 /* AudioOutputView.m in Sources */,
				04E4586B18FEB39C005712F6 /* AudioProcess.m in Sources */,
				04FFFC611AB2F0770023ED13 /* main.m in Sources */,
				04A9C14B19216F320016E6C0 /* AudioCalibrationRunManager.m in Sources */,
				04138C761AB31ABA003D8167 /* CommonAppDelegate.m in Sources */,
			);
			runOnlyForDeploymentPostprocessing = 0;
		};
/* End PBXSourcesBuildPhase section */

/* Begin PBXVariantGroup section */
		04FFFC641AB2F0F20023ED13 /* Credits.rtf */ = {
			isa = PBXVariantGroup;
			children = (
				04FFFC651AB2F0F20023ED13 /* en */,
			);
			name = Credits.rtf;
			sourceTree = "<group>";
		};
		04FFFC661AB2F0F20023ED13 /* Document.xib */ = {
			isa = PBXVariantGroup;
			children = (
				04FFFC671AB2F0F20023ED13 /* en */,
			);
			name = Document.xib;
			sourceTree = "<group>";
		};
		04FFFC681AB2F0F20023ED13 /* InfoPlist.strings */ = {
			isa = PBXVariantGroup;
			children = (
				04FFFC691AB2F0F20023ED13 /* en */,
			);
			name = InfoPlist.strings;
			sourceTree = "<group>";
		};
		04FFFC6A1AB2F0F20023ED13 /* MainMenu.xib */ = {
			isa = PBXVariantGroup;
			children = (
				04FFFC6B1AB2F0F20023ED13 /* en */,
			);
			name = MainMenu.xib;
			sourceTree = "<group>";
		};
/* End PBXVariantGroup section */

/* Begin XCBuildConfiguration section */
		0422B4DF190FEEE2009435D4 /* Distribution */ = {
			isa = XCBuildConfiguration;
			buildSettings = {
				ALWAYS_SEARCH_USER_PATHS = NO;
				ARCHS = "$(ARCHS_STANDARD_64_BIT)";
				CLANG_CXX_LANGUAGE_STANDARD = "gnu++0x";
				CLANG_CXX_LIBRARY = "libc++";
				CLANG_ENABLE_OBJC_ARC = YES;
				CLANG_WARN_EMPTY_BODY = YES;
				CLANG_WARN__DUPLICATE_METHOD_MATCH = YES;
				CODE_SIGN_ENTITLEMENTS = src/mac/videoLat.entitlements;
				CODE_SIGN_IDENTITY = "Developer ID Application";
				COPY_PHASE_STRIP = YES;
				DEBUG_INFORMATION_FORMAT = "dwarf-with-dsym";
				GCC_C_LANGUAGE_STANDARD = gnu99;
				GCC_ENABLE_OBJC_EXCEPTIONS = YES;
				GCC_WARN_64_TO_32_BIT_CONVERSION = YES;
				GCC_WARN_ABOUT_RETURN_TYPE = YES;
				GCC_WARN_UNINITIALIZED_AUTOS = YES;
				GCC_WARN_UNUSED_VARIABLE = YES;
				HEADER_SEARCH_PATHS = /System/Library/Frameworks/Python.framework/Versions/2.7/include/python2.7;
				MACOSX_DEPLOYMENT_TARGET = 10.7;
				OTHER_CODE_SIGN_FLAGS = "--deep";
				PROVISIONING_PROFILE = "";
				SDKROOT = macosx;
				USER_HEADER_SEARCH_PATHS = thirdParty/installed/include;
				VIDEOLAT_VERSION = 1.1.5;
			};
			name = Distribution;
		};
		0422B4E0190FEEE2009435D4 /* Distribution */ = {
			isa = XCBuildConfiguration;
			buildSettings = {
				CODE_SIGN_ENTITLEMENTS = src/mac/videoLat.entitlements;
				COMBINE_HIDPI_IMAGES = YES;
				GCC_PRECOMPILE_PREFIX_HEADER = YES;
				GCC_PREFIX_HEADER = "src/mac/videoLat-Prefix.pch";
				INFOPLIST_FILE = "src/mac/videoLat-Info.plist";
				LIBRARY_SEARCH_PATHS = (
					"$(inherited)",
					"\"$(SRCROOT)/thirdParty/installed/lib\"",
					"\"$(SYSTEM_LIBRARY_DIR)/Frameworks/Python.framework/Versions/2.7/lib/python2.7/config\"",
				);
				PRODUCT_NAME = "$(TARGET_NAME)";
				VIDEOLAT_VERSION = "";
				WRAPPER_EXTENSION = app;
			};
			name = Distribution;
		};
		047DD1DC183A3B4D00A04F83 /* Debug */ = {
			isa = XCBuildConfiguration;
			buildSettings = {
				ALWAYS_SEARCH_USER_PATHS = NO;
				ARCHS = "$(ARCHS_STANDARD_64_BIT)";
				CLANG_CXX_LANGUAGE_STANDARD = "gnu++0x";
				CLANG_CXX_LIBRARY = "libc++";
				CLANG_ENABLE_OBJC_ARC = YES;
				CLANG_WARN_EMPTY_BODY = YES;
				CLANG_WARN__DUPLICATE_METHOD_MATCH = YES;
				CODE_SIGN_ENTITLEMENTS = src/mac/videoLat.entitlements;
				CODE_SIGN_IDENTITY = "";
				COPY_PHASE_STRIP = NO;
				GCC_C_LANGUAGE_STANDARD = gnu99;
				GCC_DYNAMIC_NO_PIC = NO;
				GCC_ENABLE_OBJC_EXCEPTIONS = YES;
				GCC_OPTIMIZATION_LEVEL = 0;
				GCC_PREPROCESSOR_DEFINITIONS = (
					"DEBUG=1",
					"$(inherited)",
				);
				GCC_SYMBOLS_PRIVATE_EXTERN = NO;
				GCC_WARN_64_TO_32_BIT_CONVERSION = YES;
				GCC_WARN_ABOUT_RETURN_TYPE = YES;
				GCC_WARN_UNINITIALIZED_AUTOS = YES;
				GCC_WARN_UNUSED_VARIABLE = YES;
				HEADER_SEARCH_PATHS = /System/Library/Frameworks/Python.framework/Versions/2.7/include/python2.7;
				MACOSX_DEPLOYMENT_TARGET = 10.7;
				ONLY_ACTIVE_ARCH = YES;
				OTHER_CODE_SIGN_FLAGS = "";
				PROVISIONING_PROFILE = "";
				SDKROOT = macosx;
				USER_HEADER_SEARCH_PATHS = thirdParty/installed/include;
				VIDEOLAT_VERSION = 1.1.5;
			};
			name = Debug;
		};
		047DD1DD183A3B4D00A04F83 /* Release */ = {
			isa = XCBuildConfiguration;
			buildSettings = {
				ALWAYS_SEARCH_USER_PATHS = NO;
				ARCHS = "$(ARCHS_STANDARD_64_BIT)";
				CLANG_CXX_LANGUAGE_STANDARD = "gnu++0x";
				CLANG_CXX_LIBRARY = "libc++";
				CLANG_ENABLE_OBJC_ARC = YES;
				CLANG_WARN_EMPTY_BODY = YES;
				CLANG_WARN__DUPLICATE_METHOD_MATCH = YES;
				CODE_SIGN_ENTITLEMENTS = src/mac/videoLat.entitlements;
				CODE_SIGN_IDENTITY = "";
				COPY_PHASE_STRIP = YES;
				DEBUG_INFORMATION_FORMAT = "dwarf-with-dsym";
				GCC_C_LANGUAGE_STANDARD = gnu99;
				GCC_ENABLE_OBJC_EXCEPTIONS = YES;
				GCC_WARN_64_TO_32_BIT_CONVERSION = YES;
				GCC_WARN_ABOUT_RETURN_TYPE = YES;
				GCC_WARN_UNINITIALIZED_AUTOS = YES;
				GCC_WARN_UNUSED_VARIABLE = YES;
				HEADER_SEARCH_PATHS = /System/Library/Frameworks/Python.framework/Versions/2.7/include/python2.7;
				MACOSX_DEPLOYMENT_TARGET = 10.7;
				SDKROOT = macosx;
				USER_HEADER_SEARCH_PATHS = thirdParty/installed/include;
				VIDEOLAT_VERSION = 1.1.5;
			};
			name = Release;
		};
		047DD1DF183A3B4D00A04F83 /* Debug */ = {
			isa = XCBuildConfiguration;
			buildSettings = {
				CODE_SIGN_ENTITLEMENTS = src/mac/videoLat.entitlements;
				COMBINE_HIDPI_IMAGES = YES;
				GCC_PRECOMPILE_PREFIX_HEADER = YES;
				GCC_PREFIX_HEADER = "src/mac/videoLat-Prefix.pch";
				INFOPLIST_FILE = "src/mac/videoLat-Info.plist";
				LIBRARY_SEARCH_PATHS = (
					"$(inherited)",
					"\"$(SRCROOT)/thirdParty/installed/lib\"",
					"\"$(SYSTEM_LIBRARY_DIR)/Frameworks/Python.framework/Versions/2.7/lib/python2.7/config\"",
				);
				PRODUCT_NAME = "$(TARGET_NAME)";
				VIDEOLAT_VERSION = "";
				WRAPPER_EXTENSION = app;
			};
			name = Debug;
		};
		047DD1E0183A3B4D00A04F83 /* Release */ = {
			isa = XCBuildConfiguration;
			buildSettings = {
				CODE_SIGN_ENTITLEMENTS = src/mac/videoLat.entitlements;
				COMBINE_HIDPI_IMAGES = YES;
				GCC_PRECOMPILE_PREFIX_HEADER = YES;
				GCC_PREFIX_HEADER = "src/mac/videoLat-Prefix.pch";
				INFOPLIST_FILE = "src/mac/videoLat-Info.plist";
				LIBRARY_SEARCH_PATHS = (
					"$(inherited)",
					"\"$(SRCROOT)/thirdParty/installed/lib\"",
					"\"$(SYSTEM_LIBRARY_DIR)/Frameworks/Python.framework/Versions/2.7/lib/python2.7/config\"",
				);
				PRODUCT_NAME = "$(TARGET_NAME)";
				VIDEOLAT_VERSION = "";
				WRAPPER_EXTENSION = app;
			};
			name = Release;
		};
		04B1914B19D0B84F001ABA66 /* Debug */ = {
			isa = XCBuildConfiguration;
			buildSettings = {
				CLANG_ENABLE_MODULES = YES;
				CLANG_WARN_BOOL_CONVERSION = YES;
				CLANG_WARN_CONSTANT_CONVERSION = YES;
				CLANG_WARN_DIRECT_OBJC_ISA_USAGE = YES_ERROR;
				CLANG_WARN_ENUM_CONVERSION = YES;
				CLANG_WARN_INT_CONVERSION = YES;
				CLANG_WARN_OBJC_ROOT_CLASS = YES_ERROR;
				CLANG_WARN_UNREACHABLE_CODE = YES;
				DEBUGGING_SYMBOLS = YES;
				ENABLE_STRICT_OBJC_MSGSEND = YES;
				GCC_GENERATE_DEBUGGING_SYMBOLS = YES;
				GCC_OPTIMIZATION_LEVEL = 0;
				GCC_PREPROCESSOR_DEFINITIONS = (
					"DEBUG=1",
					"$(inherited)",
				);
				GCC_WARN_ABOUT_RETURN_TYPE = YES_ERROR;
				GCC_WARN_UNDECLARED_SELECTOR = YES;
				GCC_WARN_UNINITIALIZED_AUTOS = YES_AGGRESSIVE;
				GCC_WARN_UNUSED_FUNCTION = YES;
				MACOSX_DEPLOYMENT_TARGET = 10.9;
				MTL_ENABLE_DEBUG_INFO = YES;
				OTHER_CFLAGS = "";
				OTHER_LDFLAGS = "";
				PRODUCT_NAME = "$(TARGET_NAME)";
			};
			name = Debug;
		};
		04B1914C19D0B84F001ABA66 /* Release */ = {
			isa = XCBuildConfiguration;
			buildSettings = {
				CLANG_ENABLE_MODULES = YES;
				CLANG_WARN_BOOL_CONVERSION = YES;
				CLANG_WARN_CONSTANT_CONVERSION = YES;
				CLANG_WARN_DIRECT_OBJC_ISA_USAGE = YES_ERROR;
				CLANG_WARN_ENUM_CONVERSION = YES;
				CLANG_WARN_INT_CONVERSION = YES;
				CLANG_WARN_OBJC_ROOT_CLASS = YES_ERROR;
				CLANG_WARN_UNREACHABLE_CODE = YES;
				ENABLE_NS_ASSERTIONS = NO;
				ENABLE_STRICT_OBJC_MSGSEND = YES;
				GCC_WARN_ABOUT_RETURN_TYPE = YES_ERROR;
				GCC_WARN_UNDECLARED_SELECTOR = YES;
				GCC_WARN_UNINITIALIZED_AUTOS = YES_AGGRESSIVE;
				GCC_WARN_UNUSED_FUNCTION = YES;
				MACOSX_DEPLOYMENT_TARGET = 10.9;
				MTL_ENABLE_DEBUG_INFO = NO;
				OTHER_CFLAGS = "";
				OTHER_LDFLAGS = "";
				PRODUCT_NAME = "$(TARGET_NAME)";
			};
			name = Release;
		};
		04B1914D19D0B84F001ABA66 /* Distribution */ = {
			isa = XCBuildConfiguration;
			buildSettings = {
				CLANG_ENABLE_MODULES = YES;
				CLANG_WARN_BOOL_CONVERSION = YES;
				CLANG_WARN_CONSTANT_CONVERSION = YES;
				CLANG_WARN_DIRECT_OBJC_ISA_USAGE = YES_ERROR;
				CLANG_WARN_ENUM_CONVERSION = YES;
				CLANG_WARN_INT_CONVERSION = YES;
				CLANG_WARN_OBJC_ROOT_CLASS = YES_ERROR;
				CLANG_WARN_UNREACHABLE_CODE = YES;
				ENABLE_NS_ASSERTIONS = NO;
				ENABLE_STRICT_OBJC_MSGSEND = YES;
				GCC_WARN_ABOUT_RETURN_TYPE = YES_ERROR;
				GCC_WARN_UNDECLARED_SELECTOR = YES;
				GCC_WARN_UNINITIALIZED_AUTOS = YES_AGGRESSIVE;
				GCC_WARN_UNUSED_FUNCTION = YES;
				MACOSX_DEPLOYMENT_TARGET = 10.9;
				MTL_ENABLE_DEBUG_INFO = NO;
				OTHER_CFLAGS = "";
				OTHER_LDFLAGS = "";
				PRODUCT_NAME = "$(TARGET_NAME)";
			};
			name = Distribution;
		};
/* End XCBuildConfiguration section */

/* Begin XCConfigurationList section */
		047DD1B7183A3B4C00A04F83 /* Build configuration list for PBXProject "videoLat" */ = {
			isa = XCConfigurationList;
			buildConfigurations = (
				047DD1DC183A3B4D00A04F83 /* Debug */,
				047DD1DD183A3B4D00A04F83 /* Release */,
				0422B4DF190FEEE2009435D4 /* Distribution */,
			);
			defaultConfigurationIsVisible = 0;
			defaultConfigurationName = Release;
		};
		047DD1DE183A3B4D00A04F83 /* Build configuration list for PBXNativeTarget "videoLat" */ = {
			isa = XCConfigurationList;
			buildConfigurations = (
				047DD1DF183A3B4D00A04F83 /* Debug */,
				047DD1E0183A3B4D00A04F83 /* Release */,
				0422B4E0190FEEE2009435D4 /* Distribution */,
			);
			defaultConfigurationIsVisible = 0;
			defaultConfigurationName = Release;
		};
		04B1914E19D0B84F001ABA66 /* Build configuration list for PBXLegacyTarget "videoLat.doxygen" */ = {
			isa = XCConfigurationList;
			buildConfigurations = (
				04B1914B19D0B84F001ABA66 /* Debug */,
				04B1914C19D0B84F001ABA66 /* Release */,
				04B1914D19D0B84F001ABA66 /* Distribution */,
			);
			defaultConfigurationIsVisible = 0;
			defaultConfigurationName = Release;
		};
/* End XCConfigurationList section */
	};
	rootObject = 047DD1B4183A3B4C00A04F83 /* Project object */;
}
