// !$*UTF8*$!
{
	archiveVersion = 1;
	classes = {
	};
	objectVersion = 45;
	objects = {

/* Begin PBXAggregateTarget section */
		044815E1129DC94700207D02 /* videoLat-distribution */ = {
			isa = PBXAggregateTarget;
			buildConfigurationList = 044815FA129DC96A00207D02 /* Build configuration list for PBXAggregateTarget "videoLat-distribution" */;
			buildPhases = (
				044815E7129DC95D00207D02 /* ShellScript */,
			);
			dependencies = (
				044815E5129DC95400207D02 /* PBXTargetDependency */,
			);
			name = "videoLat-distribution";
			productName = "videoLat-distribution";
		};
/* End PBXAggregateTarget section */

/* Begin PBXBuildFile section */
		040F2774121F3C3D003C3A4E /* genQRcodes.m in Sources */ = {isa = PBXBuildFile; fileRef = 040F2773121F3C3D003C3A4E /* genQRcodes.m */; };
		040F2779121F3C51003C3A4E /* findQRcodes.mm in Sources */ = {isa = PBXBuildFile; fileRef = 040F2778121F3C51003C3A4E /* findQRcodes.mm */; };
		0430BD5D122306C400E14F88 /* output.m in Sources */ = {isa = PBXBuildFile; fileRef = 0430BD5C122306C400E14F88 /* output.m */; };
		043153A6122EACB000D64AD2 /* OutputView.m in Sources */ = {isa = PBXBuildFile; fileRef = 043153A5122EACB000D64AD2 /* OutputView.m */; };
		046D1542122D3C2000222461 /* PythonSwitcher.m in Sources */ = {isa = PBXBuildFile; fileRef = 046D1541122D3C2000222461 /* PythonSwitcher.m */; };
		046D1590122D4E4D00222461 /* Python.framework in Frameworks */ = {isa = PBXBuildFile; fileRef = 046D158F122D4E4D00222461 /* Python.framework */; };
		048501CC1296B488004DD75B /* libzint.dylib in Frameworks */ = {isa = PBXBuildFile; fileRef = 048501CB1296B488004DD75B /* libzint.dylib */; };
		048501CF1296B4FD004DD75B /* libzbar.a in Frameworks */ = {isa = PBXBuildFile; fileRef = 048501CE1296B4FD004DD75B /* libzbar.a */; };
		04970CC7122712BA0014B897 /* SettingsView.m in Sources */ = {isa = PBXBuildFile; fileRef = 04970CC6122712BA0014B897 /* SettingsView.m */; };
		0498384B1227A4F2001D87DA /* Manager.m in Sources */ = {isa = PBXBuildFile; fileRef = 0498384A1227A4F2001D87DA /* Manager.m */; };
		04AF710C129A7EE700BF94CF /* sw_ta2vcecut.py in Resources */ = {isa = PBXBuildFile; fileRef = 04AF710B129A7EE700BF94CF /* sw_ta2vcecut.py */; };
		04AF7116129A7EFC00BF94CF /* pp_summary in Resources */ = {isa = PBXBuildFile; fileRef = 04AF710D129A7EFC00BF94CF /* pp_summary */; };
		04AF71E4129AAE4900BF94CF /* appDelegate.m in Sources */ = {isa = PBXBuildFile; fileRef = 04AF71E3129AAE4900BF94CF /* appDelegate.m */; };
		04E401AC129E711900B3227F /* help in Resources */ = {isa = PBXBuildFile; fileRef = 04E401A7129E711900B3227F /* help */; };
		04ED0E5B121F22D0005B205E /* QuartzCore.framework in Frameworks */ = {isa = PBXBuildFile; fileRef = 04ED0E5A121F22D0005B205E /* QuartzCore.framework */; };
		04F71800129348620016CFA4 /* icon.icns in Resources */ = {isa = PBXBuildFile; fileRef = 04F717FF129348620016CFA4 /* icon.icns */; };
		1DDD58160DA1D0A300B32029 /* MainMenu.xib in Resources */ = {isa = PBXBuildFile; fileRef = 1DDD58140DA1D0A300B32029 /* MainMenu.xib */; };
		229BEEFF0FB655D5000BB0ED /* iSight.mm in Sources */ = {isa = PBXBuildFile; fileRef = 229BEEFE0FB655D5000BB0ED /* iSight.mm */; };
		22CAECCE0FB6450700337FDA /* QTKit.framework in Frameworks */ = {isa = PBXBuildFile; fileRef = 22CAECCD0FB6450700337FDA /* QTKit.framework */; };
		8D11072B0486CEB800E47090 /* InfoPlist.strings in Resources */ = {isa = PBXBuildFile; fileRef = 089C165CFE840E0CC02AAC07 /* InfoPlist.strings */; };
		8D11072D0486CEB800E47090 /* main.m in Sources */ = {isa = PBXBuildFile; fileRef = 29B97316FDCFA39411CA2CEA /* main.m */; settings = {ATTRIBUTES = (); }; };
		8D11072F0486CEB800E47090 /* Cocoa.framework in Frameworks */ = {isa = PBXBuildFile; fileRef = 1058C7A1FEA54F0111CA2CBB /* Cocoa.framework */; };
/* End PBXBuildFile section */

/* Begin PBXContainerItemProxy section */
		044815E4129DC95400207D02 /* PBXContainerItemProxy */ = {
			isa = PBXContainerItemProxy;
			containerPortal = 29B97313FDCFA39411CA2CEA /* Project object */;
			proxyType = 1;
			remoteGlobalIDString = 8D1107260486CEB800E47090;
			remoteInfo = videoLat;
		};
/* End PBXContainerItemProxy section */

/* Begin PBXFileReference section */
		040F2772121F3C3D003C3A4E /* genQRcodes.h */ = {isa = PBXFileReference; fileEncoding = 4; lastKnownFileType = sourcecode.c.h; path = genQRcodes.h; sourceTree = "<group>"; };
		040F2773121F3C3D003C3A4E /* genQRcodes.m */ = {isa = PBXFileReference; fileEncoding = 4; lastKnownFileType = sourcecode.c.objc; path = genQRcodes.m; sourceTree = "<group>"; };
		040F2777121F3C51003C3A4E /* findQRcodes.h */ = {isa = PBXFileReference; fileEncoding = 4; lastKnownFileType = sourcecode.c.h; path = findQRcodes.h; sourceTree = "<group>"; };
		040F2778121F3C51003C3A4E /* findQRcodes.mm */ = {isa = PBXFileReference; fileEncoding = 4; lastKnownFileType = sourcecode.cpp.objcpp; path = findQRcodes.mm; sourceTree = "<group>"; };
		04105A3C129E7C650005AABA /* COPYING */ = {isa = PBXFileReference; fileEncoding = 4; lastKnownFileType = text; path = COPYING; sourceTree = "<group>"; };
		04105A3D129E7C650005AABA /* internalize_dylibs.py */ = {isa = PBXFileReference; fileEncoding = 4; lastKnownFileType = text.script.python; path = internalize_dylibs.py; sourceTree = "<group>"; };
		04105A3E129E7C650005AABA /* README.txt */ = {isa = PBXFileReference; fileEncoding = 4; lastKnownFileType = text; path = README.txt; sourceTree = "<group>"; };
		0430BD5B122306C400E14F88 /* output.h */ = {isa = PBXFileReference; fileEncoding = 4; lastKnownFileType = sourcecode.c.h; path = output.h; sourceTree = "<group>"; };
		0430BD5C122306C400E14F88 /* output.m */ = {isa = PBXFileReference; fileEncoding = 4; lastKnownFileType = sourcecode.c.objc; path = output.m; sourceTree = "<group>"; };
		043153A4122EACB000D64AD2 /* OutputView.h */ = {isa = PBXFileReference; fileEncoding = 4; lastKnownFileType = sourcecode.c.h; path = OutputView.h; sourceTree = "<group>"; };
		043153A5122EACB000D64AD2 /* OutputView.m */ = {isa = PBXFileReference; fileEncoding = 4; lastKnownFileType = sourcecode.c.objc; path = OutputView.m; sourceTree = "<group>"; };
		046D1540122D3C2000222461 /* PythonSwitcher.h */ = {isa = PBXFileReference; fileEncoding = 4; lastKnownFileType = sourcecode.c.h; path = PythonSwitcher.h; sourceTree = "<group>"; };
		046D1541122D3C2000222461 /* PythonSwitcher.m */ = {isa = PBXFileReference; fileEncoding = 4; lastKnownFileType = sourcecode.c.objc; path = PythonSwitcher.m; sourceTree = "<group>"; };
		046D158F122D4E4D00222461 /* Python.framework */ = {isa = PBXFileReference; lastKnownFileType = wrapper.framework; name = Python.framework; path = /System/Library/Frameworks/Python.framework; sourceTree = "<absolute>"; };
		048501CB1296B488004DD75B /* libzint.dylib */ = {isa = PBXFileReference; lastKnownFileType = "compiled.mach-o.dylib"; name = libzint.dylib; path = "thirdParty/zint-2.3.2/build/backend/libzint.dylib"; sourceTree = "<group>"; };
		048501CE1296B4FD004DD75B /* libzbar.a */ = {isa = PBXFileReference; lastKnownFileType = archive.ar; name = libzbar.a; path = "thirdParty/zbar-0.10-src/zbar/.libs/libzbar.a"; sourceTree = "<group>"; };
		04970CC5122712BA0014B897 /* SettingsView.h */ = {isa = PBXFileReference; fileEncoding = 4; lastKnownFileType = sourcecode.c.h; path = SettingsView.h; sourceTree = "<group>"; };
		04970CC6122712BA0014B897 /* SettingsView.m */ = {isa = PBXFileReference; fileEncoding = 4; lastKnownFileType = sourcecode.c.objc; path = SettingsView.m; sourceTree = "<group>"; };
		049838491227A4F2001D87DA /* Manager.h */ = {isa = PBXFileReference; fileEncoding = 4; lastKnownFileType = sourcecode.c.h; path = Manager.h; sourceTree = "<group>"; };
		0498384A1227A4F2001D87DA /* Manager.m */ = {isa = PBXFileReference; fileEncoding = 4; lastKnownFileType = sourcecode.c.objc; path = Manager.m; sourceTree = "<group>"; };
		04AF710B129A7EE700BF94CF /* sw_ta2vcecut.py */ = {isa = PBXFileReference; fileEncoding = 4; lastKnownFileType = text.script.python; path = sw_ta2vcecut.py; sourceTree = "<group>"; };
		04AF710D129A7EFC00BF94CF /* pp_summary */ = {isa = PBXFileReference; lastKnownFileType = folder; path = pp_summary; sourceTree = "<group>"; };
		04AF71E2129AAE4900BF94CF /* appDelegate.h */ = {isa = PBXFileReference; fileEncoding = 4; lastKnownFileType = sourcecode.c.h; path = appDelegate.h; sourceTree = "<group>"; };
		04AF71E3129AAE4900BF94CF /* appDelegate.m */ = {isa = PBXFileReference; fileEncoding = 4; lastKnownFileType = sourcecode.c.objc; path = appDelegate.m; sourceTree = "<group>"; };
		04E401A7129E711900B3227F /* help */ = {isa = PBXFileReference; lastKnownFileType = folder; path = help; sourceTree = "<group>"; };
		04ED0E5A121F22D0005B205E /* QuartzCore.framework */ = {isa = PBXFileReference; lastKnownFileType = wrapper.framework; name = QuartzCore.framework; path = System/Library/Frameworks/QuartzCore.framework; sourceTree = SDKROOT; };
		04F717FF129348620016CFA4 /* icon.icns */ = {isa = PBXFileReference; lastKnownFileType = image.icns; path = icon.icns; sourceTree = "<group>"; };
		089C165DFE840E0CC02AAC07 /* English */ = {isa = PBXFileReference; fileEncoding = 10; lastKnownFileType = text.plist.strings; name = English; path = English.lproj/InfoPlist.strings; sourceTree = "<group>"; };
		1058C7A1FEA54F0111CA2CBB /* Cocoa.framework */ = {isa = PBXFileReference; lastKnownFileType = wrapper.framework; name = Cocoa.framework; path = /System/Library/Frameworks/Cocoa.framework; sourceTree = "<absolute>"; };
		13E42FB307B3F0F600E4EEF1 /* CoreData.framework */ = {isa = PBXFileReference; lastKnownFileType = wrapper.framework; name = CoreData.framework; path = /System/Library/Frameworks/CoreData.framework; sourceTree = "<absolute>"; };
		1DDD58150DA1D0A300B32029 /* English */ = {isa = PBXFileReference; lastKnownFileType = file.xib; name = English; path = English.lproj/MainMenu.xib; sourceTree = "<group>"; };
		229BEEFD0FB655D5000BB0ED /* iSight.h */ = {isa = PBXFileReference; fileEncoding = 4; lastKnownFileType = sourcecode.c.h; path = iSight.h; sourceTree = "<group>"; };
		229BEEFE0FB655D5000BB0ED /* iSight.mm */ = {isa = PBXFileReference; fileEncoding = 4; lastKnownFileType = sourcecode.cpp.objcpp; path = iSight.mm; sourceTree = "<group>"; };
		22CAECCD0FB6450700337FDA /* QTKit.framework */ = {isa = PBXFileReference; lastKnownFileType = wrapper.framework; name = QTKit.framework; path = /System/Library/Frameworks/QTKit.framework; sourceTree = "<absolute>"; };
		29B97316FDCFA39411CA2CEA /* main.m */ = {isa = PBXFileReference; fileEncoding = 4; lastKnownFileType = sourcecode.c.objc; path = main.m; sourceTree = "<group>"; };
		29B97324FDCFA39411CA2CEA /* AppKit.framework */ = {isa = PBXFileReference; lastKnownFileType = wrapper.framework; name = AppKit.framework; path = /System/Library/Frameworks/AppKit.framework; sourceTree = "<absolute>"; };
		29B97325FDCFA39411CA2CEA /* Foundation.framework */ = {isa = PBXFileReference; lastKnownFileType = wrapper.framework; name = Foundation.framework; path = /System/Library/Frameworks/Foundation.framework; sourceTree = "<absolute>"; };
		32CA4F630368D1EE00C91783 /* videoLat_Prefix.pch */ = {isa = PBXFileReference; fileEncoding = 4; lastKnownFileType = sourcecode.c.h; path = videoLat_Prefix.pch; sourceTree = "<group>"; };
		8D1107310486CEB800E47090 /* Info.plist */ = {isa = PBXFileReference; fileEncoding = 4; lastKnownFileType = text.plist.xml; path = Info.plist; sourceTree = "<group>"; };
		8D1107320486CEB800E47090 /* videoLat.app */ = {isa = PBXFileReference; explicitFileType = wrapper.application; includeInIndex = 0; path = videoLat.app; sourceTree = BUILT_PRODUCTS_DIR; };
/* End PBXFileReference section */

/* Begin PBXFrameworksBuildPhase section */
		8D11072E0486CEB800E47090 /* Frameworks */ = {
			isa = PBXFrameworksBuildPhase;
			buildActionMask = 2147483647;
			files = (
				8D11072F0486CEB800E47090 /* Cocoa.framework in Frameworks */,
				22CAECCE0FB6450700337FDA /* QTKit.framework in Frameworks */,
				04ED0E5B121F22D0005B205E /* QuartzCore.framework in Frameworks */,
				046D1590122D4E4D00222461 /* Python.framework in Frameworks */,
				048501CC1296B488004DD75B /* libzint.dylib in Frameworks */,
				048501CF1296B4FD004DD75B /* libzbar.a in Frameworks */,
			);
			runOnlyForDeploymentPostprocessing = 0;
		};
/* End PBXFrameworksBuildPhase section */

/* Begin PBXGroup section */
		04105A3B129E7C2F0005AABA /* Helper Files */ = {
			isa = PBXGroup;
			children = (
				04105A3C129E7C650005AABA /* COPYING */,
				04105A3D129E7C650005AABA /* internalize_dylibs.py */,
				04105A3E129E7C650005AABA /* README.txt */,
			);
			name = "Helper Files";
			sourceTree = "<group>";
		};
		04CF18461221B11700CB32C8 /* zbar */ = {
			isa = PBXGroup;
			children = (
				048501CE1296B4FD004DD75B /* libzbar.a */,
			);
			name = zbar;
			sourceTree = "<group>";
		};
		04CF18481221B11F00CB32C8 /* zint */ = {
			isa = PBXGroup;
			children = (
				048501CB1296B488004DD75B /* libzint.dylib */,
			);
			name = zint;
			sourceTree = "<group>";
		};
		080E96DDFE201D6D7F000001 /* Classes */ = {
			isa = PBXGroup;
			children = (
				04AF71E2129AAE4900BF94CF /* appDelegate.h */,
				04AF71E3129AAE4900BF94CF /* appDelegate.m */,
				040F2777121F3C51003C3A4E /* findQRcodes.h */,
				040F2778121F3C51003C3A4E /* findQRcodes.mm */,
				04970CC5122712BA0014B897 /* SettingsView.h */,
				04970CC6122712BA0014B897 /* SettingsView.m */,
				229BEEFD0FB655D5000BB0ED /* iSight.h */,
				229BEEFE0FB655D5000BB0ED /* iSight.mm */,
				040F2772121F3C3D003C3A4E /* genQRcodes.h */,
				040F2773121F3C3D003C3A4E /* genQRcodes.m */,
				049838491227A4F2001D87DA /* Manager.h */,
				0498384A1227A4F2001D87DA /* Manager.m */,
				0430BD5B122306C400E14F88 /* output.h */,
				0430BD5C122306C400E14F88 /* output.m */,
				046D1540122D3C2000222461 /* PythonSwitcher.h */,
				046D1541122D3C2000222461 /* PythonSwitcher.m */,
				043153A4122EACB000D64AD2 /* OutputView.h */,
				043153A5122EACB000D64AD2 /* OutputView.m */,
			);
			name = Classes;
			sourceTree = "<group>";
		};
		1058C7A0FEA54F0111CA2CBB /* Linked Frameworks */ = {
			isa = PBXGroup;
			children = (
				22CAECCD0FB6450700337FDA /* QTKit.framework */,
				046D158F122D4E4D00222461 /* Python.framework */,
				1058C7A1FEA54F0111CA2CBB /* Cocoa.framework */,
			);
			name = "Linked Frameworks";
			sourceTree = "<group>";
		};
		1058C7A2FEA54F0111CA2CBB /* Other Frameworks */ = {
			isa = PBXGroup;
			children = (
				29B97324FDCFA39411CA2CEA /* AppKit.framework */,
				13E42FB307B3F0F600E4EEF1 /* CoreData.framework */,
				29B97325FDCFA39411CA2CEA /* Foundation.framework */,
			);
			name = "Other Frameworks";
			sourceTree = "<group>";
		};
		19C28FACFE9D520D11CA2CBB /* Products */ = {
			isa = PBXGroup;
			children = (
				8D1107320486CEB800E47090 /* videoLat.app */,
			);
			name = Products;
			sourceTree = "<group>";
		};
		29B97314FDCFA39411CA2CEA /* iSight */ = {
			isa = PBXGroup;
			children = (
				04105A3B129E7C2F0005AABA /* Helper Files */,
				04CF18481221B11F00CB32C8 /* zint */,
				04CF18461221B11700CB32C8 /* zbar */,
				080E96DDFE201D6D7F000001 /* Classes */,
				29B97315FDCFA39411CA2CEA /* Other Sources */,
				29B97317FDCFA39411CA2CEA /* Resources */,
				29B97323FDCFA39411CA2CEA /* Frameworks */,
				19C28FACFE9D520D11CA2CBB /* Products */,
			);
			name = iSight;
			sourceTree = "<group>";
		};
		29B97315FDCFA39411CA2CEA /* Other Sources */ = {
			isa = PBXGroup;
			children = (
				32CA4F630368D1EE00C91783 /* videoLat_Prefix.pch */,
				29B97316FDCFA39411CA2CEA /* main.m */,
			);
			name = "Other Sources";
			sourceTree = "<group>";
		};
		29B97317FDCFA39411CA2CEA /* Resources */ = {
			isa = PBXGroup;
			children = (
				04E401A7129E711900B3227F /* help */,
				04AF710D129A7EFC00BF94CF /* pp_summary */,
				04AF710B129A7EE700BF94CF /* sw_ta2vcecut.py */,
				04F717FF129348620016CFA4 /* icon.icns */,
				8D1107310486CEB800E47090 /* Info.plist */,
				089C165CFE840E0CC02AAC07 /* InfoPlist.strings */,
				1DDD58140DA1D0A300B32029 /* MainMenu.xib */,
			);
			name = Resources;
			sourceTree = "<group>";
		};
		29B97323FDCFA39411CA2CEA /* Frameworks */ = {
			isa = PBXGroup;
			children = (
				1058C7A0FEA54F0111CA2CBB /* Linked Frameworks */,
				1058C7A2FEA54F0111CA2CBB /* Other Frameworks */,
			);
			name = Frameworks;
			sourceTree = "<group>";
		};
/* End PBXGroup section */

/* Begin PBXNativeTarget section */
		8D1107260486CEB800E47090 /* videoLat */ = {
			isa = PBXNativeTarget;
			buildConfigurationList = C01FCF4A08A954540054247B /* Build configuration list for PBXNativeTarget "videoLat" */;
			buildPhases = (
				8D1107290486CEB800E47090 /* Resources */,
				8D11072C0486CEB800E47090 /* Sources */,
				8D11072E0486CEB800E47090 /* Frameworks */,
				0499439B129C033A00F8E2ED /* ShellScript */,
			);
			buildRules = (
			);
			dependencies = (
			);
			name = videoLat;
			productInstallPath = "$(HOME)/Applications";
			productName = iSight;
			productReference = 8D1107320486CEB800E47090 /* videoLat.app */;
			productType = "com.apple.product-type.application";
		};
/* End PBXNativeTarget section */

/* Begin PBXProject section */
		29B97313FDCFA39411CA2CEA /* Project object */ = {
			isa = PBXProject;
			buildConfigurationList = C01FCF4E08A954540054247B /* Build configuration list for PBXProject "videoLat" */;
			compatibilityVersion = "Xcode 3.1";
			developmentRegion = English;
			hasScannedForEncodings = 1;
			knownRegions = (
				English,
				Japanese,
				French,
				German,
			);
			mainGroup = 29B97314FDCFA39411CA2CEA /* iSight */;
			projectDirPath = "";
			projectRoot = "";
			targets = (
				8D1107260486CEB800E47090 /* videoLat */,
				044815E1129DC94700207D02 /* videoLat-distribution */,
			);
		};
/* End PBXProject section */

/* Begin PBXResourcesBuildPhase section */
		8D1107290486CEB800E47090 /* Resources */ = {
			isa = PBXResourcesBuildPhase;
			buildActionMask = 2147483647;
			files = (
				8D11072B0486CEB800E47090 /* InfoPlist.strings in Resources */,
				1DDD58160DA1D0A300B32029 /* MainMenu.xib in Resources */,
				04F71800129348620016CFA4 /* icon.icns in Resources */,
				04AF710C129A7EE700BF94CF /* sw_ta2vcecut.py in Resources */,
				04AF7116129A7EFC00BF94CF /* pp_summary in Resources */,
				04E401AC129E711900B3227F /* help in Resources */,
			);
			runOnlyForDeploymentPostprocessing = 0;
		};
/* End PBXResourcesBuildPhase section */

/* Begin PBXShellScriptBuildPhase section */
		044815E7129DC95D00207D02 /* ShellScript */ = {
			isa = PBXShellScriptBuildPhase;
			buildActionMask = 2147483647;
			files = (
			);
			inputPaths = (
			);
			outputPaths = (
			);
			runOnlyForDeploymentPostprocessing = 0;
			shellPath = /bin/sh;
			shellScript = "\nif [ $BUILD_STYLE != \"Release\" ]; then\n\techo \"Only for Release builds\"\n\texit 1\nfi\nrm -rf videoLat-$videoLatVersion videoLat-$videoLatVersion.zip\nmkdir videoLat-$videoLatVersion\nditto build/Release/videoLat.app videoLat-$videoLatVersion/videoLat.app\ncp README.txt COPYING videoLat-$videoLatVersion/\nzip -r videoLat-$videoLatVersion.zip videoLat-$videoLatVersion\n\n";
		};
		0499439B129C033A00F8E2ED /* ShellScript */ = {
			isa = PBXShellScriptBuildPhase;
			buildActionMask = 2147483647;
			files = (
			);
			inputPaths = (
			);
			outputPaths = (
			);
			runOnlyForDeploymentPostprocessing = 0;
			shellPath = /bin/sh;
			shellScript = "set -x\nif [ $BUILD_VARIANTS == normal ]; then\n\tpython internalize_dylibs.py -s /usr/local/lib:thirdParty/zbar-0.10-src/zbar/.libs $TARGET_BUILD_DIR/$FULL_PRODUCT_NAME\n\tif [ \"$?\" != \"0\" ]; then\n\t\texit 1\n\tfi\n\tpython internalize_dylibs.py -c $TARGET_BUILD_DIR/$FULL_PRODUCT_NAME\n\tif [ \"$?\" != \"0\" ]; then\n\t\texit 1\n\tfi\n\nfi";
		};
/* End PBXShellScriptBuildPhase section */

/* Begin PBXSourcesBuildPhase section */
		8D11072C0486CEB800E47090 /* Sources */ = {
			isa = PBXSourcesBuildPhase;
			buildActionMask = 2147483647;
			files = (
				8D11072D0486CEB800E47090 /* main.m in Sources */,
				229BEEFF0FB655D5000BB0ED /* iSight.mm in Sources */,
				040F2774121F3C3D003C3A4E /* genQRcodes.m in Sources */,
				040F2779121F3C51003C3A4E /* findQRcodes.mm in Sources */,
				0430BD5D122306C400E14F88 /* output.m in Sources */,
				04970CC7122712BA0014B897 /* SettingsView.m in Sources */,
				0498384B1227A4F2001D87DA /* Manager.m in Sources */,
				046D1542122D3C2000222461 /* PythonSwitcher.m in Sources */,
				043153A6122EACB000D64AD2 /* OutputView.m in Sources */,
				04AF71E4129AAE4900BF94CF /* appDelegate.m in Sources */,
			);
			runOnlyForDeploymentPostprocessing = 0;
		};
/* End PBXSourcesBuildPhase section */

/* Begin PBXTargetDependency section */
		044815E5129DC95400207D02 /* PBXTargetDependency */ = {
			isa = PBXTargetDependency;
			target = 8D1107260486CEB800E47090 /* videoLat */;
			targetProxy = 044815E4129DC95400207D02 /* PBXContainerItemProxy */;
		};
/* End PBXTargetDependency section */

/* Begin PBXVariantGroup section */
		089C165CFE840E0CC02AAC07 /* InfoPlist.strings */ = {
			isa = PBXVariantGroup;
			children = (
				089C165DFE840E0CC02AAC07 /* English */,
			);
			name = InfoPlist.strings;
			sourceTree = "<group>";
		};
		1DDD58140DA1D0A300B32029 /* MainMenu.xib */ = {
			isa = PBXVariantGroup;
			children = (
				1DDD58150DA1D0A300B32029 /* English */,
				04ED0E5A121F22D0005B205E /* QuartzCore.framework */,
			);
			name = MainMenu.xib;
			sourceTree = "<group>";
		};
/* End PBXVariantGroup section */

/* Begin XCBuildConfiguration section */
		044815E2129DC94700207D02 /* Debug */ = {
			isa = XCBuildConfiguration;
			buildSettings = {
				COPY_PHASE_STRIP = NO;
				GCC_DYNAMIC_NO_PIC = NO;
				GCC_OPTIMIZATION_LEVEL = 0;
				PRODUCT_NAME = "videoLat-distribution";
			};
			name = Debug;
		};
		044815E3129DC94700207D02 /* Release */ = {
			isa = XCBuildConfiguration;
			buildSettings = {
				COPY_PHASE_STRIP = YES;
				DEBUG_INFORMATION_FORMAT = "dwarf-with-dsym";
				GCC_ENABLE_FIX_AND_CONTINUE = NO;
				PRODUCT_NAME = "videoLat-distribution";
				ZERO_LINK = NO;
			};
			name = Release;
		};
		C01FCF4B08A954540054247B /* Debug */ = {
			isa = XCBuildConfiguration;
			buildSettings = {
				ALWAYS_SEARCH_USER_PATHS = NO;
				COPY_PHASE_STRIP = NO;
				GCC_DYNAMIC_NO_PIC = NO;
				GCC_ENABLE_FIX_AND_CONTINUE = YES;
				GCC_MODEL_TUNING = G5;
				GCC_OPTIMIZATION_LEVEL = 0;
				GCC_PRECOMPILE_PREFIX_HEADER = YES;
				GCC_PREFIX_HEADER = videoLat_Prefix.pch;
				INFOPLIST_FILE = Info.plist;
				INSTALL_PATH = "$(HOME)/Applications";
				LIBRARY_SEARCH_PATHS = (
					"$(inherited)",
					"\"$(SRCROOT)/../measurements/zint-2.3.2/build/backend\"",
					"\"$(SRCROOT)/../measurements/zbar-0.10-src/zbar/.libs\"",
					"\"$(SRCROOT)/thirdParty/zint-2.3.2/build/backend\"",
					"\"$(SRCROOT)/thirdParty/zbar-0.10-src/zbar/.libs\"",
				);
				PRODUCT_NAME = videoLat;
			};
			name = Debug;
		};
		C01FCF4C08A954540054247B /* Release */ = {
			isa = XCBuildConfiguration;
			buildSettings = {
				ALWAYS_SEARCH_USER_PATHS = NO;
				DEBUG_INFORMATION_FORMAT = "dwarf-with-dsym";
				GCC_MODEL_TUNING = G5;
				GCC_PRECOMPILE_PREFIX_HEADER = YES;
				GCC_PREFIX_HEADER = videoLat_Prefix.pch;
				INFOPLIST_FILE = Info.plist;
				INSTALL_PATH = "$(HOME)/Applications";
				LIBRARY_SEARCH_PATHS = (
					"$(inherited)",
					"\"$(SRCROOT)/../measurements/zint-2.3.2/build/backend\"",
					"\"$(SRCROOT)/../measurements/zbar-0.10-src/zbar/.libs\"",
					"\"$(SRCROOT)/thirdParty/zint-2.3.2/build/backend\"",
					"\"$(SRCROOT)/thirdParty/zbar-0.10-src/zbar/.libs\"",
				);
				PRODUCT_NAME = videoLat;
			};
			name = Release;
		};
		C01FCF4F08A954540054247B /* Debug */ = {
			isa = XCBuildConfiguration;
			buildSettings = {
				ARCHS = (
					x86_64,
					i386,
				);
				GCC_C_LANGUAGE_STANDARD = c99;
				GCC_OPTIMIZATION_LEVEL = 0;
				GCC_WARN_ABOUT_RETURN_TYPE = YES;
				GCC_WARN_UNUSED_VARIABLE = YES;
				ONLY_ACTIVE_ARCH = NO;
				PREBINDING = NO;
				SDKROOT = "";
				USER_HEADER_SEARCH_PATHS = "thirdParty/zint-2.3.2/backend thirdParty/zbar-0.10-src/include";
				videoLatVersion = 0.52;
			};
			name = Debug;
		};
		C01FCF5008A954540054247B /* Release */ = {
			isa = XCBuildConfiguration;
			buildSettings = {
				ARCHS = (
					x86_64,
					i386,
				);
				GCC_C_LANGUAGE_STANDARD = c99;
				GCC_WARN_ABOUT_RETURN_TYPE = YES;
				GCC_WARN_UNUSED_VARIABLE = YES;
				ONLY_ACTIVE_ARCH = NO;
				PREBINDING = NO;
				SDKROOT = "";
				USER_HEADER_SEARCH_PATHS = "thirdParty/zint-2.3.2/backend thirdParty/zbar-0.10-src/include";
				videoLatVersion = 0.52;
			};
			name = Release;
		};
/* End XCBuildConfiguration section */

/* Begin XCConfigurationList section */
		044815FA129DC96A00207D02 /* Build configuration list for PBXAggregateTarget "videoLat-distribution" */ = {
			isa = XCConfigurationList;
			buildConfigurations = (
				044815E2129DC94700207D02 /* Debug */,
				044815E3129DC94700207D02 /* Release */,
			);
			defaultConfigurationIsVisible = 0;
			defaultConfigurationName = Release;
		};
		C01FCF4A08A954540054247B /* Build configuration list for PBXNativeTarget "videoLat" */ = {
			isa = XCConfigurationList;
			buildConfigurations = (
				C01FCF4B08A954540054247B /* Debug */,
				C01FCF4C08A954540054247B /* Release */,
			);
			defaultConfigurationIsVisible = 0;
			defaultConfigurationName = Release;
		};
		C01FCF4E08A954540054247B /* Build configuration list for PBXProject "videoLat" */ = {
			isa = XCConfigurationList;
			buildConfigurations = (
				C01FCF4F08A954540054247B /* Debug */,
				C01FCF5008A954540054247B /* Release */,
			);
			defaultConfigurationIsVisible = 0;
			defaultConfigurationName = Release;
		};
/* End XCConfigurationList section */
	};
	rootObject = 29B97313FDCFA39411CA2CEA /* Project object */;
}
