// !$*UTF8*$!
{
	archiveVersion = 1;
	classes = {
	};
	objectVersion = 46;
	objects = {

/* Begin PBXBuildFile section */
		040E77181AB6DBBC001A7918 /* compat.m in Sources */ = {isa = PBXBuildFile; fileRef = 040E77171AB6DBBC001A7918 /* compat.m */; };
		04138C6C1AB319B9003D8167 /* MeasurementType.m in Sources */ = {isa = PBXBuildFile; fileRef = 04138C6B1AB319B9003D8167 /* MeasurementType.m */; };
		04138C731AB31A2C003D8167 /* CalibrationSharing.m in Sources */ = {isa = PBXBuildFile; fileRef = 04138C721AB31A2C003D8167 /* CalibrationSharing.m */; };
		04138C791AB31E1B003D8167 /* CommonAppDelegate.m in Sources */ = {isa = PBXBuildFile; fileRef = 04138C781AB31E1B003D8167 /* CommonAppDelegate.m */; };
		04138C7E1AB31E9F003D8167 /* MeasurementDataStore.m in Sources */ = {isa = PBXBuildFile; fileRef = 04138C7B1AB31E9F003D8167 /* MeasurementDataStore.m */; };
		04138C7F1AB31E9F003D8167 /* MeasurementDistribution.m in Sources */ = {isa = PBXBuildFile; fileRef = 04138C7D1AB31E9F003D8167 /* MeasurementDistribution.m */; };
		04138C821AB329CB003D8167 /* DeviceDescription.m in Sources */ = {isa = PBXBuildFile; fileRef = 04138C811AB329CB003D8167 /* DeviceDescription.m */; };
		04138C851AB32A23003D8167 /* MachineDescription.m in Sources */ = {isa = PBXBuildFile; fileRef = 04138C841AB32A23003D8167 /* MachineDescription.m */; };
		04138C881AB32DBB003D8167 /* DownloadCalibrationTableViewController.m in Sources */ = {isa = PBXBuildFile; fileRef = 04138C871AB32DBB003D8167 /* DownloadCalibrationTableViewController.m */; };
		04138C8C1AB330DB003D8167 /* VideoInput.m in Sources */ = {isa = PBXBuildFile; fileRef = 04138C8B1AB330DB003D8167 /* VideoInput.m */; };
		04155E971AB6251900DD53D9 /* NewCalibrationTableViewController.m in Sources */ = {isa = PBXBuildFile; fileRef = 04155E961AB6251900DD53D9 /* NewCalibrationTableViewController.m */; };
		04155E9A1AB6311C00DD53D9 /* sounds in Resources */ = {isa = PBXBuildFile; fileRef = 04155E991AB6311C00DD53D9 /* sounds */; };
		04155E9D1AB6312900DD53D9 /* AudioInput.m in Sources */ = {isa = PBXBuildFile; fileRef = 04155E9C1AB6312900DD53D9 /* AudioInput.m */; };
		04155EA01AB6448900DD53D9 /* AudioOutputView.m in Sources */ = {isa = PBXBuildFile; fileRef = 04155E9F1AB6448900DD53D9 /* AudioOutputView.m */; };
		04155EA31AB6471900DD53D9 /* AudioProcess.m in Sources */ = {isa = PBXBuildFile; fileRef = 04155EA21AB6471900DD53D9 /* AudioProcess.m */; };
		04155EA61AB647C500DD53D9 /* AudioRunManager.m in Sources */ = {isa = PBXBuildFile; fileRef = 04155EA51AB647C500DD53D9 /* AudioRunManager.m */; };
		04155EA91AB6481000DD53D9 /* BaseRunManager.m in Sources */ = {isa = PBXBuildFile; fileRef = 04155EA81AB6481000DD53D9 /* BaseRunManager.m */; };
		04FFFC7A1AB2FA8E0023ED13 /* AppDelegate.m in Sources */ = {isa = PBXBuildFile; fileRef = 04FFFC771AB2FA8E0023ED13 /* AppDelegate.m */; };
		04FFFC801AB2FABE0023ED13 /* LaunchScreen.xib in Resources */ = {isa = PBXBuildFile; fileRef = 04FFFC7C1AB2FABE0023ED13 /* LaunchScreen.xib */; };
		04FFFC811AB2FABE0023ED13 /* Main.storyboard in Resources */ = {isa = PBXBuildFile; fileRef = 04FFFC7E1AB2FABE0023ED13 /* Main.storyboard */; };
		04FFFC831AB2FACB0023ED13 /* Images.xcassets in Resources */ = {isa = PBXBuildFile; fileRef = 04FFFC821AB2FACB0023ED13 /* Images.xcassets */; };
		04FFFC861AB2FAD90023ED13 /* Info.plist in Resources */ = {isa = PBXBuildFile; fileRef = 04FFFC841AB2FAD90023ED13 /* Info.plist */; };
		04FFFC871AB2FAD90023ED13 /* main.m in Sources */ = {isa = PBXBuildFile; fileRef = 04FFFC851AB2FAD90023ED13 /* main.m */; };
/* End PBXBuildFile section */

/* Begin PBXContainerItemProxy section */
		048BFCE41AB2EE2C0026D104 /* PBXContainerItemProxy */ = {
			isa = PBXContainerItemProxy;
			containerPortal = 048BFCC21AB2EE2B0026D104 /* Project object */;
			proxyType = 1;
			remoteGlobalIDString = 048BFCC91AB2EE2B0026D104;
			remoteInfo = "videoLat-iOS";
		};
/* End PBXContainerItemProxy section */

/* Begin PBXFileReference section */
		040E77171AB6DBBC001A7918 /* compat.m */ = {isa = PBXFileReference; fileEncoding = 4; lastKnownFileType = sourcecode.c.objc; name = compat.m; path = src/compat.m; sourceTree = SOURCE_ROOT; };
		040E77191AB6DBE9001A7918 /* compat.h */ = {isa = PBXFileReference; lastKnownFileType = sourcecode.c.h; path = compat.h; sourceTree = SOURCE_ROOT; };
		04138C681AB31980003D8167 /* xibfiles.h */ = {isa = PBXFileReference; lastKnownFileType = sourcecode.c.h; name = xibfiles.h; path = src/xibfiles.h; sourceTree = SOURCE_ROOT; };
		04138C691AB31980003D8167 /* protocols.h */ = {isa = PBXFileReference; lastKnownFileType = sourcecode.c.h; name = protocols.h; path = src/protocols.h; sourceTree = SOURCE_ROOT; };
		04138C6A1AB319B9003D8167 /* MeasurementType.h */ = {isa = PBXFileReference; fileEncoding = 4; lastKnownFileType = sourcecode.c.h; name = MeasurementType.h; path = src/MeasurementType.h; sourceTree = SOURCE_ROOT; };
		04138C6B1AB319B9003D8167 /* MeasurementType.m */ = {isa = PBXFileReference; fileEncoding = 4; lastKnownFileType = sourcecode.c.objc; name = MeasurementType.m; path = src/MeasurementType.m; sourceTree = SOURCE_ROOT; };
		04138C711AB31A2C003D8167 /* CalibrationSharing.h */ = {isa = PBXFileReference; fileEncoding = 4; lastKnownFileType = sourcecode.c.h; name = CalibrationSharing.h; path = src/Sharing/CalibrationSharing.h; sourceTree = SOURCE_ROOT; };
		04138C721AB31A2C003D8167 /* CalibrationSharing.m */ = {isa = PBXFileReference; fileEncoding = 4; lastKnownFileType = sourcecode.c.objc; name = CalibrationSharing.m; path = src/Sharing/CalibrationSharing.m; sourceTree = SOURCE_ROOT; };
		04138C771AB31E1B003D8167 /* CommonAppDelegate.h */ = {isa = PBXFileReference; fileEncoding = 4; lastKnownFileType = sourcecode.c.h; name = CommonAppDelegate.h; path = src/mac/CommonAppDelegate.h; sourceTree = SOURCE_ROOT; };
		04138C781AB31E1B003D8167 /* CommonAppDelegate.m */ = {isa = PBXFileReference; fileEncoding = 4; lastKnownFileType = sourcecode.c.objc; name = CommonAppDelegate.m; path = src/mac/CommonAppDelegate.m; sourceTree = SOURCE_ROOT; };
		04138C7A1AB31E9F003D8167 /* MeasurementDataStore.h */ = {isa = PBXFileReference; fileEncoding = 4; lastKnownFileType = sourcecode.c.h; name = MeasurementDataStore.h; path = src/Document/MeasurementDataStore.h; sourceTree = SOURCE_ROOT; };
		04138C7B1AB31E9F003D8167 /* MeasurementDataStore.m */ = {isa = PBXFileReference; fileEncoding = 4; lastKnownFileType = sourcecode.c.objc; name = MeasurementDataStore.m; path = src/Document/MeasurementDataStore.m; sourceTree = SOURCE_ROOT; };
		04138C7C1AB31E9F003D8167 /* MeasurementDistribution.h */ = {isa = PBXFileReference; fileEncoding = 4; lastKnownFileType = sourcecode.c.h; name = MeasurementDistribution.h; path = src/Document/MeasurementDistribution.h; sourceTree = SOURCE_ROOT; };
		04138C7D1AB31E9F003D8167 /* MeasurementDistribution.m */ = {isa = PBXFileReference; fileEncoding = 4; lastKnownFileType = sourcecode.c.objc; name = MeasurementDistribution.m; path = src/Document/MeasurementDistribution.m; sourceTree = SOURCE_ROOT; };
		04138C801AB329CB003D8167 /* DeviceDescription.h */ = {isa = PBXFileReference; fileEncoding = 4; lastKnownFileType = sourcecode.c.h; name = DeviceDescription.h; path = src/Document/DeviceDescription.h; sourceTree = SOURCE_ROOT; };
		04138C811AB329CB003D8167 /* DeviceDescription.m */ = {isa = PBXFileReference; fileEncoding = 4; lastKnownFileType = sourcecode.c.objc; name = DeviceDescription.m; path = src/Document/DeviceDescription.m; sourceTree = SOURCE_ROOT; };
		04138C831AB32A23003D8167 /* MachineDescription.h */ = {isa = PBXFileReference; fileEncoding = 4; lastKnownFileType = sourcecode.c.h; name = MachineDescription.h; path = src/Document/MachineDescription.h; sourceTree = SOURCE_ROOT; };
		04138C841AB32A23003D8167 /* MachineDescription.m */ = {isa = PBXFileReference; fileEncoding = 4; lastKnownFileType = sourcecode.c.objc; name = MachineDescription.m; path = src/Document/MachineDescription.m; sourceTree = SOURCE_ROOT; };
		04138C861AB32DBB003D8167 /* DownloadCalibrationTableViewController.h */ = {isa = PBXFileReference; fileEncoding = 4; lastKnownFileType = sourcecode.c.h; name = DownloadCalibrationTableViewController.h; path = src/iOS/DownloadCalibrationTableViewController.h; sourceTree = SOURCE_ROOT; };
		04138C871AB32DBB003D8167 /* DownloadCalibrationTableViewController.m */ = {isa = PBXFileReference; fileEncoding = 4; lastKnownFileType = sourcecode.c.objc; name = DownloadCalibrationTableViewController.m; path = src/iOS/DownloadCalibrationTableViewController.m; sourceTree = SOURCE_ROOT; };
		04138C8A1AB330DB003D8167 /* VideoInput.h */ = {isa = PBXFileReference; fileEncoding = 4; lastKnownFileType = sourcecode.c.h; name = VideoInput.h; path = src/VideoRun/VideoInput.h; sourceTree = SOURCE_ROOT; };
		04138C8B1AB330DB003D8167 /* VideoInput.m */ = {isa = PBXFileReference; fileEncoding = 4; lastKnownFileType = sourcecode.c.objc; name = VideoInput.m; path = src/VideoRun/VideoInput.m; sourceTree = SOURCE_ROOT; };
		04155E951AB6251900DD53D9 /* NewCalibrationTableViewController.h */ = {isa = PBXFileReference; fileEncoding = 4; lastKnownFileType = sourcecode.c.h; name = NewCalibrationTableViewController.h; path = src/iOS/NewCalibrationTableViewController.h; sourceTree = SOURCE_ROOT; };
		04155E961AB6251900DD53D9 /* NewCalibrationTableViewController.m */ = {isa = PBXFileReference; fileEncoding = 4; lastKnownFileType = sourcecode.c.objc; name = NewCalibrationTableViewController.m; path = src/iOS/NewCalibrationTableViewController.m; sourceTree = SOURCE_ROOT; };
		04155E991AB6311C00DD53D9 /* sounds */ = {isa = PBXFileReference; lastKnownFileType = folder; path = sounds; sourceTree = SOURCE_ROOT; };
		04155E9B1AB6312900DD53D9 /* AudioInput.h */ = {isa = PBXFileReference; fileEncoding = 4; lastKnownFileType = sourcecode.c.h; name = AudioInput.h; path = src/AudioRun/AudioInput.h; sourceTree = SOURCE_ROOT; };
		04155E9C1AB6312900DD53D9 /* AudioInput.m */ = {isa = PBXFileReference; fileEncoding = 4; lastKnownFileType = sourcecode.c.objc; name = AudioInput.m; path = src/AudioRun/AudioInput.m; sourceTree = SOURCE_ROOT; };
		04155E9E1AB6448900DD53D9 /* AudioOutputView.h */ = {isa = PBXFileReference; fileEncoding = 4; lastKnownFileType = sourcecode.c.h; name = AudioOutputView.h; path = src/AudioRun/AudioOutputView.h; sourceTree = SOURCE_ROOT; };
		04155E9F1AB6448900DD53D9 /* AudioOutputView.m */ = {isa = PBXFileReference; fileEncoding = 4; lastKnownFileType = sourcecode.c.objc; name = AudioOutputView.m; path = src/AudioRun/AudioOutputView.m; sourceTree = SOURCE_ROOT; };
		04155EA11AB6471900DD53D9 /* AudioProcess.h */ = {isa = PBXFileReference; fileEncoding = 4; lastKnownFileType = sourcecode.c.h; name = AudioProcess.h; path = src/AudioRun/AudioProcess.h; sourceTree = SOURCE_ROOT; };
		04155EA21AB6471900DD53D9 /* AudioProcess.m */ = {isa = PBXFileReference; fileEncoding = 4; lastKnownFileType = sourcecode.c.objc; name = AudioProcess.m; path = src/AudioRun/AudioProcess.m; sourceTree = SOURCE_ROOT; };
		04155EA41AB647C500DD53D9 /* AudioRunManager.h */ = {isa = PBXFileReference; fileEncoding = 4; lastKnownFileType = sourcecode.c.h; name = AudioRunManager.h; path = src/AudioRun/AudioRunManager.h; sourceTree = SOURCE_ROOT; };
		04155EA51AB647C500DD53D9 /* AudioRunManager.m */ = {isa = PBXFileReference; fileEncoding = 4; lastKnownFileType = sourcecode.c.objc; name = AudioRunManager.m; path = src/AudioRun/AudioRunManager.m; sourceTree = SOURCE_ROOT; };
		04155EA71AB6481000DD53D9 /* BaseRunManager.h */ = {isa = PBXFileReference; fileEncoding = 4; lastKnownFileType = sourcecode.c.h; name = BaseRunManager.h; path = src/MeasurementRun/BaseRunManager.h; sourceTree = SOURCE_ROOT; };
		04155EA81AB6481000DD53D9 /* BaseRunManager.m */ = {isa = PBXFileReference; fileEncoding = 4; lastKnownFileType = sourcecode.c.objc; name = BaseRunManager.m; path = src/MeasurementRun/BaseRunManager.m; sourceTree = SOURCE_ROOT; };
		048BFCCA1AB2EE2C0026D104 /* videoLat-iOS.app */ = {isa = PBXFileReference; explicitFileType = wrapper.application; includeInIndex = 0; path = "videoLat-iOS.app"; sourceTree = BUILT_PRODUCTS_DIR; };
		048BFCE31AB2EE2C0026D104 /* videoLat-iOSTests.xctest */ = {isa = PBXFileReference; explicitFileType = wrapper.cfbundle; includeInIndex = 0; path = "videoLat-iOSTests.xctest"; sourceTree = BUILT_PRODUCTS_DIR; };
		04FFFC761AB2FA8E0023ED13 /* AppDelegate.h */ = {isa = PBXFileReference; fileEncoding = 4; lastKnownFileType = sourcecode.c.h; name = AppDelegate.h; path = src/iOS/AppDelegate.h; sourceTree = SOURCE_ROOT; };
		04FFFC771AB2FA8E0023ED13 /* AppDelegate.m */ = {isa = PBXFileReference; fileEncoding = 4; lastKnownFileType = sourcecode.c.objc; name = AppDelegate.m; path = src/iOS/AppDelegate.m; sourceTree = SOURCE_ROOT; };
		04FFFC7D1AB2FABE0023ED13 /* Base */ = {isa = PBXFileReference; lastKnownFileType = file.xib; name = Base; path = src/iOS/Base.lproj/LaunchScreen.xib; sourceTree = SOURCE_ROOT; };
		04FFFC7F1AB2FABE0023ED13 /* Base */ = {isa = PBXFileReference; lastKnownFileType = file.storyboard; name = Base; path = src/iOS/Base.lproj/Main.storyboard; sourceTree = SOURCE_ROOT; };
		04FFFC821AB2FACB0023ED13 /* Images.xcassets */ = {isa = PBXFileReference; lastKnownFileType = folder.assetcatalog; name = Images.xcassets; path = src/iOS/Images.xcassets; sourceTree = SOURCE_ROOT; };
		04FFFC841AB2FAD90023ED13 /* Info.plist */ = {isa = PBXFileReference; fileEncoding = 4; lastKnownFileType = text.plist.xml; name = Info.plist; path = src/iOS/Info.plist; sourceTree = SOURCE_ROOT; };
		04FFFC851AB2FAD90023ED13 /* main.m */ = {isa = PBXFileReference; fileEncoding = 4; lastKnownFileType = sourcecode.c.objc; name = main.m; path = src/iOS/main.m; sourceTree = SOURCE_ROOT; };
/* End PBXFileReference section */

/* Begin PBXFrameworksBuildPhase section */
		048BFCC71AB2EE2B0026D104 /* Frameworks */ = {
			isa = PBXFrameworksBuildPhase;
			buildActionMask = 2147483647;
			files = (
			);
			runOnlyForDeploymentPostprocessing = 0;
		};
		048BFCE01AB2EE2C0026D104 /* Frameworks */ = {
			isa = PBXFrameworksBuildPhase;
			buildActionMask = 2147483647;
			files = (
			);
			runOnlyForDeploymentPostprocessing = 0;
		};
/* End PBXFrameworksBuildPhase section */

/* Begin PBXGroup section */
		04138C6D1AB319CB003D8167 /* Document */ = {
			isa = PBXGroup;
			children = (
				04138C801AB329CB003D8167 /* DeviceDescription.h */,
				04138C811AB329CB003D8167 /* DeviceDescription.m */,
				04138C831AB32A23003D8167 /* MachineDescription.h */,
				04138C841AB32A23003D8167 /* MachineDescription.m */,
				04138C7A1AB31E9F003D8167 /* MeasurementDataStore.h */,
				04138C7B1AB31E9F003D8167 /* MeasurementDataStore.m */,
				04138C7C1AB31E9F003D8167 /* MeasurementDistribution.h */,
				04138C7D1AB31E9F003D8167 /* MeasurementDistribution.m */,
			);
			name = Document;
			sourceTree = "<group>";
		};
		04138C6E1AB319E0003D8167 /* Sharing */ = {
			isa = PBXGroup;
			children = (
				04138C711AB31A2C003D8167 /* CalibrationSharing.h */,
				04138C721AB31A2C003D8167 /* CalibrationSharing.m */,
			);
			name = Sharing;
			sourceTree = "<group>";
		};
		04138C6F1AB319F2003D8167 /* NewDocument */ = {
			isa = PBXGroup;
			children = (
				04138C861AB32DBB003D8167 /* DownloadCalibrationTableViewController.h */,
				04138C871AB32DBB003D8167 /* DownloadCalibrationTableViewController.m */,
				04155E951AB6251900DD53D9 /* NewCalibrationTableViewController.h */,
				04155E961AB6251900DD53D9 /* NewCalibrationTableViewController.m */,
			);
			name = NewDocument;
			sourceTree = "<group>";
		};
		04138C701AB31A03003D8167 /* MeasurementRun */ = {
			isa = PBXGroup;
			children = (
				04155EA71AB6481000DD53D9 /* BaseRunManager.h */,
				04155EA81AB6481000DD53D9 /* BaseRunManager.m */,
				04155E981AB6310C00DD53D9 /* AudioRun */,
				04138C891AB330C4003D8167 /* VideoRun */,
			);
			name = MeasurementRun;
			sourceTree = "<group>";
		};
		04138C891AB330C4003D8167 /* VideoRun */ = {
			isa = PBXGroup;
			children = (
				04138C8A1AB330DB003D8167 /* VideoInput.h */,
				04138C8B1AB330DB003D8167 /* VideoInput.m */,
			);
			name = VideoRun;
			sourceTree = "<group>";
		};
		04155E981AB6310C00DD53D9 /* AudioRun */ = {
			isa = PBXGroup;
			children = (
				04155E991AB6311C00DD53D9 /* sounds */,
				04155E9B1AB6312900DD53D9 /* AudioInput.h */,
				04155E9C1AB6312900DD53D9 /* AudioInput.m */,
				04155E9E1AB6448900DD53D9 /* AudioOutputView.h */,
				04155E9F1AB6448900DD53D9 /* AudioOutputView.m */,
				04155EA41AB647C500DD53D9 /* AudioRunManager.h */,
				04155EA51AB647C500DD53D9 /* AudioRunManager.m */,
				04155EA11AB6471900DD53D9 /* AudioProcess.h */,
				04155EA21AB6471900DD53D9 /* AudioProcess.m */,
			);
			name = AudioRun;
			sourceTree = "<group>";
		};
		048BFCC11AB2EE2B0026D104 = {
			isa = PBXGroup;
			children = (
				048BFCCC1AB2EE2C0026D104 /* src */,
				048BFCCB1AB2EE2C0026D104 /* Products */,
			);
			sourceTree = "<group>";
		};
		048BFCCB1AB2EE2C0026D104 /* Products */ = {
			isa = PBXGroup;
			children = (
				048BFCCA1AB2EE2C0026D104 /* videoLat-iOS.app */,
				048BFCE31AB2EE2C0026D104 /* videoLat-iOSTests.xctest */,
			);
			name = Products;
			sourceTree = "<group>";
		};
		048BFCCC1AB2EE2C0026D104 /* src */ = {
			isa = PBXGroup;
			children = (
				04138C681AB31980003D8167 /* xibfiles.h */,
				04138C691AB31980003D8167 /* protocols.h */,
				040E77191AB6DBE9001A7918 /* compat.h */,
				040E77171AB6DBBC001A7918 /* compat.m */,
				04138C771AB31E1B003D8167 /* CommonAppDelegate.h */,
				04138C781AB31E1B003D8167 /* CommonAppDelegate.m */,
				04FFFC761AB2FA8E0023ED13 /* AppDelegate.h */,
				04FFFC771AB2FA8E0023ED13 /* AppDelegate.m */,
				04138C6A1AB319B9003D8167 /* MeasurementType.h */,
				04138C6B1AB319B9003D8167 /* MeasurementType.m */,
				04138C701AB31A03003D8167 /* MeasurementRun */,
				04138C6D1AB319CB003D8167 /* Document */,
				04138C6F1AB319F2003D8167 /* NewDocument */,
				04138C6E1AB319E0003D8167 /* Sharing */,
				048BFCCD1AB2EE2C0026D104 /* Supporting Files */,
			);
			name = src;
			path = "videoLat-iOS";
			sourceTree = "<group>";
		};
		048BFCCD1AB2EE2C0026D104 /* Supporting Files */ = {
			isa = PBXGroup;
			children = (
				04FFFC7C1AB2FABE0023ED13 /* LaunchScreen.xib */,
				04FFFC7E1AB2FABE0023ED13 /* Main.storyboard */,
				04FFFC821AB2FACB0023ED13 /* Images.xcassets */,
				04FFFC841AB2FAD90023ED13 /* Info.plist */,
				04FFFC851AB2FAD90023ED13 /* main.m */,
			);
			name = "Supporting Files";
			sourceTree = "<group>";
		};
/* End PBXGroup section */

/* Begin PBXNativeTarget section */
		048BFCC91AB2EE2B0026D104 /* videoLat-iOS */ = {
			isa = PBXNativeTarget;
			buildConfigurationList = 048BFCED1AB2EE2C0026D104 /* Build configuration list for PBXNativeTarget "videoLat-iOS" */;
			buildPhases = (
				048BFCC61AB2EE2B0026D104 /* Sources */,
				048BFCC71AB2EE2B0026D104 /* Frameworks */,
				048BFCC81AB2EE2B0026D104 /* Resources */,
			);
			buildRules = (
			);
			dependencies = (
			);
			name = "videoLat-iOS";
			productName = "videoLat-iOS";
			productReference = 048BFCCA1AB2EE2C0026D104 /* videoLat-iOS.app */;
			productType = "com.apple.product-type.application";
		};
		048BFCE21AB2EE2C0026D104 /* videoLat-iOSTests */ = {
			isa = PBXNativeTarget;
			buildConfigurationList = 048BFCF01AB2EE2C0026D104 /* Build configuration list for PBXNativeTarget "videoLat-iOSTests" */;
			buildPhases = (
				048BFCDF1AB2EE2C0026D104 /* Sources */,
				048BFCE01AB2EE2C0026D104 /* Frameworks */,
				048BFCE11AB2EE2C0026D104 /* Resources */,
			);
			buildRules = (
			);
			dependencies = (
				048BFCE51AB2EE2C0026D104 /* PBXTargetDependency */,
			);
			name = "videoLat-iOSTests";
			productName = "videoLat-iOSTests";
			productReference = 048BFCE31AB2EE2C0026D104 /* videoLat-iOSTests.xctest */;
			productType = "com.apple.product-type.bundle.unit-test";
		};
/* End PBXNativeTarget section */

/* Begin PBXProject section */
		048BFCC21AB2EE2B0026D104 /* Project object */ = {
			isa = PBXProject;
			attributes = {
				LastUpgradeCheck = 0620;
				ORGANIZATIONNAME = CWI;
				TargetAttributes = {
					048BFCC91AB2EE2B0026D104 = {
						CreatedOnToolsVersion = 6.2;
						DevelopmentTeam = W5J7983J99;
					};
					048BFCE21AB2EE2C0026D104 = {
						CreatedOnToolsVersion = 6.2;
						TestTargetID = 048BFCC91AB2EE2B0026D104;
					};
				};
			};
			buildConfigurationList = 048BFCC51AB2EE2B0026D104 /* Build configuration list for PBXProject "videoLat-iOS" */;
			compatibilityVersion = "Xcode 3.2";
			developmentRegion = English;
			hasScannedForEncodings = 0;
			knownRegions = (
				en,
				Base,
			);
			mainGroup = 048BFCC11AB2EE2B0026D104;
			productRefGroup = 048BFCCB1AB2EE2C0026D104 /* Products */;
			projectDirPath = "";
			projectRoot = "";
			targets = (
				048BFCC91AB2EE2B0026D104 /* videoLat-iOS */,
				048BFCE21AB2EE2C0026D104 /* videoLat-iOSTests */,
			);
		};
/* End PBXProject section */

/* Begin PBXResourcesBuildPhase section */
		048BFCC81AB2EE2B0026D104 /* Resources */ = {
			isa = PBXResourcesBuildPhase;
			buildActionMask = 2147483647;
			files = (
				04155E9A1AB6311C00DD53D9 /* sounds in Resources */,
				04FFFC861AB2FAD90023ED13 /* Info.plist in Resources */,
				04FFFC831AB2FACB0023ED13 /* Images.xcassets in Resources */,
				04FFFC811AB2FABE0023ED13 /* Main.storyboard in Resources */,
				04FFFC801AB2FABE0023ED13 /* LaunchScreen.xib in Resources */,
			);
			runOnlyForDeploymentPostprocessing = 0;
		};
		048BFCE11AB2EE2C0026D104 /* Resources */ = {
			isa = PBXResourcesBuildPhase;
			buildActionMask = 2147483647;
			files = (
			);
			runOnlyForDeploymentPostprocessing = 0;
		};
/* End PBXResourcesBuildPhase section */

/* Begin PBXSourcesBuildPhase section */
		048BFCC61AB2EE2B0026D104 /* Sources */ = {
			isa = PBXSourcesBuildPhase;
			buildActionMask = 2147483647;
			files = (
				04155E9D1AB6312900DD53D9 /* AudioInput.m in Sources */,
				04155EA91AB6481000DD53D9 /* BaseRunManager.m in Sources */,
				04155EA31AB6471900DD53D9 /* AudioProcess.m in Sources */,
				04FFFC7A1AB2FA8E0023ED13 /* AppDelegate.m in Sources */,
				04FFFC871AB2FAD90023ED13 /* main.m in Sources */,
				04138C8C1AB330DB003D8167 /* VideoInput.m in Sources */,
				04138C821AB329CB003D8167 /* DeviceDescription.m in Sources */,
				04138C851AB32A23003D8167 /* MachineDescription.m in Sources */,
				04138C7E1AB31E9F003D8167 /* MeasurementDataStore.m in Sources */,
				040E77181AB6DBBC001A7918 /* compat.m in Sources */,
				04138C6C1AB319B9003D8167 /* MeasurementType.m in Sources */,
				04138C7F1AB31E9F003D8167 /* MeasurementDistribution.m in Sources */,
				04138C731AB31A2C003D8167 /* CalibrationSharing.m in Sources */,
				04138C881AB32DBB003D8167 /* DownloadCalibrationTableViewController.m in Sources */,
				04138C791AB31E1B003D8167 /* CommonAppDelegate.m in Sources */,
				04155EA01AB6448900DD53D9 /* AudioOutputView.m in Sources */,
				04155EA61AB647C500DD53D9 /* AudioRunManager.m in Sources */,
				04155E971AB6251900DD53D9 /* NewCalibrationTableViewController.m in Sources */,
			);
			runOnlyForDeploymentPostprocessing = 0;
		};
		048BFCDF1AB2EE2C0026D104 /* Sources */ = {
			isa = PBXSourcesBuildPhase;
			buildActionMask = 2147483647;
			files = (
			);
			runOnlyForDeploymentPostprocessing = 0;
		};
/* End PBXSourcesBuildPhase section */

/* Begin PBXTargetDependency section */
		048BFCE51AB2EE2C0026D104 /* PBXTargetDependency */ = {
			isa = PBXTargetDependency;
			target = 048BFCC91AB2EE2B0026D104 /* videoLat-iOS */;
			targetProxy = 048BFCE41AB2EE2C0026D104 /* PBXContainerItemProxy */;
		};
/* End PBXTargetDependency section */

/* Begin PBXVariantGroup section */
		04FFFC7C1AB2FABE0023ED13 /* LaunchScreen.xib */ = {
			isa = PBXVariantGroup;
			children = (
				04FFFC7D1AB2FABE0023ED13 /* Base */,
			);
			name = LaunchScreen.xib;
			sourceTree = "<group>";
		};
		04FFFC7E1AB2FABE0023ED13 /* Main.storyboard */ = {
			isa = PBXVariantGroup;
			children = (
				04FFFC7F1AB2FABE0023ED13 /* Base */,
			);
			name = Main.storyboard;
			sourceTree = "<group>";
		};
/* End PBXVariantGroup section */

/* Begin XCBuildConfiguration section */
		048BFCEB1AB2EE2C0026D104 /* Debug */ = {
			isa = XCBuildConfiguration;
			buildSettings = {
				ALWAYS_SEARCH_USER_PATHS = NO;
				CLANG_CXX_LANGUAGE_STANDARD = "gnu++0x";
				CLANG_CXX_LIBRARY = "libc++";
				CLANG_ENABLE_MODULES = YES;
				CLANG_ENABLE_OBJC_ARC = YES;
				CLANG_WARN_BOOL_CONVERSION = YES;
				CLANG_WARN_CONSTANT_CONVERSION = YES;
				CLANG_WARN_DIRECT_OBJC_ISA_USAGE = YES_ERROR;
				CLANG_WARN_EMPTY_BODY = YES;
				CLANG_WARN_ENUM_CONVERSION = YES;
				CLANG_WARN_INT_CONVERSION = YES;
				CLANG_WARN_OBJC_ROOT_CLASS = YES_ERROR;
				CLANG_WARN_UNREACHABLE_CODE = YES;
				CLANG_WARN__DUPLICATE_METHOD_MATCH = YES;
				"CODE_SIGN_IDENTITY[sdk=iphoneos*]" = "iPhone Developer";
				COPY_PHASE_STRIP = NO;
				ENABLE_STRICT_OBJC_MSGSEND = YES;
				GCC_C_LANGUAGE_STANDARD = gnu99;
				GCC_DYNAMIC_NO_PIC = NO;
				GCC_OPTIMIZATION_LEVEL = 0;
				GCC_PREPROCESSOR_DEFINITIONS = (
					"DEBUG=1",
					"$(inherited)",
				);
				GCC_SYMBOLS_PRIVATE_EXTERN = NO;
				GCC_WARN_64_TO_32_BIT_CONVERSION = YES;
				GCC_WARN_ABOUT_RETURN_TYPE = YES_ERROR;
				GCC_WARN_UNDECLARED_SELECTOR = YES;
				GCC_WARN_UNINITIALIZED_AUTOS = YES_AGGRESSIVE;
				GCC_WARN_UNUSED_FUNCTION = YES;
				GCC_WARN_UNUSED_VARIABLE = YES;
				IPHONEOS_DEPLOYMENT_TARGET = 8.1;
				MTL_ENABLE_DEBUG_INFO = YES;
				ONLY_ACTIVE_ARCH = YES;
				SDKROOT = iphoneos;
				TARGETED_DEVICE_FAMILY = "1,2";
			};
			name = Debug;
		};
		048BFCEC1AB2EE2C0026D104 /* Release */ = {
			isa = XCBuildConfiguration;
			buildSettings = {
				ALWAYS_SEARCH_USER_PATHS = NO;
				CLANG_CXX_LANGUAGE_STANDARD = "gnu++0x";
				CLANG_CXX_LIBRARY = "libc++";
				CLANG_ENABLE_MODULES = YES;
				CLANG_ENABLE_OBJC_ARC = YES;
				CLANG_WARN_BOOL_CONVERSION = YES;
				CLANG_WARN_CONSTANT_CONVERSION = YES;
				CLANG_WARN_DIRECT_OBJC_ISA_USAGE = YES_ERROR;
				CLANG_WARN_EMPTY_BODY = YES;
				CLANG_WARN_ENUM_CONVERSION = YES;
				CLANG_WARN_INT_CONVERSION = YES;
				CLANG_WARN_OBJC_ROOT_CLASS = YES_ERROR;
				CLANG_WARN_UNREACHABLE_CODE = YES;
				CLANG_WARN__DUPLICATE_METHOD_MATCH = YES;
				"CODE_SIGN_IDENTITY[sdk=iphoneos*]" = "iPhone Developer";
				COPY_PHASE_STRIP = NO;
				ENABLE_NS_ASSERTIONS = NO;
				ENABLE_STRICT_OBJC_MSGSEND = YES;
				GCC_C_LANGUAGE_STANDARD = gnu99;
				GCC_WARN_64_TO_32_BIT_CONVERSION = YES;
				GCC_WARN_ABOUT_RETURN_TYPE = YES_ERROR;
				GCC_WARN_UNDECLARED_SELECTOR = YES;
				GCC_WARN_UNINITIALIZED_AUTOS = YES_AGGRESSIVE;
				GCC_WARN_UNUSED_FUNCTION = YES;
				GCC_WARN_UNUSED_VARIABLE = YES;
				IPHONEOS_DEPLOYMENT_TARGET = 8.1;
				MTL_ENABLE_DEBUG_INFO = NO;
				SDKROOT = iphoneos;
				TARGETED_DEVICE_FAMILY = "1,2";
				VALIDATE_PRODUCT = YES;
			};
			name = Release;
		};
		048BFCEE1AB2EE2C0026D104 /* Debug */ = {
			isa = XCBuildConfiguration;
			buildSettings = {
				ASSETCATALOG_COMPILER_APPICON_NAME = AppIcon;
				CODE_SIGN_IDENTITY = "iPhone Developer";
				"CODE_SIGN_IDENTITY[sdk=iphoneos*]" = "iPhone Developer";
				INFOPLIST_FILE = src/iOS/Info.plist;
				LD_RUNPATH_SEARCH_PATHS = "$(inherited) @executable_path/Frameworks";
				PRODUCT_NAME = "$(TARGET_NAME)";
				PROVISIONING_PROFILE = "";
			};
			name = Debug;
		};
		048BFCEF1AB2EE2C0026D104 /* Release */ = {
			isa = XCBuildConfiguration;
			buildSettings = {
				ASSETCATALOG_COMPILER_APPICON_NAME = AppIcon;
				CODE_SIGN_IDENTITY = "iPhone Developer";
				"CODE_SIGN_IDENTITY[sdk=iphoneos*]" = "iPhone Developer";
				INFOPLIST_FILE = src/iOS/Info.plist;
				LD_RUNPATH_SEARCH_PATHS = "$(inherited) @executable_path/Frameworks";
				PRODUCT_NAME = "$(TARGET_NAME)";
				PROVISIONING_PROFILE = "";
			};
			name = Release;
		};
		048BFCF11AB2EE2C0026D104 /* Debug */ = {
			isa = XCBuildConfiguration;
			buildSettings = {
				BUNDLE_LOADER = "$(TEST_HOST)";
				FRAMEWORK_SEARCH_PATHS = (
					"$(SDKROOT)/Developer/Library/Frameworks",
					"$(inherited)",
				);
				GCC_PREPROCESSOR_DEFINITIONS = (
					"DEBUG=1",
					"$(inherited)",
				);
				INFOPLIST_FILE = src/iOS/Info.plist;
				LD_RUNPATH_SEARCH_PATHS = "$(inherited) @executable_path/Frameworks @loader_path/Frameworks";
				PRODUCT_NAME = "$(TARGET_NAME)";
				TEST_HOST = "$(BUILT_PRODUCTS_DIR)/videoLat-iOS.app/videoLat-iOS";
			};
			name = Debug;
		};
		048BFCF21AB2EE2C0026D104 /* Release */ = {
			isa = XCBuildConfiguration;
			buildSettings = {
				BUNDLE_LOADER = "$(TEST_HOST)";
				FRAMEWORK_SEARCH_PATHS = (
					"$(SDKROOT)/Developer/Library/Frameworks",
					"$(inherited)",
				);
				INFOPLIST_FILE = src/iOS/Info.plist;
				LD_RUNPATH_SEARCH_PATHS = "$(inherited) @executable_path/Frameworks @loader_path/Frameworks";
				PRODUCT_NAME = "$(TARGET_NAME)";
				TEST_HOST = "$(BUILT_PRODUCTS_DIR)/videoLat-iOS.app/videoLat-iOS";
			};
			name = Release;
		};
/* End XCBuildConfiguration section */

/* Begin XCConfigurationList section */
		048BFCC51AB2EE2B0026D104 /* Build configuration list for PBXProject "videoLat-iOS" */ = {
			isa = XCConfigurationList;
			buildConfigurations = (
				048BFCEB1AB2EE2C0026D104 /* Debug */,
				048BFCEC1AB2EE2C0026D104 /* Release */,
			);
			defaultConfigurationIsVisible = 0;
			defaultConfigurationName = Release;
		};
		048BFCED1AB2EE2C0026D104 /* Build configuration list for PBXNativeTarget "videoLat-iOS" */ = {
			isa = XCConfigurationList;
			buildConfigurations = (
				048BFCEE1AB2EE2C0026D104 /* Debug */,
				048BFCEF1AB2EE2C0026D104 /* Release */,
			);
			defaultConfigurationIsVisible = 0;
			defaultConfigurationName = Release;
		};
		048BFCF01AB2EE2C0026D104 /* Build configuration list for PBXNativeTarget "videoLat-iOSTests" */ = {
			isa = XCConfigurationList;
			buildConfigurations = (
				048BFCF11AB2EE2C0026D104 /* Debug */,
				048BFCF21AB2EE2C0026D104 /* Release */,
			);
			defaultConfigurationIsVisible = 0;
			defaultConfigurationName = Release;
		};
/* End XCConfigurationList section */
	};
	rootObject = 048BFCC21AB2EE2B0026D104 /* Project object */;
}
